
Microsoft Visual Studio Solution File, Format Version 12.00
# Visual Studio Version 17
VisualStudioVersion = 17.0.31903.59
MinimumVisualStudioVersion = 10.0.40219.1
Project("{2150E333-8FDC-42A3-9474-1A3956D46DE8}") = ".nuget", ".nuget", "{5BBA91B2-8F10-4606-92A6-5D626658365B}"
	ProjectSection(SolutionItems) = preProject
		..\..\.nuget\packages.config = ..\..\.nuget\packages.config
	EndProjectSection
EndProject
Project("{2150E333-8FDC-42A3-9474-1A3956D46DE8}") = ".build", ".build", "{736F4309-4D92-4EE2-8C0B-5CA5ECED0FAA}"
	ProjectSection(SolutionItems) = preProject
		..\..\Build.proj = ..\..\Build.proj
		..\..\.build\MSBuild.Community.Tasks.dll = ..\..\.build\MSBuild.Community.Tasks.dll
		..\..\.build\MSBuild.Community.Tasks.targets = ..\..\.build\MSBuild.Community.Tasks.targets
	EndProjectSection
EndProject
Project("{9A19103F-16F7-4668-BE54-9A1E7A4F7556}") = "Template.Database", "Template.Database\Template.Database.csproj", "{13ACA0D3-888E-4B45-A8E1-D048C7A93808}"
EndProject
Project("{778DAE3C-4631-46EA-AA77-85C1314464D9}") = "Template.Model", "Template.Model\Template.Model.vbproj", "{337B3131-BBBC-4C5E-A41A-2296747C2AAB}"
EndProject
Project("{9A19103F-16F7-4668-BE54-9A1E7A4F7556}") = "Template.Run", "Template.Run\Template.Run.csproj", "{213320A3-85D1-4A66-9BFD-EFC379E0AB6C}"
EndProject
Project("{9A19103F-16F7-4668-BE54-9A1E7A4F7556}") = "Template.AppLib", "Template.AppLib\Template.AppLib.csproj", "{EE48CFCD-FEF5-4067-BC43-9784397ADE89}"
EndProject
Global
	GlobalSection(SolutionConfigurationPlatforms) = preSolution
		Debug|Any CPU = Debug|Any CPU
		Release|Any CPU = Release|Any CPU
	EndGlobalSection
	GlobalSection(ProjectConfigurationPlatforms) = postSolution
		{13ACA0D3-888E-4B45-A8E1-D048C7A93808}.Debug|Any CPU.ActiveCfg = Debug|Any CPU
		{13ACA0D3-888E-4B45-A8E1-D048C7A93808}.Debug|Any CPU.Build.0 = Debug|Any CPU
		{13ACA0D3-888E-4B45-A8E1-D048C7A93808}.Release|Any CPU.ActiveCfg = Release|Any CPU
		{13ACA0D3-888E-4B45-A8E1-D048C7A93808}.Release|Any CPU.Build.0 = Release|Any CPU
		{337B3131-BBBC-4C5E-A41A-2296747C2AAB}.Debug|Any CPU.ActiveCfg = Debug|Any CPU
		{337B3131-BBBC-4C5E-A41A-2296747C2AAB}.Debug|Any CPU.Build.0 = Debug|Any CPU
		{337B3131-BBBC-4C5E-A41A-2296747C2AAB}.Release|Any CPU.ActiveCfg = Release|Any CPU
		{337B3131-BBBC-4C5E-A41A-2296747C2AAB}.Release|Any CPU.Build.0 = Release|Any CPU
		{213320A3-85D1-4A66-9BFD-EFC379E0AB6C}.Debug|Any CPU.ActiveCfg = Debug|Any CPU
		{213320A3-85D1-4A66-9BFD-EFC379E0AB6C}.Debug|Any CPU.Build.0 = Debug|Any CPU
		{213320A3-85D1-4A66-9BFD-EFC379E0AB6C}.Release|Any CPU.ActiveCfg = Release|Any CPU
		{213320A3-85D1-4A66-9BFD-EFC379E0AB6C}.Release|Any CPU.Build.0 = Release|Any CPU
		{EE48CFCD-FEF5-4067-BC43-9784397ADE89}.Debug|Any CPU.ActiveCfg = Debug|Any CPU
		{EE48CFCD-FEF5-4067-BC43-9784397ADE89}.Debug|Any CPU.Build.0 = Debug|Any CPU
		{EE48CFCD-FEF5-4067-BC43-9784397ADE89}.Release|Any CPU.ActiveCfg = Release|Any CPU
		{EE48CFCD-FEF5-4067-BC43-9784397ADE89}.Release|Any CPU.Build.0 = Release|Any CPU
	EndGlobalSection
	GlobalSection(SolutionProperties) = preSolution
		HideSolutionNode = FALSE
	EndGlobalSection
	GlobalSection(ExtensibilityGlobals) = postSolution
		SolutionGuid = {6179DB09-D66C-4542-BEED-916B8B45F629}
	EndGlobalSection
EndGlobal
