
Microsoft Visual Studio Solution File, Format Version 12.00
# Visual Studio Version 17
VisualStudioVersion = 17.0.31903.59
MinimumVisualStudioVersion = 10.0.40219.1
Project("{FAE04EC0-301F-11D3-BF4B-00C04F79EFBC}") = "EFCoreBugDemoNet6", "EFCoreBugDemoNet6.csproj", "{72FD2507-25E0-4BE7-817E-F36FC177130D}"
EndProject
Global
	GlobalSection(SolutionConfigurationPlatforms) = preSolution
		Debug|Any CPU = Debug|Any CPU
		Release|Any CPU = Release|Any CPU
	EndGlobalSection
	GlobalSection(ProjectConfigurationPlatforms) = postSolution
		{72FD2507-25E0-4BE7-817E-F36FC177130D}.Debug|Any CPU.ActiveCfg = Debug|Any CPU
		{72FD2507-25E0-4BE7-817E-F36FC177130D}.Debug|Any CPU.Build.0 = Debug|Any CPU
		{72FD2507-25E0-4BE7-817E-F36FC177130D}.Release|Any CPU.ActiveCfg = Release|Any CPU
		{72FD2507-25E0-4BE7-817E-F36FC177130D}.Release|Any CPU.Build.0 = Release|Any CPU
	EndGlobalSection
	GlobalSection(SolutionProperties) = preSolution
		HideSolutionNode = FALSE
	EndGlobalSection
	GlobalSection(ExtensibilityGlobals) = postSolution
		SolutionGuid = {35F83CD4-D074-4A86-93B8-0CA21382E65A}
	EndGlobalSection
EndGlobal
