
Microsoft Visual Studio Solution File, Format Version 12.00
# Visual Studio Version 17
VisualStudioVersion = 17.0.31903.59
MinimumVisualStudioVersion = 10.0.40219.1
Project("{9A19103F-16F7-4668-BE54-9A1E7A4F7556}") = "AdventureWorksModel", "AdventureWorksModel\AdventureWorksModel.csproj", "{C6B56E8E-5887-4850-B845-BB890413BF0C}"
EndProject
Global
	GlobalSection(SolutionConfigurationPlatforms) = preSolution
		Debug|Any CPU = Debug|Any CPU
		Release|Any CPU = Release|Any CPU
	EndGlobalSection
	GlobalSection(ProjectConfigurationPlatforms) = postSolution
		{C6B56E8E-5887-4850-B845-BB890413BF0C}.Debug|Any CPU.ActiveCfg = Debug|Any CPU
		{C6B56E8E-5887-4850-B845-BB890413BF0C}.Debug|Any CPU.Build.0 = Debug|Any CPU
		{C6B56E8E-5887-4850-B845-BB890413BF0C}.Release|Any CPU.ActiveCfg = Release|Any CPU
		{C6B56E8E-5887-4850-B845-BB890413BF0C}.Release|Any CPU.Build.0 = Release|Any CPU
	EndGlobalSection
	GlobalSection(SolutionProperties) = preSolution
		HideSolutionNode = FALSE
	EndGlobalSection
	GlobalSection(ExtensibilityGlobals) = postSolution
		SolutionGuid = {1CC0FBB9-33D7-40B3-BD83-68CCDA488795}
	EndGlobalSection
EndGlobal
