
Microsoft Visual Studio Solution File, Format Version 12.00
# Visual Studio Version 17
VisualStudioVersion = 17.0.31903.59
MinimumVisualStudioVersion = 10.0.40219.1
Project("{9A19103F-16F7-4668-BE54-9A1E7A4F7556}") = "NakedLegacy.Selenium.Test", "NakedLegacy.Selenium.Test\NakedLegacy.Selenium.Test.csproj", "{EE8A225A-851A-4EA8-A526-E2D2AD0FC2D7}"
EndProject
Project("{9A19103F-16F7-4668-BE54-9A1E7A4F7556}") = "NakedFrameworkClient.TestFramework", "NakedFrameworkClient.SeleniumTest.Framework\NakedFrameworkClient.TestFramework.csproj", "{DEDD9E34-BAB6-4C7B-B72A-8E99F58EF593}"
EndProject
Project("{9A19103F-16F7-4668-BE54-9A1E7A4F7556}") = "NakedFramework.Selenium.Helpers", "NakedFramework.Selenium.Helpers\NakedFramework.Selenium.Helpers.csproj", "{8E54B66A-D080-4894-B846-465B744580E7}"
EndProject
Global
	GlobalSection(SolutionConfigurationPlatforms) = preSolution
		Debug|Any CPU = Debug|Any CPU
		Release|Any CPU = Release|Any CPU
	EndGlobalSection
	GlobalSection(ProjectConfigurationPlatforms) = postSolution
		{EE8A225A-851A-4EA8-A526-E2D2AD0FC2D7}.Debug|Any CPU.ActiveCfg = Debug|Any CPU
		{EE8A225A-851A-4EA8-A526-E2D2AD0FC2D7}.Debug|Any CPU.Build.0 = Debug|Any CPU
		{EE8A225A-851A-4EA8-A526-E2D2AD0FC2D7}.Release|Any CPU.ActiveCfg = Release|Any CPU
		{EE8A225A-851A-4EA8-A526-E2D2AD0FC2D7}.Release|Any CPU.Build.0 = Release|Any CPU
		{DEDD9E34-BAB6-4C7B-B72A-8E99F58EF593}.Debug|Any CPU.ActiveCfg = Debug|Any CPU
		{DEDD9E34-BAB6-4C7B-B72A-8E99F58EF593}.Debug|Any CPU.Build.0 = Debug|Any CPU
		{DEDD9E34-BAB6-4C7B-B72A-8E99F58EF593}.Release|Any CPU.ActiveCfg = Release|Any CPU
		{DEDD9E34-BAB6-4C7B-B72A-8E99F58EF593}.Release|Any CPU.Build.0 = Release|Any CPU
		{8E54B66A-D080-4894-B846-465B744580E7}.Debug|Any CPU.ActiveCfg = Debug|Any CPU
		{8E54B66A-D080-4894-B846-465B744580E7}.Debug|Any CPU.Build.0 = Debug|Any CPU
		{8E54B66A-D080-4894-B846-465B744580E7}.Release|Any CPU.ActiveCfg = Release|Any CPU
		{8E54B66A-D080-4894-B846-465B744580E7}.Release|Any CPU.Build.0 = Release|Any CPU
	EndGlobalSection
	GlobalSection(SolutionProperties) = preSolution
		HideSolutionNode = FALSE
	EndGlobalSection
	GlobalSection(ExtensibilityGlobals) = postSolution
		SolutionGuid = {64D03147-FC43-452D-94BD-DF508CED6570}
	EndGlobalSection
EndGlobal
