
Microsoft Visual Studio Solution File, Format Version 12.00
# Visual Studio Version 17
VisualStudioVersion = 17.0.31903.59
MinimumVisualStudioVersion = 10.0.40219.1
Project("{9A19103F-16F7-4668-BE54-9A1E7A4F7556}") = "NakedLegacy.Rest.App.Demo", "NakedLegacy.Rest.App.Demo\NakedLegacy.Rest.App.Demo.csproj", "{B99AD043-D0D7-45CB-B40A-78C6F14B08A0}"
EndProject
Project("{778DAE3C-4631-46EA-AA77-85C1314464D9}") = "AdventureWorksLegacyModelVB", "AdventureWorksLegacyModelVB\AdventureWorksLegacyModelVB.vbproj", "{2C88F483-F735-4305-8ED5-EAEB60D3AF4A}"
EndProject
Project("{9A19103F-16F7-4668-BE54-9A1E7A4F7556}") = "AdventureWorksDatabase", "AdventureWorksDatabase\AdventureWorksDatabase.csproj", "{1BA66D42-0D14-432D-86AD-7154C44F7752}"
EndProject
Global
	GlobalSection(SolutionConfigurationPlatforms) = preSolution
		Debug|Any CPU = Debug|Any CPU
		Release|Any CPU = Release|Any CPU
	EndGlobalSection
	GlobalSection(ProjectConfigurationPlatforms) = postSolution
		{B99AD043-D0D7-45CB-B40A-78C6F14B08A0}.Debug|Any CPU.ActiveCfg = Debug|Any CPU
		{B99AD043-D0D7-45CB-B40A-78C6F14B08A0}.Debug|Any CPU.Build.0 = Debug|Any CPU
		{B99AD043-D0D7-45CB-B40A-78C6F14B08A0}.Release|Any CPU.ActiveCfg = Release|Any CPU
		{B99AD043-D0D7-45CB-B40A-78C6F14B08A0}.Release|Any CPU.Build.0 = Release|Any CPU
		{2C88F483-F735-4305-8ED5-EAEB60D3AF4A}.Debug|Any CPU.ActiveCfg = Debug|Any CPU
		{2C88F483-F735-4305-8ED5-EAEB60D3AF4A}.Debug|Any CPU.Build.0 = Debug|Any CPU
		{2C88F483-F735-4305-8ED5-EAEB60D3AF4A}.Release|Any CPU.ActiveCfg = Release|Any CPU
		{2C88F483-F735-4305-8ED5-EAEB60D3AF4A}.Release|Any CPU.Build.0 = Release|Any CPU
		{1BA66D42-0D14-432D-86AD-7154C44F7752}.Debug|Any CPU.ActiveCfg = Debug|Any CPU
		{1BA66D42-0D14-432D-86AD-7154C44F7752}.Debug|Any CPU.Build.0 = Debug|Any CPU
		{1BA66D42-0D14-432D-86AD-7154C44F7752}.Release|Any CPU.ActiveCfg = Release|Any CPU
		{1BA66D42-0D14-432D-86AD-7154C44F7752}.Release|Any CPU.Build.0 = Release|Any CPU
	EndGlobalSection
	GlobalSection(SolutionProperties) = preSolution
		HideSolutionNode = FALSE
	EndGlobalSection
	GlobalSection(ExtensibilityGlobals) = postSolution
		SolutionGuid = {16358CAA-C651-449E-8B2F-60E40C49BB0D}
	EndGlobalSection
EndGlobal
