
Microsoft Visual Studio Solution File, Format Version 12.00
# Visual Studio Version 16
VisualStudioVersion = 16.0.30011.22
MinimumVisualStudioVersion = 10.0.40219.1
Project("{9A19103F-16F7-4668-BE54-9A1E7A4F7556}") = "NakedObjects.Client.Package", "NakedObjects.Client.Package.csproj", "{9BED4110-0250-48F7-A3A4-F78B79EDF66D}"
EndProject
Global
	GlobalSection(SolutionConfigurationPlatforms) = preSolution
		Debug|Any CPU = Debug|Any CPU
		Release|Any CPU = Release|Any CPU
	EndGlobalSection
	GlobalSection(ProjectConfigurationPlatforms) = postSolution
		{9BED4110-0250-48F7-A3A4-F78B79EDF66D}.Debug|Any CPU.ActiveCfg = Debug|Any CPU
		{9BED4110-0250-48F7-A3A4-F78B79EDF66D}.Debug|Any CPU.Build.0 = Debug|Any CPU
		{9BED4110-0250-48F7-A3A4-F78B79EDF66D}.Release|Any CPU.ActiveCfg = Release|Any CPU
		{9BED4110-0250-48F7-A3A4-F78B79EDF66D}.Release|Any CPU.Build.0 = Release|Any CPU
	EndGlobalSection
	GlobalSection(SolutionProperties) = preSolution
		HideSolutionNode = FALSE
	EndGlobalSection
	GlobalSection(ExtensibilityGlobals) = postSolution
		SolutionGuid = {CEBA4B3F-84FF-4C99-81FA-1C430F83DC59}
	EndGlobalSection
EndGlobal
