
Microsoft Visual Studio Solution File, Format Version 12.00
# Visual Studio 15
VisualStudioVersion = 15.0.28307.421
MinimumVisualStudioVersion = 10.0.40219.1
Project("{FAE04EC0-301F-11D3-BF4B-00C04F79EFBC}") = "NakedObjects.Helpers", "Programming Model\NakedObjects.Helpers\NakedObjects.Helpers.csproj", "{8B62CB10-ECD9-4814-9211-D252E5B5D48B}"
EndProject
Project("{FAE04EC0-301F-11D3-BF4B-00C04F79EFBC}") = "NakedObjects.Attributes", "Programming Model\NakedObjects.Attributes\NakedObjects.Attributes.csproj", "{8879084C-BD4A-4AD0-9418-A2C1DFB617D1}"
EndProject
Project("{FAE04EC0-301F-11D3-BF4B-00C04F79EFBC}") = "NakedObjects.PMResources", "Programming Model\NakedObjects.PMResources\NakedObjects.PMResources.csproj", "{69D471E4-1471-4DFA-B199-EB3EA5757A1B}"
EndProject
Project("{FAE04EC0-301F-11D3-BF4B-00C04F79EFBC}") = "NakedObjects.Types", "Programming Model\NakedObjects.Types\NakedObjects.Types.csproj", "{F67B7823-5A02-41E0-B0AF-08AC438AA882}"
EndProject
Project("{2150E333-8FDC-42A3-9474-1A3956D46DE8}") = ".nuget", ".nuget", "{FAF45D98-C6D6-48FF-A4F2-05BBE3A555E4}"
EndProject
Project("{2150E333-8FDC-42A3-9474-1A3956D46DE8}") = ".build", ".build", "{39EBF706-CB34-4F21-B00A-A7851955E391}"
	ProjectSection(SolutionItems) = preProject
		Build.proj = Build.proj
		.build\MSBuild.Community.Tasks.dll = .build\MSBuild.Community.Tasks.dll
		.build\MSBuild.Community.Tasks.targets = .build\MSBuild.Community.Tasks.targets
	EndProjectSection
EndProject
Project("{FAE04EC0-301F-11D3-BF4B-00C04F79EFBC}") = "NakedObjects.Architecture", "Core\NakedObjects.Architecture\NakedObjects.Architecture.csproj", "{BF6D9655-B873-4980-ACE7-A122EA45F045}"
EndProject
Project("{FAE04EC0-301F-11D3-BF4B-00C04F79EFBC}") = "NakedObjects.Core", "Core\NakedObjects.Core\NakedObjects.Core.csproj", "{3F1E438C-020C-4751-A65A-63C2990D8278}"
EndProject
Project("{FAE04EC0-301F-11D3-BF4B-00C04F79EFBC}") = "NakedObjects.Core.Test", "Core\NakedObjects.Core.Test\NakedObjects.Core.Test.csproj", "{34CD2E76-7C5C-4DF2-AAAC-2AD167480649}"
EndProject
Project("{FAE04EC0-301F-11D3-BF4B-00C04F79EFBC}") = "NakedObjects.FWResources", "Core\NakedObjects.FWResources\NakedObjects.FWResources.csproj", "{7494A00E-6A3F-4BDE-84FF-20AA538ED575}"
EndProject
Project("{FAE04EC0-301F-11D3-BF4B-00C04F79EFBC}") = "NakedObjects.Metamodel", "Core\NakedObjects.Metamodel\NakedObjects.Metamodel.csproj", "{51310042-B65B-4480-A8C0-11E6B39C7587}"
EndProject
Project("{FAE04EC0-301F-11D3-BF4B-00C04F79EFBC}") = "NakedObjects.Metamodel.Test", "Core\NakedObjects.Metamodel.Test\NakedObjects.Metamodel.Test.csproj", "{36C4978D-F8E0-48B2-8267-AF8D45978EB1}"
EndProject
Project("{FAE04EC0-301F-11D3-BF4B-00C04F79EFBC}") = "NakedObjects.ParallelReflector", "Core\NakedObjects.ParallelReflector\NakedObjects.ParallelReflector.csproj", "{E2A9CCD2-BDCA-4957-A0AC-51E736F4C33B}"
EndProject
Project("{FAE04EC0-301F-11D3-BF4B-00C04F79EFBC}") = "NakedObjects.Persistor.Entity", "Core\NakedObjects.Persistor.Entity\NakedObjects.Persistor.Entity.csproj", "{3E188CC2-9F88-47F1-A197-22518958AE25}"
EndProject
Project("{F2A71F9B-5D33-465A-A702-920D77279786}") = "NakedObjects.Persistor.Entity.Test", "Core\NakedObjects.Persistor.Entity.Test\NakedObjects.Persistor.Entity.Test.fsproj", "{F0C4DD78-2CD8-4EB9-A3B1-158E8315D4EE}"
EndProject
Project("{FAE04EC0-301F-11D3-BF4B-00C04F79EFBC}") = "NakedObjects.Persistor.Entity.Test.AdventureWorksCodeOnly", "Core\NakedObjects.Persistor.Entity.Test.AdventureWorksCodeOnly\NakedObjects.Persistor.Entity.Test.AdventureWorksCodeOnly.csproj", "{7231F237-B4D1-426E-B308-0DAB49B4D3E8}"
EndProject
Project("{FAE04EC0-301F-11D3-BF4B-00C04F79EFBC}") = "NakedObjects.Persistor.Entity.Test.CodeOnly", "Core\NakedObjects.Persistor.Entity.Test.CodeOnly\NakedObjects.Persistor.Entity.Test.CodeOnly.csproj", "{55CC4D02-0EE3-481E-8938-6743C2E29FCD}"
EndProject
Project("{FAE04EC0-301F-11D3-BF4B-00C04F79EFBC}") = "NakedObjects.Persistor.Entity.Test.SimpleDatabase", "Core\NakedObjects.Persistor.Entity.Test.SimpleDatabase\NakedObjects.Persistor.Entity.Test.SimpleDatabase.csproj", "{4E38BDD7-D725-4B31-8809-B03E2F121004}"
EndProject
Project("{FAE04EC0-301F-11D3-BF4B-00C04F79EFBC}") = "NakedObjects.Persistor.Test", "Core\NakedObjects.Persistor.Test\NakedObjects.Persistor.Test.csproj", "{55B3B255-EF04-411D-9B07-C1E4F6FB5441}"
EndProject
Project("{FAE04EC0-301F-11D3-BF4B-00C04F79EFBC}") = "NakedObjects.Persistor.Test.Data", "Core\NakedObjects.Persistor.Test.Data\NakedObjects.Persistor.Test.Data.csproj", "{25F3DE0C-94DA-4B32-95E5-BA4BB90DD79B}"
EndProject
Project("{FAE04EC0-301F-11D3-BF4B-00C04F79EFBC}") = "NakedObjects.Reflector", "Core\NakedObjects.Reflector\NakedObjects.Reflector.csproj", "{91153C56-313C-426E-8B0D-43FA39BD567A}"
EndProject
Project("{FAE04EC0-301F-11D3-BF4B-00C04F79EFBC}") = "NakedObjects.Reflector.Test", "Core\NakedObjects.Reflector.Test\NakedObjects.Reflector.Test.csproj", "{DD0F2C26-D425-48FF-A22B-3B4E8EFA63C1}"
EndProject
Project("{FAE04EC0-301F-11D3-BF4B-00C04F79EFBC}") = "NakedObjects.Snapshot.Xml", "Core\NakedObjects.Snapshot.Xml\NakedObjects.Snapshot.Xml.csproj", "{3EACB1F7-B711-4ADC-86FA-DB80724603F3}"
EndProject
Project("{F2A71F9B-5D33-465A-A702-920D77279786}") = "NakedObjects.Snapshot.Xml.Test", "Core\NakedObjects.Snapshot.Xml.Test\NakedObjects.Snapshot.Xml.Test.fsproj", "{419C45E8-5823-40C9-9BAF-FD0C1A0F5ED9}"
EndProject
Project("{FAE04EC0-301F-11D3-BF4B-00C04F79EFBC}") = "NakedObjects.Snapshot.Xml.Test.Data", "Core\NakedObjects.Snapshot.Xml.Test.Data\NakedObjects.Snapshot.Xml.Test.Data.csproj", "{80269255-D420-463D-92DA-6CD1137C4633}"
EndProject
Project("{FAE04EC0-301F-11D3-BF4B-00C04F79EFBC}") = "NakedObjects.Unity", "Core\NakedObjects.Unity\NakedObjects.Unity.csproj", "{81F04EDB-4913-4EC8-B4D5-F9CC118FF216}"
EndProject
Project("{FAE04EC0-301F-11D3-BF4B-00C04F79EFBC}") = "NakedObjects.Xat", "Core\NakedObjects.Xat\NakedObjects.Xat.csproj", "{C818DFD4-6020-419A-8274-F59803956180}"
EndProject
Project("{FAE04EC0-301F-11D3-BF4B-00C04F79EFBC}") = "AdventureWorksModel", "Samples\AdventureWorksModel\AdventureWorksModel.csproj", "{FDDBA108-8B58-40C6-A375-FFB92B1933DD}"
EndProject
Project("{FAE04EC0-301F-11D3-BF4B-00C04F79EFBC}") = "NakedObjects.Rest.App.DemoOwin", "Demo\NakedObjects.Rest.App.DemoOwin\NakedObjects.Rest.App.DemoOwin.csproj", "{97B6951E-33AD-4F8A-A4D7-2E73963E03C4}"
EndProject
Project("{FAE04EC0-301F-11D3-BF4B-00C04F79EFBC}") = "NakedObjects.ParallelReflector.Test", "Core\NakedObjects.ParallelReflector.Test\NakedObjects.ParallelReflector.Test.csproj", "{906B053D-72D1-45EC-A402-D3D152831A8B}"
EndProject
Project("{FAE04EC0-301F-11D3-BF4B-00C04F79EFBC}") = "NakedObjects.Facade", "Facade\NakedObjects.Facade\NakedObjects.Facade.csproj", "{EC9AF8ED-FC49-4E1B-8E45-3450641AE561}"
EndProject
Project("{FAE04EC0-301F-11D3-BF4B-00C04F79EFBC}") = "NakedObjects.Facade.Impl", "Facade\NakedObjects.Facade.Impl\NakedObjects.Facade.Impl.csproj", "{9AEB1EA4-E7A0-42E5-B5C8-0629E61ECF0D}"
EndProject
Project("{FAE04EC0-301F-11D3-BF4B-00C04F79EFBC}") = "NakedObjects.Facade.Nof2", "Facade\NakedObjects.Facade.Nof2\NakedObjects.Facade.Nof2.csproj", "{3081BF82-8C5F-4FC6-8AE6-E8D675285F7E}"
EndProject
Project("{FAE04EC0-301F-11D3-BF4B-00C04F79EFBC}") = "NakedObjects.Rest", "Rest\NakedObjects.Rest\NakedObjects.Rest.csproj", "{DFD82203-DA17-43A4-96E8-5F2C558CF9A4}"
EndProject
Project("{FAE04EC0-301F-11D3-BF4B-00C04F79EFBC}") = "NakedObjects.Rest.App", "Rest\NakedObjects.Rest.App\NakedObjects.Rest.App.csproj", "{8AAC6FAB-EAB9-4255-8BD6-07386DFE543C}"
EndProject
Project("{FAE04EC0-301F-11D3-BF4B-00C04F79EFBC}") = "RestfulObjects.Mvc.App.Nof2", "Rest\NakedObjects.Rest.App.Nof2\RestfulObjects.Mvc.App.Nof2.csproj", "{907B43DA-A34B-4B87-80CB-10E2F5871C51}"
EndProject
Project("{FAE04EC0-301F-11D3-BF4B-00C04F79EFBC}") = "NakedObjects.Rest.Snapshot", "Rest\NakedObjects.Rest.Snapshot\NakedObjects.Rest.Snapshot.csproj", "{6F3B3F67-FD4B-4DDF-BA3A-3FC9FCC4953A}"
EndProject
Project("{FAE04EC0-301F-11D3-BF4B-00C04F79EFBC}") = "NakedObjects.Rest.Test.Data", "Rest\NakedObjects.Rest.Test.Data\NakedObjects.Rest.Test.Data.csproj", "{D1857EE7-DE8A-41AA-9509-CF40697A0589}"
EndProject
Project("{F2A71F9B-5D33-465A-A702-920D77279786}") = "NakedObjects.Rest.Test.Nof4", "Rest\NakedObjects.Rest.Test.Nof4\NakedObjects.Rest.Test.Nof4.fsproj", "{06FDCA93-7842-4C66-9084-5DE8E1257E6F}"
EndProject
Project("{FAE04EC0-301F-11D3-BF4B-00C04F79EFBC}") = "NakedObjects.Rest.Test.Performance", "Rest\NakedObjects.Rest.Test.Performance\NakedObjects.Rest.Test.Performance.csproj", "{1CE2C077-F20A-446F-A198-4E2890A9A40F}"
EndProject
Project("{F2A71F9B-5D33-465A-A702-920D77279786}") = "RestfulObjects.Test.Nof2", "Rest\NakedObjects.Rest.Test.Nof2\RestfulObjects.Test.Nof2.fsproj", "{F4EEF73F-F2EE-44E5-95BD-4A02F8DB7724}"
EndProject
Global
	GlobalSection(SolutionConfigurationPlatforms) = preSolution
		Debug|Any CPU = Debug|Any CPU
		Debug|x86 = Debug|x86
		Release|Any CPU = Release|Any CPU
		Release|x86 = Release|x86
	EndGlobalSection
	GlobalSection(ProjectConfigurationPlatforms) = postSolution
		{8B62CB10-ECD9-4814-9211-D252E5B5D48B}.Debug|Any CPU.ActiveCfg = Debug|Any CPU
		{8B62CB10-ECD9-4814-9211-D252E5B5D48B}.Debug|Any CPU.Build.0 = Debug|Any CPU
		{8B62CB10-ECD9-4814-9211-D252E5B5D48B}.Debug|x86.ActiveCfg = Debug|Any CPU
		{8B62CB10-ECD9-4814-9211-D252E5B5D48B}.Release|Any CPU.ActiveCfg = Release|Any CPU
		{8B62CB10-ECD9-4814-9211-D252E5B5D48B}.Release|Any CPU.Build.0 = Release|Any CPU
		{8B62CB10-ECD9-4814-9211-D252E5B5D48B}.Release|x86.ActiveCfg = Release|Any CPU
		{8879084C-BD4A-4AD0-9418-A2C1DFB617D1}.Debug|Any CPU.ActiveCfg = Debug|Any CPU
		{8879084C-BD4A-4AD0-9418-A2C1DFB617D1}.Debug|Any CPU.Build.0 = Debug|Any CPU
		{8879084C-BD4A-4AD0-9418-A2C1DFB617D1}.Debug|x86.ActiveCfg = Debug|Any CPU
		{8879084C-BD4A-4AD0-9418-A2C1DFB617D1}.Release|Any CPU.ActiveCfg = Release|Any CPU
		{8879084C-BD4A-4AD0-9418-A2C1DFB617D1}.Release|Any CPU.Build.0 = Release|Any CPU
		{8879084C-BD4A-4AD0-9418-A2C1DFB617D1}.Release|x86.ActiveCfg = Release|Any CPU
		{69D471E4-1471-4DFA-B199-EB3EA5757A1B}.Debug|Any CPU.ActiveCfg = Debug|Any CPU
		{69D471E4-1471-4DFA-B199-EB3EA5757A1B}.Debug|Any CPU.Build.0 = Debug|Any CPU
		{69D471E4-1471-4DFA-B199-EB3EA5757A1B}.Debug|x86.ActiveCfg = Debug|Any CPU
		{69D471E4-1471-4DFA-B199-EB3EA5757A1B}.Release|Any CPU.ActiveCfg = Release|Any CPU
		{69D471E4-1471-4DFA-B199-EB3EA5757A1B}.Release|Any CPU.Build.0 = Release|Any CPU
		{69D471E4-1471-4DFA-B199-EB3EA5757A1B}.Release|x86.ActiveCfg = Release|Any CPU
		{F67B7823-5A02-41E0-B0AF-08AC438AA882}.Debug|Any CPU.ActiveCfg = Debug|Any CPU
		{F67B7823-5A02-41E0-B0AF-08AC438AA882}.Debug|Any CPU.Build.0 = Debug|Any CPU
		{F67B7823-5A02-41E0-B0AF-08AC438AA882}.Debug|x86.ActiveCfg = Debug|Any CPU
		{F67B7823-5A02-41E0-B0AF-08AC438AA882}.Release|Any CPU.ActiveCfg = Release|Any CPU
		{F67B7823-5A02-41E0-B0AF-08AC438AA882}.Release|Any CPU.Build.0 = Release|Any CPU
		{F67B7823-5A02-41E0-B0AF-08AC438AA882}.Release|x86.ActiveCfg = Release|Any CPU
		{BF6D9655-B873-4980-ACE7-A122EA45F045}.Debug|Any CPU.ActiveCfg = Debug|Any CPU
		{BF6D9655-B873-4980-ACE7-A122EA45F045}.Debug|Any CPU.Build.0 = Debug|Any CPU
		{BF6D9655-B873-4980-ACE7-A122EA45F045}.Debug|x86.ActiveCfg = Debug|Any CPU
		{BF6D9655-B873-4980-ACE7-A122EA45F045}.Debug|x86.Build.0 = Debug|Any CPU
		{BF6D9655-B873-4980-ACE7-A122EA45F045}.Release|Any CPU.ActiveCfg = Release|Any CPU
		{BF6D9655-B873-4980-ACE7-A122EA45F045}.Release|Any CPU.Build.0 = Release|Any CPU
		{BF6D9655-B873-4980-ACE7-A122EA45F045}.Release|x86.ActiveCfg = Release|Any CPU
		{BF6D9655-B873-4980-ACE7-A122EA45F045}.Release|x86.Build.0 = Release|Any CPU
		{3F1E438C-020C-4751-A65A-63C2990D8278}.Debug|Any CPU.ActiveCfg = Debug|Any CPU
		{3F1E438C-020C-4751-A65A-63C2990D8278}.Debug|Any CPU.Build.0 = Debug|Any CPU
		{3F1E438C-020C-4751-A65A-63C2990D8278}.Debug|x86.ActiveCfg = Debug|Any CPU
		{3F1E438C-020C-4751-A65A-63C2990D8278}.Debug|x86.Build.0 = Debug|Any CPU
		{3F1E438C-020C-4751-A65A-63C2990D8278}.Release|Any CPU.ActiveCfg = Release|Any CPU
		{3F1E438C-020C-4751-A65A-63C2990D8278}.Release|Any CPU.Build.0 = Release|Any CPU
		{3F1E438C-020C-4751-A65A-63C2990D8278}.Release|x86.ActiveCfg = Release|Any CPU
		{3F1E438C-020C-4751-A65A-63C2990D8278}.Release|x86.Build.0 = Release|Any CPU
		{34CD2E76-7C5C-4DF2-AAAC-2AD167480649}.Debug|Any CPU.ActiveCfg = Debug|Any CPU
		{34CD2E76-7C5C-4DF2-AAAC-2AD167480649}.Debug|Any CPU.Build.0 = Debug|Any CPU
		{34CD2E76-7C5C-4DF2-AAAC-2AD167480649}.Debug|x86.ActiveCfg = Debug|Any CPU
		{34CD2E76-7C5C-4DF2-AAAC-2AD167480649}.Debug|x86.Build.0 = Debug|Any CPU
		{34CD2E76-7C5C-4DF2-AAAC-2AD167480649}.Release|Any CPU.ActiveCfg = Release|Any CPU
		{34CD2E76-7C5C-4DF2-AAAC-2AD167480649}.Release|Any CPU.Build.0 = Release|Any CPU
		{34CD2E76-7C5C-4DF2-AAAC-2AD167480649}.Release|x86.ActiveCfg = Release|Any CPU
		{34CD2E76-7C5C-4DF2-AAAC-2AD167480649}.Release|x86.Build.0 = Release|Any CPU
		{7494A00E-6A3F-4BDE-84FF-20AA538ED575}.Debug|Any CPU.ActiveCfg = Debug|Any CPU
		{7494A00E-6A3F-4BDE-84FF-20AA538ED575}.Debug|Any CPU.Build.0 = Debug|Any CPU
		{7494A00E-6A3F-4BDE-84FF-20AA538ED575}.Debug|x86.ActiveCfg = Debug|Any CPU
		{7494A00E-6A3F-4BDE-84FF-20AA538ED575}.Debug|x86.Build.0 = Debug|Any CPU
		{7494A00E-6A3F-4BDE-84FF-20AA538ED575}.Release|Any CPU.ActiveCfg = Release|Any CPU
		{7494A00E-6A3F-4BDE-84FF-20AA538ED575}.Release|Any CPU.Build.0 = Release|Any CPU
		{7494A00E-6A3F-4BDE-84FF-20AA538ED575}.Release|x86.ActiveCfg = Release|Any CPU
		{7494A00E-6A3F-4BDE-84FF-20AA538ED575}.Release|x86.Build.0 = Release|Any CPU
		{51310042-B65B-4480-A8C0-11E6B39C7587}.Debug|Any CPU.ActiveCfg = Debug|Any CPU
		{51310042-B65B-4480-A8C0-11E6B39C7587}.Debug|Any CPU.Build.0 = Debug|Any CPU
		{51310042-B65B-4480-A8C0-11E6B39C7587}.Debug|x86.ActiveCfg = Debug|Any CPU
		{51310042-B65B-4480-A8C0-11E6B39C7587}.Debug|x86.Build.0 = Debug|Any CPU
		{51310042-B65B-4480-A8C0-11E6B39C7587}.Release|Any CPU.ActiveCfg = Release|Any CPU
		{51310042-B65B-4480-A8C0-11E6B39C7587}.Release|Any CPU.Build.0 = Release|Any CPU
		{51310042-B65B-4480-A8C0-11E6B39C7587}.Release|x86.ActiveCfg = Release|Any CPU
		{51310042-B65B-4480-A8C0-11E6B39C7587}.Release|x86.Build.0 = Release|Any CPU
		{36C4978D-F8E0-48B2-8267-AF8D45978EB1}.Debug|Any CPU.ActiveCfg = Debug|Any CPU
		{36C4978D-F8E0-48B2-8267-AF8D45978EB1}.Debug|Any CPU.Build.0 = Debug|Any CPU
		{36C4978D-F8E0-48B2-8267-AF8D45978EB1}.Debug|x86.ActiveCfg = Debug|Any CPU
		{36C4978D-F8E0-48B2-8267-AF8D45978EB1}.Debug|x86.Build.0 = Debug|Any CPU
		{36C4978D-F8E0-48B2-8267-AF8D45978EB1}.Release|Any CPU.ActiveCfg = Release|Any CPU
		{36C4978D-F8E0-48B2-8267-AF8D45978EB1}.Release|Any CPU.Build.0 = Release|Any CPU
		{36C4978D-F8E0-48B2-8267-AF8D45978EB1}.Release|x86.ActiveCfg = Release|Any CPU
		{36C4978D-F8E0-48B2-8267-AF8D45978EB1}.Release|x86.Build.0 = Release|Any CPU
		{E2A9CCD2-BDCA-4957-A0AC-51E736F4C33B}.Debug|Any CPU.ActiveCfg = Debug|Any CPU
		{E2A9CCD2-BDCA-4957-A0AC-51E736F4C33B}.Debug|Any CPU.Build.0 = Debug|Any CPU
		{E2A9CCD2-BDCA-4957-A0AC-51E736F4C33B}.Debug|x86.ActiveCfg = Debug|Any CPU
		{E2A9CCD2-BDCA-4957-A0AC-51E736F4C33B}.Debug|x86.Build.0 = Debug|Any CPU
		{E2A9CCD2-BDCA-4957-A0AC-51E736F4C33B}.Release|Any CPU.ActiveCfg = Release|Any CPU
		{E2A9CCD2-BDCA-4957-A0AC-51E736F4C33B}.Release|Any CPU.Build.0 = Release|Any CPU
		{E2A9CCD2-BDCA-4957-A0AC-51E736F4C33B}.Release|x86.ActiveCfg = Release|Any CPU
		{E2A9CCD2-BDCA-4957-A0AC-51E736F4C33B}.Release|x86.Build.0 = Release|Any CPU
		{3E188CC2-9F88-47F1-A197-22518958AE25}.Debug|Any CPU.ActiveCfg = Debug|Any CPU
		{3E188CC2-9F88-47F1-A197-22518958AE25}.Debug|Any CPU.Build.0 = Debug|Any CPU
		{3E188CC2-9F88-47F1-A197-22518958AE25}.Debug|x86.ActiveCfg = Debug|Any CPU
		{3E188CC2-9F88-47F1-A197-22518958AE25}.Debug|x86.Build.0 = Debug|Any CPU
		{3E188CC2-9F88-47F1-A197-22518958AE25}.Release|Any CPU.ActiveCfg = Release|Any CPU
		{3E188CC2-9F88-47F1-A197-22518958AE25}.Release|Any CPU.Build.0 = Release|Any CPU
		{3E188CC2-9F88-47F1-A197-22518958AE25}.Release|x86.ActiveCfg = Release|Any CPU
		{3E188CC2-9F88-47F1-A197-22518958AE25}.Release|x86.Build.0 = Release|Any CPU
		{F0C4DD78-2CD8-4EB9-A3B1-158E8315D4EE}.Debug|Any CPU.ActiveCfg = Debug|Any CPU
		{F0C4DD78-2CD8-4EB9-A3B1-158E8315D4EE}.Debug|Any CPU.Build.0 = Debug|Any CPU
		{F0C4DD78-2CD8-4EB9-A3B1-158E8315D4EE}.Debug|x86.ActiveCfg = Debug|Any CPU
		{F0C4DD78-2CD8-4EB9-A3B1-158E8315D4EE}.Debug|x86.Build.0 = Debug|Any CPU
		{F0C4DD78-2CD8-4EB9-A3B1-158E8315D4EE}.Release|Any CPU.ActiveCfg = Release|Any CPU
		{F0C4DD78-2CD8-4EB9-A3B1-158E8315D4EE}.Release|Any CPU.Build.0 = Release|Any CPU
		{F0C4DD78-2CD8-4EB9-A3B1-158E8315D4EE}.Release|x86.ActiveCfg = Release|Any CPU
		{F0C4DD78-2CD8-4EB9-A3B1-158E8315D4EE}.Release|x86.Build.0 = Release|Any CPU
		{7231F237-B4D1-426E-B308-0DAB49B4D3E8}.Debug|Any CPU.ActiveCfg = Debug|Any CPU
		{7231F237-B4D1-426E-B308-0DAB49B4D3E8}.Debug|Any CPU.Build.0 = Debug|Any CPU
		{7231F237-B4D1-426E-B308-0DAB49B4D3E8}.Debug|x86.ActiveCfg = Debug|Any CPU
		{7231F237-B4D1-426E-B308-0DAB49B4D3E8}.Debug|x86.Build.0 = Debug|Any CPU
		{7231F237-B4D1-426E-B308-0DAB49B4D3E8}.Release|Any CPU.ActiveCfg = Release|Any CPU
		{7231F237-B4D1-426E-B308-0DAB49B4D3E8}.Release|Any CPU.Build.0 = Release|Any CPU
		{7231F237-B4D1-426E-B308-0DAB49B4D3E8}.Release|x86.ActiveCfg = Release|Any CPU
		{7231F237-B4D1-426E-B308-0DAB49B4D3E8}.Release|x86.Build.0 = Release|Any CPU
		{55CC4D02-0EE3-481E-8938-6743C2E29FCD}.Debug|Any CPU.ActiveCfg = Debug|Any CPU
		{55CC4D02-0EE3-481E-8938-6743C2E29FCD}.Debug|Any CPU.Build.0 = Debug|Any CPU
		{55CC4D02-0EE3-481E-8938-6743C2E29FCD}.Debug|x86.ActiveCfg = Debug|x86
		{55CC4D02-0EE3-481E-8938-6743C2E29FCD}.Debug|x86.Build.0 = Debug|x86
		{55CC4D02-0EE3-481E-8938-6743C2E29FCD}.Release|Any CPU.ActiveCfg = Release|Any CPU
		{55CC4D02-0EE3-481E-8938-6743C2E29FCD}.Release|Any CPU.Build.0 = Release|Any CPU
		{55CC4D02-0EE3-481E-8938-6743C2E29FCD}.Release|x86.ActiveCfg = Release|x86
		{55CC4D02-0EE3-481E-8938-6743C2E29FCD}.Release|x86.Build.0 = Release|x86
		{4E38BDD7-D725-4B31-8809-B03E2F121004}.Debug|Any CPU.ActiveCfg = Debug|Any CPU
		{4E38BDD7-D725-4B31-8809-B03E2F121004}.Debug|Any CPU.Build.0 = Debug|Any CPU
		{4E38BDD7-D725-4B31-8809-B03E2F121004}.Debug|x86.ActiveCfg = Debug|x86
		{4E38BDD7-D725-4B31-8809-B03E2F121004}.Debug|x86.Build.0 = Debug|x86
		{4E38BDD7-D725-4B31-8809-B03E2F121004}.Release|Any CPU.ActiveCfg = Release|Any CPU
		{4E38BDD7-D725-4B31-8809-B03E2F121004}.Release|Any CPU.Build.0 = Release|Any CPU
		{4E38BDD7-D725-4B31-8809-B03E2F121004}.Release|x86.ActiveCfg = Release|x86
		{4E38BDD7-D725-4B31-8809-B03E2F121004}.Release|x86.Build.0 = Release|x86
		{55B3B255-EF04-411D-9B07-C1E4F6FB5441}.Debug|Any CPU.ActiveCfg = Debug|Any CPU
		{55B3B255-EF04-411D-9B07-C1E4F6FB5441}.Debug|Any CPU.Build.0 = Debug|Any CPU
		{55B3B255-EF04-411D-9B07-C1E4F6FB5441}.Debug|x86.ActiveCfg = Debug|Any CPU
		{55B3B255-EF04-411D-9B07-C1E4F6FB5441}.Debug|x86.Build.0 = Debug|Any CPU
		{55B3B255-EF04-411D-9B07-C1E4F6FB5441}.Release|Any CPU.ActiveCfg = Release|Any CPU
		{55B3B255-EF04-411D-9B07-C1E4F6FB5441}.Release|Any CPU.Build.0 = Release|Any CPU
		{55B3B255-EF04-411D-9B07-C1E4F6FB5441}.Release|x86.ActiveCfg = Release|Any CPU
		{55B3B255-EF04-411D-9B07-C1E4F6FB5441}.Release|x86.Build.0 = Release|Any CPU
		{25F3DE0C-94DA-4B32-95E5-BA4BB90DD79B}.Debug|Any CPU.ActiveCfg = Debug|Any CPU
		{25F3DE0C-94DA-4B32-95E5-BA4BB90DD79B}.Debug|Any CPU.Build.0 = Debug|Any CPU
		{25F3DE0C-94DA-4B32-95E5-BA4BB90DD79B}.Debug|x86.ActiveCfg = Debug|Any CPU
		{25F3DE0C-94DA-4B32-95E5-BA4BB90DD79B}.Debug|x86.Build.0 = Debug|Any CPU
		{25F3DE0C-94DA-4B32-95E5-BA4BB90DD79B}.Release|Any CPU.ActiveCfg = Release|Any CPU
		{25F3DE0C-94DA-4B32-95E5-BA4BB90DD79B}.Release|Any CPU.Build.0 = Release|Any CPU
		{25F3DE0C-94DA-4B32-95E5-BA4BB90DD79B}.Release|x86.ActiveCfg = Release|Any CPU
		{25F3DE0C-94DA-4B32-95E5-BA4BB90DD79B}.Release|x86.Build.0 = Release|Any CPU
		{91153C56-313C-426E-8B0D-43FA39BD567A}.Debug|Any CPU.ActiveCfg = Debug|Any CPU
		{91153C56-313C-426E-8B0D-43FA39BD567A}.Debug|Any CPU.Build.0 = Debug|Any CPU
		{91153C56-313C-426E-8B0D-43FA39BD567A}.Debug|x86.ActiveCfg = Debug|Any CPU
		{91153C56-313C-426E-8B0D-43FA39BD567A}.Debug|x86.Build.0 = Debug|Any CPU
		{91153C56-313C-426E-8B0D-43FA39BD567A}.Release|Any CPU.ActiveCfg = Release|Any CPU
		{91153C56-313C-426E-8B0D-43FA39BD567A}.Release|Any CPU.Build.0 = Release|Any CPU
		{91153C56-313C-426E-8B0D-43FA39BD567A}.Release|x86.ActiveCfg = Release|Any CPU
		{91153C56-313C-426E-8B0D-43FA39BD567A}.Release|x86.Build.0 = Release|Any CPU
		{DD0F2C26-D425-48FF-A22B-3B4E8EFA63C1}.Debug|Any CPU.ActiveCfg = Debug|Any CPU
		{DD0F2C26-D425-48FF-A22B-3B4E8EFA63C1}.Debug|Any CPU.Build.0 = Debug|Any CPU
		{DD0F2C26-D425-48FF-A22B-3B4E8EFA63C1}.Debug|x86.ActiveCfg = Debug|Any CPU
		{DD0F2C26-D425-48FF-A22B-3B4E8EFA63C1}.Debug|x86.Build.0 = Debug|Any CPU
		{DD0F2C26-D425-48FF-A22B-3B4E8EFA63C1}.Release|Any CPU.ActiveCfg = Release|Any CPU
		{DD0F2C26-D425-48FF-A22B-3B4E8EFA63C1}.Release|Any CPU.Build.0 = Release|Any CPU
		{DD0F2C26-D425-48FF-A22B-3B4E8EFA63C1}.Release|x86.ActiveCfg = Release|Any CPU
		{DD0F2C26-D425-48FF-A22B-3B4E8EFA63C1}.Release|x86.Build.0 = Release|Any CPU
		{3EACB1F7-B711-4ADC-86FA-DB80724603F3}.Debug|Any CPU.ActiveCfg = Debug|Any CPU
		{3EACB1F7-B711-4ADC-86FA-DB80724603F3}.Debug|Any CPU.Build.0 = Debug|Any CPU
		{3EACB1F7-B711-4ADC-86FA-DB80724603F3}.Debug|x86.ActiveCfg = Debug|x86
		{3EACB1F7-B711-4ADC-86FA-DB80724603F3}.Debug|x86.Build.0 = Debug|x86
		{3EACB1F7-B711-4ADC-86FA-DB80724603F3}.Release|Any CPU.ActiveCfg = Release|Any CPU
		{3EACB1F7-B711-4ADC-86FA-DB80724603F3}.Release|Any CPU.Build.0 = Release|Any CPU
		{3EACB1F7-B711-4ADC-86FA-DB80724603F3}.Release|x86.ActiveCfg = Release|x86
		{3EACB1F7-B711-4ADC-86FA-DB80724603F3}.Release|x86.Build.0 = Release|x86
		{419C45E8-5823-40C9-9BAF-FD0C1A0F5ED9}.Debug|Any CPU.ActiveCfg = Debug|Any CPU
		{419C45E8-5823-40C9-9BAF-FD0C1A0F5ED9}.Debug|Any CPU.Build.0 = Debug|Any CPU
		{419C45E8-5823-40C9-9BAF-FD0C1A0F5ED9}.Debug|x86.ActiveCfg = Debug|x86
		{419C45E8-5823-40C9-9BAF-FD0C1A0F5ED9}.Debug|x86.Build.0 = Debug|x86
		{419C45E8-5823-40C9-9BAF-FD0C1A0F5ED9}.Release|Any CPU.ActiveCfg = Release|Any CPU
		{419C45E8-5823-40C9-9BAF-FD0C1A0F5ED9}.Release|Any CPU.Build.0 = Release|Any CPU
		{419C45E8-5823-40C9-9BAF-FD0C1A0F5ED9}.Release|x86.ActiveCfg = Release|x86
		{419C45E8-5823-40C9-9BAF-FD0C1A0F5ED9}.Release|x86.Build.0 = Release|x86
		{80269255-D420-463D-92DA-6CD1137C4633}.Debug|Any CPU.ActiveCfg = Debug|Any CPU
		{80269255-D420-463D-92DA-6CD1137C4633}.Debug|Any CPU.Build.0 = Debug|Any CPU
		{80269255-D420-463D-92DA-6CD1137C4633}.Debug|x86.ActiveCfg = Debug|x86
		{80269255-D420-463D-92DA-6CD1137C4633}.Debug|x86.Build.0 = Debug|x86
		{80269255-D420-463D-92DA-6CD1137C4633}.Release|Any CPU.ActiveCfg = Release|Any CPU
		{80269255-D420-463D-92DA-6CD1137C4633}.Release|Any CPU.Build.0 = Release|Any CPU
		{80269255-D420-463D-92DA-6CD1137C4633}.Release|x86.ActiveCfg = Release|x86
		{80269255-D420-463D-92DA-6CD1137C4633}.Release|x86.Build.0 = Release|x86
		{81F04EDB-4913-4EC8-B4D5-F9CC118FF216}.Debug|Any CPU.ActiveCfg = Debug|Any CPU
		{81F04EDB-4913-4EC8-B4D5-F9CC118FF216}.Debug|Any CPU.Build.0 = Debug|Any CPU
		{81F04EDB-4913-4EC8-B4D5-F9CC118FF216}.Debug|x86.ActiveCfg = Debug|Any CPU
		{81F04EDB-4913-4EC8-B4D5-F9CC118FF216}.Debug|x86.Build.0 = Debug|Any CPU
		{81F04EDB-4913-4EC8-B4D5-F9CC118FF216}.Release|Any CPU.ActiveCfg = Release|Any CPU
		{81F04EDB-4913-4EC8-B4D5-F9CC118FF216}.Release|Any CPU.Build.0 = Release|Any CPU
		{81F04EDB-4913-4EC8-B4D5-F9CC118FF216}.Release|x86.ActiveCfg = Release|Any CPU
		{81F04EDB-4913-4EC8-B4D5-F9CC118FF216}.Release|x86.Build.0 = Release|Any CPU
		{C818DFD4-6020-419A-8274-F59803956180}.Debug|Any CPU.ActiveCfg = Debug|Any CPU
		{C818DFD4-6020-419A-8274-F59803956180}.Debug|Any CPU.Build.0 = Debug|Any CPU
		{C818DFD4-6020-419A-8274-F59803956180}.Debug|x86.ActiveCfg = Debug|Any CPU
		{C818DFD4-6020-419A-8274-F59803956180}.Debug|x86.Build.0 = Debug|Any CPU
		{C818DFD4-6020-419A-8274-F59803956180}.Release|Any CPU.ActiveCfg = Release|Any CPU
		{C818DFD4-6020-419A-8274-F59803956180}.Release|Any CPU.Build.0 = Release|Any CPU
		{C818DFD4-6020-419A-8274-F59803956180}.Release|x86.ActiveCfg = Release|Any CPU
		{C818DFD4-6020-419A-8274-F59803956180}.Release|x86.Build.0 = Release|Any CPU
		{FDDBA108-8B58-40C6-A375-FFB92B1933DD}.Debug|Any CPU.ActiveCfg = Debug|Any CPU
		{FDDBA108-8B58-40C6-A375-FFB92B1933DD}.Debug|Any CPU.Build.0 = Debug|Any CPU
		{FDDBA108-8B58-40C6-A375-FFB92B1933DD}.Debug|x86.ActiveCfg = Debug|Any CPU
		{FDDBA108-8B58-40C6-A375-FFB92B1933DD}.Debug|x86.Build.0 = Debug|Any CPU
		{FDDBA108-8B58-40C6-A375-FFB92B1933DD}.Release|Any CPU.ActiveCfg = Release|Any CPU
		{FDDBA108-8B58-40C6-A375-FFB92B1933DD}.Release|Any CPU.Build.0 = Release|Any CPU
		{FDDBA108-8B58-40C6-A375-FFB92B1933DD}.Release|x86.ActiveCfg = Release|Any CPU
		{FDDBA108-8B58-40C6-A375-FFB92B1933DD}.Release|x86.Build.0 = Release|Any CPU
		{97B6951E-33AD-4F8A-A4D7-2E73963E03C4}.Debug|Any CPU.ActiveCfg = Debug|Any CPU
		{97B6951E-33AD-4F8A-A4D7-2E73963E03C4}.Debug|Any CPU.Build.0 = Debug|Any CPU
		{97B6951E-33AD-4F8A-A4D7-2E73963E03C4}.Debug|x86.ActiveCfg = Debug|Any CPU
		{97B6951E-33AD-4F8A-A4D7-2E73963E03C4}.Debug|x86.Build.0 = Debug|Any CPU
		{97B6951E-33AD-4F8A-A4D7-2E73963E03C4}.Release|Any CPU.ActiveCfg = Release|Any CPU
		{97B6951E-33AD-4F8A-A4D7-2E73963E03C4}.Release|Any CPU.Build.0 = Release|Any CPU
		{97B6951E-33AD-4F8A-A4D7-2E73963E03C4}.Release|x86.ActiveCfg = Release|Any CPU
		{97B6951E-33AD-4F8A-A4D7-2E73963E03C4}.Release|x86.Build.0 = Release|Any CPU
		{906B053D-72D1-45EC-A402-D3D152831A8B}.Debug|Any CPU.ActiveCfg = Debug|Any CPU
		{906B053D-72D1-45EC-A402-D3D152831A8B}.Debug|Any CPU.Build.0 = Debug|Any CPU
		{906B053D-72D1-45EC-A402-D3D152831A8B}.Debug|x86.ActiveCfg = Debug|Any CPU
		{906B053D-72D1-45EC-A402-D3D152831A8B}.Debug|x86.Build.0 = Debug|Any CPU
		{906B053D-72D1-45EC-A402-D3D152831A8B}.Release|Any CPU.ActiveCfg = Release|Any CPU
		{906B053D-72D1-45EC-A402-D3D152831A8B}.Release|Any CPU.Build.0 = Release|Any CPU
		{906B053D-72D1-45EC-A402-D3D152831A8B}.Release|x86.ActiveCfg = Release|Any CPU
		{906B053D-72D1-45EC-A402-D3D152831A8B}.Release|x86.Build.0 = Release|Any CPU
		{EC9AF8ED-FC49-4E1B-8E45-3450641AE561}.Debug|Any CPU.ActiveCfg = Debug|Any CPU
		{EC9AF8ED-FC49-4E1B-8E45-3450641AE561}.Debug|Any CPU.Build.0 = Debug|Any CPU
		{EC9AF8ED-FC49-4E1B-8E45-3450641AE561}.Debug|x86.ActiveCfg = Debug|x86
		{EC9AF8ED-FC49-4E1B-8E45-3450641AE561}.Debug|x86.Build.0 = Debug|x86
		{EC9AF8ED-FC49-4E1B-8E45-3450641AE561}.Release|Any CPU.ActiveCfg = Release|Any CPU
		{EC9AF8ED-FC49-4E1B-8E45-3450641AE561}.Release|Any CPU.Build.0 = Release|Any CPU
		{EC9AF8ED-FC49-4E1B-8E45-3450641AE561}.Release|x86.ActiveCfg = Release|x86
		{EC9AF8ED-FC49-4E1B-8E45-3450641AE561}.Release|x86.Build.0 = Release|x86
		{9AEB1EA4-E7A0-42E5-B5C8-0629E61ECF0D}.Debug|Any CPU.ActiveCfg = Debug|Any CPU
		{9AEB1EA4-E7A0-42E5-B5C8-0629E61ECF0D}.Debug|Any CPU.Build.0 = Debug|Any CPU
		{9AEB1EA4-E7A0-42E5-B5C8-0629E61ECF0D}.Debug|x86.ActiveCfg = Debug|x86
		{9AEB1EA4-E7A0-42E5-B5C8-0629E61ECF0D}.Debug|x86.Build.0 = Debug|x86
		{9AEB1EA4-E7A0-42E5-B5C8-0629E61ECF0D}.Release|Any CPU.ActiveCfg = Release|Any CPU
		{9AEB1EA4-E7A0-42E5-B5C8-0629E61ECF0D}.Release|Any CPU.Build.0 = Release|Any CPU
		{9AEB1EA4-E7A0-42E5-B5C8-0629E61ECF0D}.Release|x86.ActiveCfg = Release|x86
		{9AEB1EA4-E7A0-42E5-B5C8-0629E61ECF0D}.Release|x86.Build.0 = Release|x86
		{3081BF82-8C5F-4FC6-8AE6-E8D675285F7E}.Debug|Any CPU.ActiveCfg = Debug|Any CPU
		{3081BF82-8C5F-4FC6-8AE6-E8D675285F7E}.Debug|Any CPU.Build.0 = Debug|Any CPU
		{3081BF82-8C5F-4FC6-8AE6-E8D675285F7E}.Debug|x86.ActiveCfg = Debug|x86
		{3081BF82-8C5F-4FC6-8AE6-E8D675285F7E}.Debug|x86.Build.0 = Debug|x86
		{3081BF82-8C5F-4FC6-8AE6-E8D675285F7E}.Release|Any CPU.ActiveCfg = Release|Any CPU
		{3081BF82-8C5F-4FC6-8AE6-E8D675285F7E}.Release|Any CPU.Build.0 = Release|Any CPU
		{3081BF82-8C5F-4FC6-8AE6-E8D675285F7E}.Release|x86.ActiveCfg = Release|x86
		{3081BF82-8C5F-4FC6-8AE6-E8D675285F7E}.Release|x86.Build.0 = Release|x86
		{DFD82203-DA17-43A4-96E8-5F2C558CF9A4}.Debug|Any CPU.ActiveCfg = Debug|Any CPU
		{DFD82203-DA17-43A4-96E8-5F2C558CF9A4}.Debug|Any CPU.Build.0 = Debug|Any CPU
		{DFD82203-DA17-43A4-96E8-5F2C558CF9A4}.Debug|x86.ActiveCfg = Debug|x86
		{DFD82203-DA17-43A4-96E8-5F2C558CF9A4}.Debug|x86.Build.0 = Debug|x86
		{DFD82203-DA17-43A4-96E8-5F2C558CF9A4}.Release|Any CPU.ActiveCfg = Release|Any CPU
		{DFD82203-DA17-43A4-96E8-5F2C558CF9A4}.Release|Any CPU.Build.0 = Release|Any CPU
		{DFD82203-DA17-43A4-96E8-5F2C558CF9A4}.Release|x86.ActiveCfg = Release|x86
		{DFD82203-DA17-43A4-96E8-5F2C558CF9A4}.Release|x86.Build.0 = Release|x86
		{8AAC6FAB-EAB9-4255-8BD6-07386DFE543C}.Debug|Any CPU.ActiveCfg = Debug|Any CPU
		{8AAC6FAB-EAB9-4255-8BD6-07386DFE543C}.Debug|Any CPU.Build.0 = Debug|Any CPU
		{8AAC6FAB-EAB9-4255-8BD6-07386DFE543C}.Debug|x86.ActiveCfg = Debug|Any CPU
		{8AAC6FAB-EAB9-4255-8BD6-07386DFE543C}.Debug|x86.Build.0 = Debug|Any CPU
		{8AAC6FAB-EAB9-4255-8BD6-07386DFE543C}.Release|Any CPU.ActiveCfg = Release|Any CPU
		{8AAC6FAB-EAB9-4255-8BD6-07386DFE543C}.Release|Any CPU.Build.0 = Release|Any CPU
		{8AAC6FAB-EAB9-4255-8BD6-07386DFE543C}.Release|x86.ActiveCfg = Release|Any CPU
		{8AAC6FAB-EAB9-4255-8BD6-07386DFE543C}.Release|x86.Build.0 = Release|Any CPU
		{907B43DA-A34B-4B87-80CB-10E2F5871C51}.Debug|Any CPU.ActiveCfg = Debug|Any CPU
		{907B43DA-A34B-4B87-80CB-10E2F5871C51}.Debug|Any CPU.Build.0 = Debug|Any CPU
		{907B43DA-A34B-4B87-80CB-10E2F5871C51}.Debug|x86.ActiveCfg = Debug|x86
		{907B43DA-A34B-4B87-80CB-10E2F5871C51}.Debug|x86.Build.0 = Debug|x86
		{907B43DA-A34B-4B87-80CB-10E2F5871C51}.Release|Any CPU.ActiveCfg = Release|Any CPU
		{907B43DA-A34B-4B87-80CB-10E2F5871C51}.Release|Any CPU.Build.0 = Release|Any CPU
		{907B43DA-A34B-4B87-80CB-10E2F5871C51}.Release|x86.ActiveCfg = Release|x86
		{907B43DA-A34B-4B87-80CB-10E2F5871C51}.Release|x86.Build.0 = Release|x86
		{6F3B3F67-FD4B-4DDF-BA3A-3FC9FCC4953A}.Debug|Any CPU.ActiveCfg = Debug|Any CPU
		{6F3B3F67-FD4B-4DDF-BA3A-3FC9FCC4953A}.Debug|Any CPU.Build.0 = Debug|Any CPU
		{6F3B3F67-FD4B-4DDF-BA3A-3FC9FCC4953A}.Debug|x86.ActiveCfg = Debug|x86
		{6F3B3F67-FD4B-4DDF-BA3A-3FC9FCC4953A}.Debug|x86.Build.0 = Debug|x86
		{6F3B3F67-FD4B-4DDF-BA3A-3FC9FCC4953A}.Release|Any CPU.ActiveCfg = Release|Any CPU
		{6F3B3F67-FD4B-4DDF-BA3A-3FC9FCC4953A}.Release|Any CPU.Build.0 = Release|Any CPU
		{6F3B3F67-FD4B-4DDF-BA3A-3FC9FCC4953A}.Release|x86.ActiveCfg = Release|x86
		{6F3B3F67-FD4B-4DDF-BA3A-3FC9FCC4953A}.Release|x86.Build.0 = Release|x86
		{D1857EE7-DE8A-41AA-9509-CF40697A0589}.Debug|Any CPU.ActiveCfg = Debug|Any CPU
		{D1857EE7-DE8A-41AA-9509-CF40697A0589}.Debug|Any CPU.Build.0 = Debug|Any CPU
		{D1857EE7-DE8A-41AA-9509-CF40697A0589}.Debug|x86.ActiveCfg = Debug|x86
		{D1857EE7-DE8A-41AA-9509-CF40697A0589}.Debug|x86.Build.0 = Debug|x86
		{D1857EE7-DE8A-41AA-9509-CF40697A0589}.Release|Any CPU.ActiveCfg = Release|Any CPU
		{D1857EE7-DE8A-41AA-9509-CF40697A0589}.Release|Any CPU.Build.0 = Release|Any CPU
		{D1857EE7-DE8A-41AA-9509-CF40697A0589}.Release|x86.ActiveCfg = Release|x86
		{D1857EE7-DE8A-41AA-9509-CF40697A0589}.Release|x86.Build.0 = Release|x86
		{06FDCA93-7842-4C66-9084-5DE8E1257E6F}.Debug|Any CPU.ActiveCfg = Debug|Any CPU
		{06FDCA93-7842-4C66-9084-5DE8E1257E6F}.Debug|Any CPU.Build.0 = Debug|Any CPU
		{06FDCA93-7842-4C66-9084-5DE8E1257E6F}.Debug|x86.ActiveCfg = Debug|x86
		{06FDCA93-7842-4C66-9084-5DE8E1257E6F}.Debug|x86.Build.0 = Debug|x86
		{06FDCA93-7842-4C66-9084-5DE8E1257E6F}.Release|Any CPU.ActiveCfg = Release|Any CPU
		{06FDCA93-7842-4C66-9084-5DE8E1257E6F}.Release|Any CPU.Build.0 = Release|Any CPU
		{06FDCA93-7842-4C66-9084-5DE8E1257E6F}.Release|x86.ActiveCfg = Release|x86
		{06FDCA93-7842-4C66-9084-5DE8E1257E6F}.Release|x86.Build.0 = Release|x86
		{1CE2C077-F20A-446F-A198-4E2890A9A40F}.Debug|Any CPU.ActiveCfg = Debug|Any CPU
		{1CE2C077-F20A-446F-A198-4E2890A9A40F}.Debug|Any CPU.Build.0 = Debug|Any CPU
		{1CE2C077-F20A-446F-A198-4E2890A9A40F}.Debug|x86.ActiveCfg = Debug|Any CPU
		{1CE2C077-F20A-446F-A198-4E2890A9A40F}.Debug|x86.Build.0 = Debug|Any CPU
		{1CE2C077-F20A-446F-A198-4E2890A9A40F}.Release|Any CPU.ActiveCfg = Release|Any CPU
		{1CE2C077-F20A-446F-A198-4E2890A9A40F}.Release|Any CPU.Build.0 = Release|Any CPU
		{1CE2C077-F20A-446F-A198-4E2890A9A40F}.Release|x86.ActiveCfg = Release|Any CPU
		{1CE2C077-F20A-446F-A198-4E2890A9A40F}.Release|x86.Build.0 = Release|Any CPU
		{F4EEF73F-F2EE-44E5-95BD-4A02F8DB7724}.Debug|Any CPU.ActiveCfg = Debug|Any CPU
		{F4EEF73F-F2EE-44E5-95BD-4A02F8DB7724}.Debug|Any CPU.Build.0 = Debug|Any CPU
		{F4EEF73F-F2EE-44E5-95BD-4A02F8DB7724}.Debug|x86.ActiveCfg = Debug|x86
		{F4EEF73F-F2EE-44E5-95BD-4A02F8DB7724}.Debug|x86.Build.0 = Debug|x86
		{F4EEF73F-F2EE-44E5-95BD-4A02F8DB7724}.Release|Any CPU.ActiveCfg = Release|Any CPU
		{F4EEF73F-F2EE-44E5-95BD-4A02F8DB7724}.Release|Any CPU.Build.0 = Release|Any CPU
		{F4EEF73F-F2EE-44E5-95BD-4A02F8DB7724}.Release|x86.ActiveCfg = Release|x86
		{F4EEF73F-F2EE-44E5-95BD-4A02F8DB7724}.Release|x86.Build.0 = Release|x86
	EndGlobalSection
	GlobalSection(SolutionProperties) = preSolution
		HideSolutionNode = FALSE
	EndGlobalSection
	GlobalSection(ExtensibilityGlobals) = postSolution
		SolutionGuid = {3199226D-F58F-42F5-98DF-11148CA13EE8}
	EndGlobalSection
	GlobalSection(TestCaseManagementSettings) = postSolution
		CategoryFile = development.vsmdi
	EndGlobalSection
EndGlobal
