
Microsoft Visual Studio Solution File, Format Version 12.00
# Visual Studio 2013
VisualStudioVersion = 12.0.31101.0
MinimumVisualStudioVersion = 10.0.40219.1
Project("{FAE04EC0-301F-11D3-BF4B-00C04F79EFBC}") = "AdventureWorksModel", "Samples\AdventureWorksModel\AdventureWorksModel.csproj", "{FDDBA108-8B58-40C6-A375-FFB92B1933DD}"
EndProject
Project("{FAE04EC0-301F-11D3-BF4B-00C04F79EFBC}") = "NakedObjects.Batch.Exe", "Batch\NakedObjects.Batch.Exe\NakedObjects.Batch.Exe.csproj", "{6F10CA5C-4362-4311-9FDD-4F18F4978B38}"
EndProject
Project("{2150E333-8FDC-42A3-9474-1A3956D46DE8}") = ".build", ".build", "{30942F54-63D7-4CC3-8F14-9ADF294A2D7E}"
	ProjectSection(SolutionItems) = preProject
		Build.proj = Build.proj
		.build\MSBuild.Community.Tasks.dll = .build\MSBuild.Community.Tasks.dll
		.build\MSBuild.Community.Tasks.targets = .build\MSBuild.Community.Tasks.targets
	EndProjectSection
EndProject
Project("{2150E333-8FDC-42A3-9474-1A3956D46DE8}") = ".nuget", ".nuget", "{E2245EB1-C92B-487E-B1CA-DC1867B7DB2D}"
	ProjectSection(SolutionItems) = preProject
		.nuget\packages.config = .nuget\packages.config
	EndProjectSection
EndProject
Global
	GlobalSection(SolutionConfigurationPlatforms) = preSolution
		Debug|Any CPU = Debug|Any CPU
		Debug|x86 = Debug|x86
		Release|Any CPU = Release|Any CPU
		Release|x86 = Release|x86
	EndGlobalSection
	GlobalSection(ProjectConfigurationPlatforms) = postSolution
		{FDDBA108-8B58-40C6-A375-FFB92B1933DD}.Debug|Any CPU.ActiveCfg = Debug|Any CPU
		{FDDBA108-8B58-40C6-A375-FFB92B1933DD}.Debug|Any CPU.Build.0 = Debug|Any CPU
		{FDDBA108-8B58-40C6-A375-FFB92B1933DD}.Debug|x86.ActiveCfg = Debug|Any CPU
		{FDDBA108-8B58-40C6-A375-FFB92B1933DD}.Release|Any CPU.ActiveCfg = Release|Any CPU
		{FDDBA108-8B58-40C6-A375-FFB92B1933DD}.Release|Any CPU.Build.0 = Release|Any CPU
		{FDDBA108-8B58-40C6-A375-FFB92B1933DD}.Release|x86.ActiveCfg = Release|Any CPU
		{6F10CA5C-4362-4311-9FDD-4F18F4978B38}.Debug|Any CPU.ActiveCfg = Debug|Any CPU
		{6F10CA5C-4362-4311-9FDD-4F18F4978B38}.Debug|Any CPU.Build.0 = Debug|Any CPU
		{6F10CA5C-4362-4311-9FDD-4F18F4978B38}.Debug|x86.ActiveCfg = Debug|Any CPU
		{6F10CA5C-4362-4311-9FDD-4F18F4978B38}.Release|Any CPU.ActiveCfg = Release|Any CPU
		{6F10CA5C-4362-4311-9FDD-4F18F4978B38}.Release|Any CPU.Build.0 = Release|Any CPU
		{6F10CA5C-4362-4311-9FDD-4F18F4978B38}.Release|x86.ActiveCfg = Release|Any CPU
	EndGlobalSection
	GlobalSection(SolutionProperties) = preSolution
		HideSolutionNode = FALSE
	EndGlobalSection
	GlobalSection(TestCaseManagementSettings) = postSolution
		CategoryFile = development.vsmdi
	EndGlobalSection
EndGlobal
