
Microsoft Visual Studio Solution File, Format Version 12.00
# Visual Studio Version 16
VisualStudioVersion = 16.0.29728.190
MinimumVisualStudioVersion = 10.0.40219.1
Project("{9A19103F-16F7-4668-BE54-9A1E7A4F7556}") = "AdventureWorksModel", "Samples\AdventureWorksModel\AdventureWorksModel.csproj", "{FDDBA108-8B58-40C6-A375-FFB92B1933DD}"
EndProject
Project("{2150E333-8FDC-42A3-9474-1A3956D46DE8}") = ".nuget", ".nuget", "{5BBA91B2-8F10-4606-92A6-5D626658365B}"
	ProjectSection(SolutionItems) = preProject
		.nuget\packages.config = .nuget\packages.config
	EndProjectSection
EndProject
Project("{2150E333-8FDC-42A3-9474-1A3956D46DE8}") = ".build", ".build", "{736F4309-4D92-4EE2-8C0B-5CA5ECED0FAA}"
	ProjectSection(SolutionItems) = preProject
		Build.proj = Build.proj
		.build\MSBuild.Community.Tasks.dll = .build\MSBuild.Community.Tasks.dll
		.build\MSBuild.Community.Tasks.targets = .build\MSBuild.Community.Tasks.targets
	EndProjectSection
EndProject
Project("{9A19103F-16F7-4668-BE54-9A1E7A4F7556}") = "NakedObjects.Rest.App.Demo", "Demo\NakedObjects.Rest.App.Demo\NakedObjects.Rest.App.Demo.csproj", "{C9323589-82ED-445C-9CCC-553C8DC9DB73}"
EndProject
Project("{9A19103F-16F7-4668-BE54-9A1E7A4F7556}") = "NakedFunctions.Rest.App.Demo", "Demo\NakedFunctions.Rest.App.Demo\NakedFunctions.Rest.App.Demo.csproj", "{1A2C6C78-CBCE-4E3B-AE4E-C7EF1011FE48}"
EndProject
Project("{9A19103F-16F7-4668-BE54-9A1E7A4F7556}") = "AdventureWorksFunctionalModel", "Samples\AdventureWorksFunctionalModel\AdventureWorksFunctionalModel.csproj", "{1F69C01B-49B9-4D06-8482-D51D19BA938D}"
EndProject
Global
	GlobalSection(SolutionConfigurationPlatforms) = preSolution
		Debug|Any CPU = Debug|Any CPU
		Release|Any CPU = Release|Any CPU
	EndGlobalSection
	GlobalSection(ProjectConfigurationPlatforms) = postSolution
		{FDDBA108-8B58-40C6-A375-FFB92B1933DD}.Debug|Any CPU.ActiveCfg = Debug|Any CPU
		{FDDBA108-8B58-40C6-A375-FFB92B1933DD}.Debug|Any CPU.Build.0 = Debug|Any CPU
		{FDDBA108-8B58-40C6-A375-FFB92B1933DD}.Release|Any CPU.ActiveCfg = Release|Any CPU
		{FDDBA108-8B58-40C6-A375-FFB92B1933DD}.Release|Any CPU.Build.0 = Release|Any CPU
		{C9323589-82ED-445C-9CCC-553C8DC9DB73}.Debug|Any CPU.ActiveCfg = Debug|Any CPU
		{C9323589-82ED-445C-9CCC-553C8DC9DB73}.Debug|Any CPU.Build.0 = Debug|Any CPU
		{C9323589-82ED-445C-9CCC-553C8DC9DB73}.Release|Any CPU.ActiveCfg = Release|Any CPU
		{C9323589-82ED-445C-9CCC-553C8DC9DB73}.Release|Any CPU.Build.0 = Release|Any CPU
		{1A2C6C78-CBCE-4E3B-AE4E-C7EF1011FE48}.Debug|Any CPU.ActiveCfg = Debug|Any CPU
		{1A2C6C78-CBCE-4E3B-AE4E-C7EF1011FE48}.Debug|Any CPU.Build.0 = Debug|Any CPU
		{1A2C6C78-CBCE-4E3B-AE4E-C7EF1011FE48}.Release|Any CPU.ActiveCfg = Release|Any CPU
		{1A2C6C78-CBCE-4E3B-AE4E-C7EF1011FE48}.Release|Any CPU.Build.0 = Release|Any CPU
		{1F69C01B-49B9-4D06-8482-D51D19BA938D}.Debug|Any CPU.ActiveCfg = Debug|Any CPU
		{1F69C01B-49B9-4D06-8482-D51D19BA938D}.Debug|Any CPU.Build.0 = Debug|Any CPU
		{1F69C01B-49B9-4D06-8482-D51D19BA938D}.Release|Any CPU.ActiveCfg = Release|Any CPU
		{1F69C01B-49B9-4D06-8482-D51D19BA938D}.Release|Any CPU.Build.0 = Release|Any CPU
	EndGlobalSection
	GlobalSection(SolutionProperties) = preSolution
		HideSolutionNode = FALSE
	EndGlobalSection
	GlobalSection(ExtensibilityGlobals) = postSolution
		SolutionGuid = {58FB55FB-FAD7-4C09-8CB7-B2764BA26CBF}
	EndGlobalSection
EndGlobal
