
Microsoft Visual Studio Solution File, Format Version 12.00
# Visual Studio Version 17
VisualStudioVersion = 17.0.31903.59
MinimumVisualStudioVersion = 10.0.40219.1
Project("{9A19103F-16F7-4668-BE54-9A1E7A4F7556}") = "NakedObjects.Rest.Test.App", "Test\NakedObjects.Rest.Test.App\NakedObjects.Rest.Test.App.csproj", "{5D63CDC7-D4EE-442D-810F-9D5E2547B6EC}"
EndProject
Project("{9A19103F-16F7-4668-BE54-9A1E7A4F7556}") = "NakedFramework.Rest.Test.Data", "NakedFramework\NakedFramework.Rest.Test.Data\NakedFramework.Rest.Test.Data.csproj", "{960953D9-E707-4C5A-965F-1FCB3F8E67CA}"
EndProject
Project("{9A19103F-16F7-4668-BE54-9A1E7A4F7556}") = "AdventureWorksFunctionalModel", "Test\AdventureWorksFunctionalModel\AdventureWorksFunctionalModel.csproj", "{40C19FD9-4E96-48E8-9D3D-B451231EB766}"
EndProject
Project("{9A19103F-16F7-4668-BE54-9A1E7A4F7556}") = "AdventureWorksModel", "Test\AdventureWorksModel\AdventureWorksModel.csproj", "{3449A3DD-8F08-4B48-97B8-0892DAA4D46E}"
EndProject
Project("{9A19103F-16F7-4668-BE54-9A1E7A4F7556}") = "NakedFunctions.Rest.App.Demo", "Test\NakedFunctions.Rest.App.Demo\NakedFunctions.Rest.App.Demo.csproj", "{A341BCD3-FB36-44A7-89E7-EFA71CEF888C}"
EndProject
Project("{9A19103F-16F7-4668-BE54-9A1E7A4F7556}") = "NakedObjects.Rest.App.Demo", "Test\NakedObjects.Rest.App.Demo\NakedObjects.Rest.App.Demo.csproj", "{FA6F040A-CA86-4A05-9B37-5046744310A9}"
EndProject
Project("{2150E333-8FDC-42A3-9474-1A3956D46DE8}") = "Solution Items", "Solution Items", "{729E7AB7-50BF-4B2B-9EDD-B8AC07F21239}"
	ProjectSection(SolutionItems) = preProject
		.editorconfig = .editorconfig
	EndProjectSection
EndProject
Project("{9A19103F-16F7-4668-BE54-9A1E7A4F7556}") = "NakedLegacy.Rest.App.Demo", "Test\NakedLegacy.Rest.App.Demo\NakedLegacy.Rest.App.Demo.csproj", "{7815D094-E23A-4344-9537-DD7F5D0DD50F}"
EndProject
Project("{778DAE3C-4631-46EA-AA77-85C1314464D9}") = "AdventureWorksLegacyModelVB", "Test\AdventureWorksLegacyModelVB\AdventureWorksLegacyModelVB.vbproj", "{C13BE0D9-D74C-40C9-92BC-97F873D53C3C}"
EndProject
Project("{9A19103F-16F7-4668-BE54-9A1E7A4F7556}") = "AdventureWorksDatabase", "Test\AdventureWorksDatabase\AdventureWorksDatabase.csproj", "{E8BB0049-5D67-499F-8627-99ABD5A7A067}"
EndProject
Project("{9A19103F-16F7-4668-BE54-9A1E7A4F7556}") = "AdventureWorksLegacy.AppLib", "Test\AdventureWorksLegacy.AppLib\AdventureWorksLegacy.AppLib.csproj", "{7874B1C3-DD93-4F24-AC4D-0898921D2F9E}"
EndProject
Global
	GlobalSection(SolutionConfigurationPlatforms) = preSolution
		Debug|Any CPU = Debug|Any CPU
		Release|Any CPU = Release|Any CPU
	EndGlobalSection
	GlobalSection(ProjectConfigurationPlatforms) = postSolution
		{5D63CDC7-D4EE-442D-810F-9D5E2547B6EC}.Debug|Any CPU.ActiveCfg = Debug|Any CPU
		{5D63CDC7-D4EE-442D-810F-9D5E2547B6EC}.Debug|Any CPU.Build.0 = Debug|Any CPU
		{5D63CDC7-D4EE-442D-810F-9D5E2547B6EC}.Release|Any CPU.ActiveCfg = Release|Any CPU
		{5D63CDC7-D4EE-442D-810F-9D5E2547B6EC}.Release|Any CPU.Build.0 = Release|Any CPU
		{960953D9-E707-4C5A-965F-1FCB3F8E67CA}.Debug|Any CPU.ActiveCfg = Debug|Any CPU
		{960953D9-E707-4C5A-965F-1FCB3F8E67CA}.Debug|Any CPU.Build.0 = Debug|Any CPU
		{960953D9-E707-4C5A-965F-1FCB3F8E67CA}.Release|Any CPU.ActiveCfg = Release|Any CPU
		{960953D9-E707-4C5A-965F-1FCB3F8E67CA}.Release|Any CPU.Build.0 = Release|Any CPU
		{40C19FD9-4E96-48E8-9D3D-B451231EB766}.Debug|Any CPU.ActiveCfg = Debug|Any CPU
		{40C19FD9-4E96-48E8-9D3D-B451231EB766}.Debug|Any CPU.Build.0 = Debug|Any CPU
		{40C19FD9-4E96-48E8-9D3D-B451231EB766}.Release|Any CPU.ActiveCfg = Release|Any CPU
		{40C19FD9-4E96-48E8-9D3D-B451231EB766}.Release|Any CPU.Build.0 = Release|Any CPU
		{3449A3DD-8F08-4B48-97B8-0892DAA4D46E}.Debug|Any CPU.ActiveCfg = Debug|Any CPU
		{3449A3DD-8F08-4B48-97B8-0892DAA4D46E}.Debug|Any CPU.Build.0 = Debug|Any CPU
		{3449A3DD-8F08-4B48-97B8-0892DAA4D46E}.Release|Any CPU.ActiveCfg = Release|Any CPU
		{3449A3DD-8F08-4B48-97B8-0892DAA4D46E}.Release|Any CPU.Build.0 = Release|Any CPU
		{A341BCD3-FB36-44A7-89E7-EFA71CEF888C}.Debug|Any CPU.ActiveCfg = Debug|Any CPU
		{A341BCD3-FB36-44A7-89E7-EFA71CEF888C}.Debug|Any CPU.Build.0 = Debug|Any CPU
		{A341BCD3-FB36-44A7-89E7-EFA71CEF888C}.Release|Any CPU.ActiveCfg = Release|Any CPU
		{A341BCD3-FB36-44A7-89E7-EFA71CEF888C}.Release|Any CPU.Build.0 = Release|Any CPU
		{FA6F040A-CA86-4A05-9B37-5046744310A9}.Debug|Any CPU.ActiveCfg = Debug|Any CPU
		{FA6F040A-CA86-4A05-9B37-5046744310A9}.Debug|Any CPU.Build.0 = Debug|Any CPU
		{FA6F040A-CA86-4A05-9B37-5046744310A9}.Release|Any CPU.ActiveCfg = Release|Any CPU
		{FA6F040A-CA86-4A05-9B37-5046744310A9}.Release|Any CPU.Build.0 = Release|Any CPU
		{7815D094-E23A-4344-9537-DD7F5D0DD50F}.Debug|Any CPU.ActiveCfg = Debug|Any CPU
		{7815D094-E23A-4344-9537-DD7F5D0DD50F}.Debug|Any CPU.Build.0 = Debug|Any CPU
		{7815D094-E23A-4344-9537-DD7F5D0DD50F}.Release|Any CPU.ActiveCfg = Release|Any CPU
		{7815D094-E23A-4344-9537-DD7F5D0DD50F}.Release|Any CPU.Build.0 = Release|Any CPU
		{C13BE0D9-D74C-40C9-92BC-97F873D53C3C}.Debug|Any CPU.ActiveCfg = Debug|Any CPU
		{C13BE0D9-D74C-40C9-92BC-97F873D53C3C}.Debug|Any CPU.Build.0 = Debug|Any CPU
		{C13BE0D9-D74C-40C9-92BC-97F873D53C3C}.Release|Any CPU.ActiveCfg = Release|Any CPU
		{C13BE0D9-D74C-40C9-92BC-97F873D53C3C}.Release|Any CPU.Build.0 = Release|Any CPU
		{E8BB0049-5D67-499F-8627-99ABD5A7A067}.Debug|Any CPU.ActiveCfg = Debug|Any CPU
		{E8BB0049-5D67-499F-8627-99ABD5A7A067}.Debug|Any CPU.Build.0 = Debug|Any CPU
		{E8BB0049-5D67-499F-8627-99ABD5A7A067}.Release|Any CPU.ActiveCfg = Release|Any CPU
		{E8BB0049-5D67-499F-8627-99ABD5A7A067}.Release|Any CPU.Build.0 = Release|Any CPU
		{7874B1C3-DD93-4F24-AC4D-0898921D2F9E}.Debug|Any CPU.ActiveCfg = Debug|Any CPU
		{7874B1C3-DD93-4F24-AC4D-0898921D2F9E}.Debug|Any CPU.Build.0 = Debug|Any CPU
		{7874B1C3-DD93-4F24-AC4D-0898921D2F9E}.Release|Any CPU.ActiveCfg = Release|Any CPU
		{7874B1C3-DD93-4F24-AC4D-0898921D2F9E}.Release|Any CPU.Build.0 = Release|Any CPU
	EndGlobalSection
	GlobalSection(SolutionProperties) = preSolution
		HideSolutionNode = FALSE
	EndGlobalSection
	GlobalSection(ExtensibilityGlobals) = postSolution
		SolutionGuid = {C36D66A9-187D-4006-9C9C-EDB600FB9E7A}
	EndGlobalSection
EndGlobal
