
Microsoft Visual Studio Solution File, Format Version 12.00
# Visual Studio Version 16
VisualStudioVersion = 16.0.29418.71
MinimumVisualStudioVersion = 10.0.40219.1
Project("{9A19103F-16F7-4668-BE54-9A1E7A4F7556}") = "AdventureWorksModel", "Samples\AdventureWorksModel\AdventureWorksModel.csproj", "{5DD9572A-5C56-42D8-AD1F-7FCC38EFD753}"
EndProject
Project("{9A19103F-16F7-4668-BE54-9A1E7A4F7556}") = "NakedObjects.Rest.Test.Data", "Rest\NakedObjects.Rest.Test.Data\NakedObjects.Rest.Test.Data.csproj", "{A1A3D1AE-5F9D-43CE-B279-6569E94F850F}"
EndProject
Project("{9A19103F-16F7-4668-BE54-9A1E7A4F7556}") = "NakedObjects.Rest.App.Demo", "Demo\NakedObjects.Rest.App.Demo\NakedObjects.Rest.App.Demo.csproj", "{712DF750-F17E-4310-B1F7-4DDDC9E9DAB9}"
EndProject
Project("{9A19103F-16F7-4668-BE54-9A1E7A4F7556}") = "NakedObjects.Rest.Test.App", "Test\NakedObjects.Rest.Test.App\NakedObjects.Rest.Test.App.csproj", "{5D63CDC7-D4EE-442D-810F-9D5E2547B6EC}"
EndProject
Project("{9A19103F-16F7-4668-BE54-9A1E7A4F7556}") = "AdventureWorksFunctionalModel", "Samples\AdventureWorksFunctionalModel\AdventureWorksFunctionalModel.csproj", "{4F2106EC-762C-435B-BCED-7DE5615CC4C5}"
EndProject
Project("{9A19103F-16F7-4668-BE54-9A1E7A4F7556}") = "NakedFunctions.Rest.App.Demo", "Demo\NakedFunctions.Rest.App.Demo\NakedFunctions.Rest.App.Demo.csproj", "{B6DC0481-82CA-406E-9104-76DD36F1BB74}"
EndProject
Global
	GlobalSection(SolutionConfigurationPlatforms) = preSolution
		Debug|Any CPU = Debug|Any CPU
		Release|Any CPU = Release|Any CPU
	EndGlobalSection
	GlobalSection(ProjectConfigurationPlatforms) = postSolution
		{5DD9572A-5C56-42D8-AD1F-7FCC38EFD753}.Debug|Any CPU.ActiveCfg = Debug|Any CPU
		{5DD9572A-5C56-42D8-AD1F-7FCC38EFD753}.Debug|Any CPU.Build.0 = Debug|Any CPU
		{5DD9572A-5C56-42D8-AD1F-7FCC38EFD753}.Release|Any CPU.ActiveCfg = Release|Any CPU
		{5DD9572A-5C56-42D8-AD1F-7FCC38EFD753}.Release|Any CPU.Build.0 = Release|Any CPU
		{A1A3D1AE-5F9D-43CE-B279-6569E94F850F}.Debug|Any CPU.ActiveCfg = Debug|Any CPU
		{A1A3D1AE-5F9D-43CE-B279-6569E94F850F}.Debug|Any CPU.Build.0 = Debug|Any CPU
		{A1A3D1AE-5F9D-43CE-B279-6569E94F850F}.Release|Any CPU.ActiveCfg = Release|Any CPU
		{A1A3D1AE-5F9D-43CE-B279-6569E94F850F}.Release|Any CPU.Build.0 = Release|Any CPU
		{712DF750-F17E-4310-B1F7-4DDDC9E9DAB9}.Debug|Any CPU.ActiveCfg = Debug|Any CPU
		{712DF750-F17E-4310-B1F7-4DDDC9E9DAB9}.Debug|Any CPU.Build.0 = Debug|Any CPU
		{712DF750-F17E-4310-B1F7-4DDDC9E9DAB9}.Release|Any CPU.ActiveCfg = Release|Any CPU
		{712DF750-F17E-4310-B1F7-4DDDC9E9DAB9}.Release|Any CPU.Build.0 = Release|Any CPU
		{5D63CDC7-D4EE-442D-810F-9D5E2547B6EC}.Debug|Any CPU.ActiveCfg = Debug|Any CPU
		{5D63CDC7-D4EE-442D-810F-9D5E2547B6EC}.Debug|Any CPU.Build.0 = Debug|Any CPU
		{5D63CDC7-D4EE-442D-810F-9D5E2547B6EC}.Release|Any CPU.ActiveCfg = Release|Any CPU
		{5D63CDC7-D4EE-442D-810F-9D5E2547B6EC}.Release|Any CPU.Build.0 = Release|Any CPU
		{4F2106EC-762C-435B-BCED-7DE5615CC4C5}.Debug|Any CPU.ActiveCfg = Debug|Any CPU
		{4F2106EC-762C-435B-BCED-7DE5615CC4C5}.Debug|Any CPU.Build.0 = Debug|Any CPU
		{4F2106EC-762C-435B-BCED-7DE5615CC4C5}.Release|Any CPU.ActiveCfg = Release|Any CPU
		{4F2106EC-762C-435B-BCED-7DE5615CC4C5}.Release|Any CPU.Build.0 = Release|Any CPU
		{B6DC0481-82CA-406E-9104-76DD36F1BB74}.Debug|Any CPU.ActiveCfg = Debug|Any CPU
		{B6DC0481-82CA-406E-9104-76DD36F1BB74}.Debug|Any CPU.Build.0 = Debug|Any CPU
		{B6DC0481-82CA-406E-9104-76DD36F1BB74}.Release|Any CPU.ActiveCfg = Release|Any CPU
		{B6DC0481-82CA-406E-9104-76DD36F1BB74}.Release|Any CPU.Build.0 = Release|Any CPU
	EndGlobalSection
	GlobalSection(SolutionProperties) = preSolution
		HideSolutionNode = FALSE
	EndGlobalSection
	GlobalSection(ExtensibilityGlobals) = postSolution
		SolutionGuid = {C36D66A9-187D-4006-9C9C-EDB600FB9E7A}
	EndGlobalSection
EndGlobal
