
Microsoft Visual Studio Solution File, Format Version 12.00
# Visual Studio Version 16
VisualStudioVersion = 16.0.29418.71
MinimumVisualStudioVersion = 10.0.40219.1
Project("{9A19103F-16F7-4668-BE54-9A1E7A4F7556}") = "AdventureWorksModel", "Samples\AdventureWorksModel\AdventureWorksModel.csproj", "{5DD9572A-5C56-42D8-AD1F-7FCC38EFD753}"
EndProject
Project("{9A19103F-16F7-4668-BE54-9A1E7A4F7556}") = "NakedObjects.Rest.Test.Data", "Rest\NakedObjects.Rest.Test.Data\NakedObjects.Rest.Test.Data.csproj", "{A1A3D1AE-5F9D-43CE-B279-6569E94F850F}"
EndProject
Global
	GlobalSection(SolutionConfigurationPlatforms) = preSolution
		Debug|Any CPU = Debug|Any CPU
		Release|Any CPU = Release|Any CPU
	EndGlobalSection
	GlobalSection(ProjectConfigurationPlatforms) = postSolution
		{5DD9572A-5C56-42D8-AD1F-7FCC38EFD753}.Debug|Any CPU.ActiveCfg = Debug|Any CPU
		{5DD9572A-5C56-42D8-AD1F-7FCC38EFD753}.Debug|Any CPU.Build.0 = Debug|Any CPU
		{5DD9572A-5C56-42D8-AD1F-7FCC38EFD753}.Release|Any CPU.ActiveCfg = Release|Any CPU
		{5DD9572A-5C56-42D8-AD1F-7FCC38EFD753}.Release|Any CPU.Build.0 = Release|Any CPU
		{A1A3D1AE-5F9D-43CE-B279-6569E94F850F}.Debug|Any CPU.ActiveCfg = Debug|Any CPU
		{A1A3D1AE-5F9D-43CE-B279-6569E94F850F}.Debug|Any CPU.Build.0 = Debug|Any CPU
		{A1A3D1AE-5F9D-43CE-B279-6569E94F850F}.Release|Any CPU.ActiveCfg = Release|Any CPU
		{A1A3D1AE-5F9D-43CE-B279-6569E94F850F}.Release|Any CPU.Build.0 = Release|Any CPU
	EndGlobalSection
	GlobalSection(SolutionProperties) = preSolution
		HideSolutionNode = FALSE
	EndGlobalSection
	GlobalSection(ExtensibilityGlobals) = postSolution
		SolutionGuid = {C36D66A9-187D-4006-9C9C-EDB600FB9E7A}
	EndGlobalSection
EndGlobal
