
Microsoft Visual Studio Solution File, Format Version 12.00
# Visual Studio Version 16
VisualStudioVersion = 16.0.29509.3
MinimumVisualStudioVersion = 10.0.40219.1
Project("{9A19103F-16F7-4668-BE54-9A1E7A4F7556}") = "NakedObjects.Rest.Test.EndToEnd", "Test\NakedObjects.Rest.Test.EndToEnd\NakedObjects.Rest.Test.EndToEnd.csproj", "{74C63CF2-12D2-4872-BDB4-DA1585D7A7DA}"
EndProject
Global
	GlobalSection(SolutionConfigurationPlatforms) = preSolution
		Debug|Any CPU = Debug|Any CPU
		Release|Any CPU = Release|Any CPU
	EndGlobalSection
	GlobalSection(ProjectConfigurationPlatforms) = postSolution
		{74C63CF2-12D2-4872-BDB4-DA1585D7A7DA}.Debug|Any CPU.ActiveCfg = Debug|Any CPU
		{74C63CF2-12D2-4872-BDB4-DA1585D7A7DA}.Debug|Any CPU.Build.0 = Debug|Any CPU
		{74C63CF2-12D2-4872-BDB4-DA1585D7A7DA}.Release|Any CPU.ActiveCfg = Release|Any CPU
		{74C63CF2-12D2-4872-BDB4-DA1585D7A7DA}.Release|Any CPU.Build.0 = Release|Any CPU
	EndGlobalSection
	GlobalSection(SolutionProperties) = preSolution
		HideSolutionNode = FALSE
	EndGlobalSection
	GlobalSection(ExtensibilityGlobals) = postSolution
		SolutionGuid = {FDB0BE9A-5028-4D30-A317-E75D65B9901C}
	EndGlobalSection
EndGlobal
