
Microsoft Visual Studio Solution File, Format Version 12.00
# Visual Studio Version 16
VisualStudioVersion = 16.0.29326.143
MinimumVisualStudioVersion = 10.0.40219.1
Project("{9A19103F-16F7-4668-BE54-9A1E7A4F7556}") = "NakedObjects.Facade", "Facade\NakedObjects.Facade\NakedObjects.Facade.csproj", "{5E6745F0-CD44-44F4-BF7C-08E4EFC5FF03}"
EndProject
Project("{9A19103F-16F7-4668-BE54-9A1E7A4F7556}") = "NakedObjects.Facade.Package", "Facade\NakedObjects.Facade.Package\NakedObjects.Facade.Package.csproj", "{9C38F784-8AF2-47DC-B3EC-F6EE463BC1FC}"
EndProject
Project("{9A19103F-16F7-4668-BE54-9A1E7A4F7556}") = "NakedObjects.Facade.Impl.Package", "Facade\NakedObjects.Facade.Impl.Package\NakedObjects.Facade.Impl.Package.csproj", "{F8933477-E6E4-45E9-BB61-3060C51BDB10}"
EndProject
Project("{9A19103F-16F7-4668-BE54-9A1E7A4F7556}") = "NakedObjects.Facade.Impl", "Facade\NakedObjects.Facade.Impl\NakedObjects.Facade.Impl.csproj", "{661781E9-FE37-41FB-A7BA-A5482B4A1235}"
EndProject
Global
	GlobalSection(SolutionConfigurationPlatforms) = preSolution
		Debug|Any CPU = Debug|Any CPU
		Release|Any CPU = Release|Any CPU
	EndGlobalSection
	GlobalSection(ProjectConfigurationPlatforms) = postSolution
		{5E6745F0-CD44-44F4-BF7C-08E4EFC5FF03}.Debug|Any CPU.ActiveCfg = Debug|Any CPU
		{5E6745F0-CD44-44F4-BF7C-08E4EFC5FF03}.Debug|Any CPU.Build.0 = Debug|Any CPU
		{5E6745F0-CD44-44F4-BF7C-08E4EFC5FF03}.Release|Any CPU.ActiveCfg = Release|Any CPU
		{5E6745F0-CD44-44F4-BF7C-08E4EFC5FF03}.Release|Any CPU.Build.0 = Release|Any CPU
		{9C38F784-8AF2-47DC-B3EC-F6EE463BC1FC}.Debug|Any CPU.ActiveCfg = Debug|Any CPU
		{9C38F784-8AF2-47DC-B3EC-F6EE463BC1FC}.Release|Any CPU.ActiveCfg = Release|Any CPU
		{F8933477-E6E4-45E9-BB61-3060C51BDB10}.Debug|Any CPU.ActiveCfg = Debug|Any CPU
		{F8933477-E6E4-45E9-BB61-3060C51BDB10}.Release|Any CPU.ActiveCfg = Release|Any CPU
		{661781E9-FE37-41FB-A7BA-A5482B4A1235}.Debug|Any CPU.ActiveCfg = Debug|Any CPU
		{661781E9-FE37-41FB-A7BA-A5482B4A1235}.Debug|Any CPU.Build.0 = Debug|Any CPU
		{661781E9-FE37-41FB-A7BA-A5482B4A1235}.Release|Any CPU.ActiveCfg = Release|Any CPU
		{661781E9-FE37-41FB-A7BA-A5482B4A1235}.Release|Any CPU.Build.0 = Release|Any CPU
	EndGlobalSection
	GlobalSection(SolutionProperties) = preSolution
		HideSolutionNode = FALSE
	EndGlobalSection
	GlobalSection(ExtensibilityGlobals) = postSolution
		SolutionGuid = {3347DD30-468A-4365-A963-179746A56124}
	EndGlobalSection
EndGlobal
