
Microsoft Visual Studio Solution File, Format Version 12.00
# Visual Studio 2013
VisualStudioVersion = 12.0.31101.0
MinimumVisualStudioVersion = 10.0.40219.1
Project("{FAE04EC0-301F-11D3-BF4B-00C04F79EFBC}") = "NakedObjects.Mvc", "MVC\NakedObjects.Mvc\NakedObjects.Mvc.csproj", "{6D3572F4-855C-47C9-A273-9C5B08AA008D}"
EndProject
Project("{FAE04EC0-301F-11D3-BF4B-00C04F79EFBC}") = "NakedObjects.Mvc.App", "MVC\NakedObjects.Mvc.App\NakedObjects.Mvc.App.csproj", "{696EF7AD-FCC5-4C33-800C-189E159A7472}"
EndProject
Project("{FAE04EC0-301F-11D3-BF4B-00C04F79EFBC}") = "NakedObjects.Mvc.App.Test", "MVC\NakedObjects.Mvc.App.Test\NakedObjects.Mvc.App.Test.csproj", "{79D2FD11-7410-4668-8848-DDF52F23C6FA}"
EndProject
Project("{FAE04EC0-301F-11D3-BF4B-00C04F79EFBC}") = "NakedObjects.Mvc.Test", "MVC\NakedObjects.Mvc.Test\NakedObjects.Mvc.Test.csproj", "{61777AD0-7308-4878-87DE-D64FAD45C373}"
EndProject
Project("{FAE04EC0-301F-11D3-BF4B-00C04F79EFBC}") = "NakedObjects.Mvc.Test.Data", "MVC\NakedObjects.Mvc.Test.Data\NakedObjects.Mvc.Test.Data.csproj", "{86F1438E-5127-48EA-8931-9A53ED108327}"
EndProject
Project("{FAE04EC0-301F-11D3-BF4B-00C04F79EFBC}") = "NakedObjects.Mvc.Test.Javascript", "MVC\NakedObjects.Mvc.Test.Javascript\NakedObjects.Mvc.Test.Javascript.csproj", "{A6D17327-22BE-47B8-9BF5-2D328DEF3D33}"
EndProject
Project("{FAE04EC0-301F-11D3-BF4B-00C04F79EFBC}") = "AdventureWorksModel", "Samples\AdventureWorksModel\AdventureWorksModel.csproj", "{FDDBA108-8B58-40C6-A375-FFB92B1933DD}"
EndProject
Project("{FAE04EC0-301F-11D3-BF4B-00C04F79EFBC}") = "NakedObjects.MvcResources", "MVC\NakedObjects.MvcResources\NakedObjects.MvcResources.csproj", "{7F2767F4-0F98-47FA-BE56-9EB5AC3CEB2B}"
EndProject
Project("{2150E333-8FDC-42A3-9474-1A3956D46DE8}") = ".nuget", ".nuget", "{01170232-E2A9-48AC-B979-3641B10478ED}"
	ProjectSection(SolutionItems) = preProject
		.nuget\packages.config = .nuget\packages.config
	EndProjectSection
EndProject
Project("{2150E333-8FDC-42A3-9474-1A3956D46DE8}") = ".build", ".build", "{D260838B-32A5-4035-A930-215928CF72BA}"
	ProjectSection(SolutionItems) = preProject
		Build.proj = Build.proj
		.build\MSBuild.Community.Tasks.dll = .build\MSBuild.Community.Tasks.dll
		.build\MSBuild.Community.Tasks.targets = .build\MSBuild.Community.Tasks.targets
	EndProjectSection
EndProject
Project("{FAE04EC0-301F-11D3-BF4B-00C04F79EFBC}") = "NakedObjects.DatabaseHelpers", "Test\NakedObjects.DatabaseHelpers\NakedObjects.DatabaseHelpers.csproj", "{DDE874EE-B28B-4577-A28A-6D35690D6310}"
EndProject
Project("{FAE04EC0-301F-11D3-BF4B-00C04F79EFBC}") = "NakedObjects.Surface", "Surface\NakedObjects.Surface\NakedObjects.Surface.csproj", "{EC9AF8ED-FC49-4E1B-8E45-3450641AE561}"
EndProject
Project("{FAE04EC0-301F-11D3-BF4B-00C04F79EFBC}") = "NakedObjects.Surface.Nof4", "Surface\NakedObjects.Surface.Nof4\NakedObjects.Surface.Nof4.csproj", "{9AEB1EA4-E7A0-42E5-B5C8-0629E61ECF0D}"
EndProject
Global
	GlobalSection(SolutionConfigurationPlatforms) = preSolution
		Debug|Any CPU = Debug|Any CPU
		Debug|x86 = Debug|x86
		Release|Any CPU = Release|Any CPU
		Release|x86 = Release|x86
	EndGlobalSection
	GlobalSection(ProjectConfigurationPlatforms) = postSolution
		{6D3572F4-855C-47C9-A273-9C5B08AA008D}.Debug|Any CPU.ActiveCfg = Debug|Any CPU
		{6D3572F4-855C-47C9-A273-9C5B08AA008D}.Debug|Any CPU.Build.0 = Debug|Any CPU
		{6D3572F4-855C-47C9-A273-9C5B08AA008D}.Debug|x86.ActiveCfg = Debug|Any CPU
		{6D3572F4-855C-47C9-A273-9C5B08AA008D}.Release|Any CPU.ActiveCfg = Release|Any CPU
		{6D3572F4-855C-47C9-A273-9C5B08AA008D}.Release|Any CPU.Build.0 = Release|Any CPU
		{6D3572F4-855C-47C9-A273-9C5B08AA008D}.Release|x86.ActiveCfg = Release|Any CPU
		{696EF7AD-FCC5-4C33-800C-189E159A7472}.Debug|Any CPU.ActiveCfg = Debug|Any CPU
		{696EF7AD-FCC5-4C33-800C-189E159A7472}.Debug|Any CPU.Build.0 = Debug|Any CPU
		{696EF7AD-FCC5-4C33-800C-189E159A7472}.Debug|x86.ActiveCfg = Debug|Any CPU
		{696EF7AD-FCC5-4C33-800C-189E159A7472}.Release|Any CPU.ActiveCfg = Release|Any CPU
		{696EF7AD-FCC5-4C33-800C-189E159A7472}.Release|Any CPU.Build.0 = Release|Any CPU
		{696EF7AD-FCC5-4C33-800C-189E159A7472}.Release|x86.ActiveCfg = Release|Any CPU
		{79D2FD11-7410-4668-8848-DDF52F23C6FA}.Debug|Any CPU.ActiveCfg = Debug|Any CPU
		{79D2FD11-7410-4668-8848-DDF52F23C6FA}.Debug|Any CPU.Build.0 = Debug|Any CPU
		{79D2FD11-7410-4668-8848-DDF52F23C6FA}.Debug|x86.ActiveCfg = Debug|Any CPU
		{79D2FD11-7410-4668-8848-DDF52F23C6FA}.Release|Any CPU.ActiveCfg = Release|Any CPU
		{79D2FD11-7410-4668-8848-DDF52F23C6FA}.Release|Any CPU.Build.0 = Release|Any CPU
		{79D2FD11-7410-4668-8848-DDF52F23C6FA}.Release|x86.ActiveCfg = Release|Any CPU
		{61777AD0-7308-4878-87DE-D64FAD45C373}.Debug|Any CPU.ActiveCfg = Debug|Any CPU
		{61777AD0-7308-4878-87DE-D64FAD45C373}.Debug|Any CPU.Build.0 = Debug|Any CPU
		{61777AD0-7308-4878-87DE-D64FAD45C373}.Debug|x86.ActiveCfg = Debug|Any CPU
		{61777AD0-7308-4878-87DE-D64FAD45C373}.Release|Any CPU.ActiveCfg = Release|Any CPU
		{61777AD0-7308-4878-87DE-D64FAD45C373}.Release|Any CPU.Build.0 = Release|Any CPU
		{61777AD0-7308-4878-87DE-D64FAD45C373}.Release|x86.ActiveCfg = Release|Any CPU
		{86F1438E-5127-48EA-8931-9A53ED108327}.Debug|Any CPU.ActiveCfg = Debug|Any CPU
		{86F1438E-5127-48EA-8931-9A53ED108327}.Debug|Any CPU.Build.0 = Debug|Any CPU
		{86F1438E-5127-48EA-8931-9A53ED108327}.Debug|x86.ActiveCfg = Debug|Any CPU
		{86F1438E-5127-48EA-8931-9A53ED108327}.Release|Any CPU.ActiveCfg = Release|Any CPU
		{86F1438E-5127-48EA-8931-9A53ED108327}.Release|Any CPU.Build.0 = Release|Any CPU
		{86F1438E-5127-48EA-8931-9A53ED108327}.Release|x86.ActiveCfg = Release|Any CPU
		{A6D17327-22BE-47B8-9BF5-2D328DEF3D33}.Debug|Any CPU.ActiveCfg = Debug|Any CPU
		{A6D17327-22BE-47B8-9BF5-2D328DEF3D33}.Debug|Any CPU.Build.0 = Debug|Any CPU
		{A6D17327-22BE-47B8-9BF5-2D328DEF3D33}.Debug|x86.ActiveCfg = Debug|Any CPU
		{A6D17327-22BE-47B8-9BF5-2D328DEF3D33}.Release|Any CPU.ActiveCfg = Release|Any CPU
		{A6D17327-22BE-47B8-9BF5-2D328DEF3D33}.Release|Any CPU.Build.0 = Release|Any CPU
		{A6D17327-22BE-47B8-9BF5-2D328DEF3D33}.Release|x86.ActiveCfg = Release|Any CPU
		{FDDBA108-8B58-40C6-A375-FFB92B1933DD}.Debug|Any CPU.ActiveCfg = Debug|Any CPU
		{FDDBA108-8B58-40C6-A375-FFB92B1933DD}.Debug|Any CPU.Build.0 = Debug|Any CPU
		{FDDBA108-8B58-40C6-A375-FFB92B1933DD}.Debug|x86.ActiveCfg = Debug|Any CPU
		{FDDBA108-8B58-40C6-A375-FFB92B1933DD}.Release|Any CPU.ActiveCfg = Release|Any CPU
		{FDDBA108-8B58-40C6-A375-FFB92B1933DD}.Release|Any CPU.Build.0 = Release|Any CPU
		{FDDBA108-8B58-40C6-A375-FFB92B1933DD}.Release|x86.ActiveCfg = Release|Any CPU
		{7F2767F4-0F98-47FA-BE56-9EB5AC3CEB2B}.Debug|Any CPU.ActiveCfg = Debug|Any CPU
		{7F2767F4-0F98-47FA-BE56-9EB5AC3CEB2B}.Debug|Any CPU.Build.0 = Debug|Any CPU
		{7F2767F4-0F98-47FA-BE56-9EB5AC3CEB2B}.Debug|x86.ActiveCfg = Debug|Any CPU
		{7F2767F4-0F98-47FA-BE56-9EB5AC3CEB2B}.Release|Any CPU.ActiveCfg = Release|Any CPU
		{7F2767F4-0F98-47FA-BE56-9EB5AC3CEB2B}.Release|Any CPU.Build.0 = Release|Any CPU
		{7F2767F4-0F98-47FA-BE56-9EB5AC3CEB2B}.Release|x86.ActiveCfg = Release|Any CPU
		{DDE874EE-B28B-4577-A28A-6D35690D6310}.Debug|Any CPU.ActiveCfg = Debug|Any CPU
		{DDE874EE-B28B-4577-A28A-6D35690D6310}.Debug|Any CPU.Build.0 = Debug|Any CPU
		{DDE874EE-B28B-4577-A28A-6D35690D6310}.Debug|x86.ActiveCfg = Debug|Any CPU
		{DDE874EE-B28B-4577-A28A-6D35690D6310}.Release|Any CPU.ActiveCfg = Release|Any CPU
		{DDE874EE-B28B-4577-A28A-6D35690D6310}.Release|Any CPU.Build.0 = Release|Any CPU
		{DDE874EE-B28B-4577-A28A-6D35690D6310}.Release|x86.ActiveCfg = Release|Any CPU
		{EC9AF8ED-FC49-4E1B-8E45-3450641AE561}.Debug|Any CPU.ActiveCfg = Debug|Any CPU
		{EC9AF8ED-FC49-4E1B-8E45-3450641AE561}.Debug|Any CPU.Build.0 = Debug|Any CPU
		{EC9AF8ED-FC49-4E1B-8E45-3450641AE561}.Debug|x86.ActiveCfg = Debug|x86
		{EC9AF8ED-FC49-4E1B-8E45-3450641AE561}.Debug|x86.Build.0 = Debug|x86
		{EC9AF8ED-FC49-4E1B-8E45-3450641AE561}.Release|Any CPU.ActiveCfg = Release|Any CPU
		{EC9AF8ED-FC49-4E1B-8E45-3450641AE561}.Release|Any CPU.Build.0 = Release|Any CPU
		{EC9AF8ED-FC49-4E1B-8E45-3450641AE561}.Release|x86.ActiveCfg = Release|x86
		{EC9AF8ED-FC49-4E1B-8E45-3450641AE561}.Release|x86.Build.0 = Release|x86
		{9AEB1EA4-E7A0-42E5-B5C8-0629E61ECF0D}.Debug|Any CPU.ActiveCfg = Debug|Any CPU
		{9AEB1EA4-E7A0-42E5-B5C8-0629E61ECF0D}.Debug|Any CPU.Build.0 = Debug|Any CPU
		{9AEB1EA4-E7A0-42E5-B5C8-0629E61ECF0D}.Debug|x86.ActiveCfg = Debug|x86
		{9AEB1EA4-E7A0-42E5-B5C8-0629E61ECF0D}.Debug|x86.Build.0 = Debug|x86
		{9AEB1EA4-E7A0-42E5-B5C8-0629E61ECF0D}.Release|Any CPU.ActiveCfg = Release|Any CPU
		{9AEB1EA4-E7A0-42E5-B5C8-0629E61ECF0D}.Release|Any CPU.Build.0 = Release|Any CPU
		{9AEB1EA4-E7A0-42E5-B5C8-0629E61ECF0D}.Release|x86.ActiveCfg = Release|x86
		{9AEB1EA4-E7A0-42E5-B5C8-0629E61ECF0D}.Release|x86.Build.0 = Release|x86
	EndGlobalSection
	GlobalSection(SolutionProperties) = preSolution
		HideSolutionNode = FALSE
	EndGlobalSection
	GlobalSection(TestCaseManagementSettings) = postSolution
		CategoryFile = development.vsmdi
	EndGlobalSection
EndGlobal
