
Microsoft Visual Studio Solution File, Format Version 12.00
# Visual Studio Version 17
VisualStudioVersion = 17.0.32112.339
MinimumVisualStudioVersion = 10.0.40219.1
Project("{9A19103F-16F7-4668-BE54-9A1E7A4F7556}") = "NakedFunctions.Reflector", "NakedFunctions\NakedFunctions.Reflector\NakedFunctions.Reflector.csproj", "{59676F13-B1D2-417D-9040-B07CDC2E4D07}"
EndProject
Project("{9A19103F-16F7-4668-BE54-9A1E7A4F7556}") = "NakedFunctions.Services", "NakedFunctions\NakedFunctions.Services\NakedFunctions.Services.csproj", "{DB302D16-F531-48FE-9AB1-61723E94A690}"
EndProject
Project("{9A19103F-16F7-4668-BE54-9A1E7A4F7556}") = "NakedFunctions.Reflector.Package", "NakedFunctions\NakedFunctions.Reflector.Package\NakedFunctions.Reflector.Package.csproj", "{650017E1-D2B1-4FF8-BCB2-9AB3AC7476EE}"
EndProject
Global
	GlobalSection(SolutionConfigurationPlatforms) = preSolution
		Debug|Any CPU = Debug|Any CPU
		Release|Any CPU = Release|Any CPU
	EndGlobalSection
	GlobalSection(ProjectConfigurationPlatforms) = postSolution
		{59676F13-B1D2-417D-9040-B07CDC2E4D07}.Debug|Any CPU.ActiveCfg = Debug|Any CPU
		{59676F13-B1D2-417D-9040-B07CDC2E4D07}.Debug|Any CPU.Build.0 = Debug|Any CPU
		{59676F13-B1D2-417D-9040-B07CDC2E4D07}.Release|Any CPU.ActiveCfg = Release|Any CPU
		{59676F13-B1D2-417D-9040-B07CDC2E4D07}.Release|Any CPU.Build.0 = Release|Any CPU
		{DB302D16-F531-48FE-9AB1-61723E94A690}.Debug|Any CPU.ActiveCfg = Debug|Any CPU
		{DB302D16-F531-48FE-9AB1-61723E94A690}.Debug|Any CPU.Build.0 = Debug|Any CPU
		{DB302D16-F531-48FE-9AB1-61723E94A690}.Release|Any CPU.ActiveCfg = Release|Any CPU
		{DB302D16-F531-48FE-9AB1-61723E94A690}.Release|Any CPU.Build.0 = Release|Any CPU
		{650017E1-D2B1-4FF8-BCB2-9AB3AC7476EE}.Debug|Any CPU.ActiveCfg = Debug|Any CPU
		{650017E1-D2B1-4FF8-BCB2-9AB3AC7476EE}.Release|Any CPU.ActiveCfg = Release|Any CPU
	EndGlobalSection
	GlobalSection(SolutionProperties) = preSolution
		HideSolutionNode = FALSE
	EndGlobalSection
	GlobalSection(ExtensibilityGlobals) = postSolution
		SolutionGuid = {E3FA4E9E-778B-4D57-860B-86C43AE9A834}
	EndGlobalSection
EndGlobal
