
Microsoft Visual Studio Solution File, Format Version 12.00
# Visual Studio Version 16
VisualStudioVersion = 16.0.29324.140
MinimumVisualStudioVersion = 10.0.40219.1
Project("{9A19103F-16F7-4668-BE54-9A1E7A4F7556}") = "NakedFramework.ProgrammingModel", "Programming Model\NakedFramework\NakedFramework.ProgrammingModel\NakedFramework.ProgrammingModel.csproj", "{33B82BFA-6571-47A1-8C53-A69DA71F5D2E}"
EndProject
Project("{9A19103F-16F7-4668-BE54-9A1E7A4F7556}") = "NakedFramework.ProgrammingModel.Package", "Programming Model\NakedFramework\NakedFramework.ProgrammingModel.package\NakedFramework.ProgrammingModel.Package.csproj", "{0BFFCE35-0037-402F-81F0-0C6D7F8EF38C}"
EndProject
Global
	GlobalSection(SolutionConfigurationPlatforms) = preSolution
		Debug|Any CPU = Debug|Any CPU
		Release|Any CPU = Release|Any CPU
	EndGlobalSection
	GlobalSection(ProjectConfigurationPlatforms) = postSolution
		{33B82BFA-6571-47A1-8C53-A69DA71F5D2E}.Debug|Any CPU.ActiveCfg = Debug|Any CPU
		{33B82BFA-6571-47A1-8C53-A69DA71F5D2E}.Debug|Any CPU.Build.0 = Debug|Any CPU
		{33B82BFA-6571-47A1-8C53-A69DA71F5D2E}.Release|Any CPU.ActiveCfg = Release|Any CPU
		{33B82BFA-6571-47A1-8C53-A69DA71F5D2E}.Release|Any CPU.Build.0 = Release|Any CPU
		{0BFFCE35-0037-402F-81F0-0C6D7F8EF38C}.Debug|Any CPU.ActiveCfg = Debug|Any CPU
		{0BFFCE35-0037-402F-81F0-0C6D7F8EF38C}.Release|Any CPU.ActiveCfg = Release|Any CPU
	EndGlobalSection
	GlobalSection(SolutionProperties) = preSolution
		HideSolutionNode = FALSE
	EndGlobalSection
	GlobalSection(ExtensibilityGlobals) = postSolution
		SolutionGuid = {80648032-7D98-4643-9CF5-CBE74FDA7361}
	EndGlobalSection
EndGlobal
