
Microsoft Visual Studio Solution File, Format Version 12.00
# Visual Studio Version 16
VisualStudioVersion = 16.0.31025.194
MinimumVisualStudioVersion = 10.0.40219.1
Project("{9A19103F-16F7-4668-BE54-9A1E7A4F7556}") = "NakedObjects.Types", "Programming Model\NakedObjects\NakedObjects.Types\NakedObjects.Types.csproj", "{B2B4C8F1-BD92-41C2-9186-85D22938DF88}"
EndProject
Project("{9A19103F-16F7-4668-BE54-9A1E7A4F7556}") = "NakedObjects.Attributes", "Programming Model\NakedObjects\NakedObjects.Attributes\NakedObjects.Attributes.csproj", "{69D86577-545C-4C0B-AAF5-7603DA21C56F}"
EndProject
Project("{9A19103F-16F7-4668-BE54-9A1E7A4F7556}") = "NakedObjects.Helpers", "Programming Model\NakedObjects\NakedObjects.Helpers\NakedObjects.Helpers.csproj", "{C52B6155-0012-4732-93A1-60AEC9C9E2E0}"
EndProject
Project("{9A19103F-16F7-4668-BE54-9A1E7A4F7556}") = "NakedObjects.PMResources", "Programming Model\NakedObjects\NakedObjects.PMResources\NakedObjects.PMResources.csproj", "{1374F9FB-214B-4C08-AA3A-16E027D96B83}"
EndProject
Project("{9A19103F-16F7-4668-BE54-9A1E7A4F7556}") = "NakedObjects.ProgrammingModel.Package", "Programming Model\NakedObjects\NakedObjects.ProgrammingModel.package\NakedObjects.ProgrammingModel.Package.csproj", "{CC9BE60D-AB04-43D4-9D97-F4394EA4A614}"
EndProject
Global
	GlobalSection(SolutionConfigurationPlatforms) = preSolution
		Debug|Any CPU = Debug|Any CPU
		Release|Any CPU = Release|Any CPU
	EndGlobalSection
	GlobalSection(ProjectConfigurationPlatforms) = postSolution
		{B2B4C8F1-BD92-41C2-9186-85D22938DF88}.Debug|Any CPU.ActiveCfg = Debug|Any CPU
		{B2B4C8F1-BD92-41C2-9186-85D22938DF88}.Debug|Any CPU.Build.0 = Debug|Any CPU
		{B2B4C8F1-BD92-41C2-9186-85D22938DF88}.Release|Any CPU.ActiveCfg = Release|Any CPU
		{B2B4C8F1-BD92-41C2-9186-85D22938DF88}.Release|Any CPU.Build.0 = Release|Any CPU
		{69D86577-545C-4C0B-AAF5-7603DA21C56F}.Debug|Any CPU.ActiveCfg = Debug|Any CPU
		{69D86577-545C-4C0B-AAF5-7603DA21C56F}.Debug|Any CPU.Build.0 = Debug|Any CPU
		{69D86577-545C-4C0B-AAF5-7603DA21C56F}.Release|Any CPU.ActiveCfg = Release|Any CPU
		{69D86577-545C-4C0B-AAF5-7603DA21C56F}.Release|Any CPU.Build.0 = Release|Any CPU
		{C52B6155-0012-4732-93A1-60AEC9C9E2E0}.Debug|Any CPU.ActiveCfg = Debug|Any CPU
		{C52B6155-0012-4732-93A1-60AEC9C9E2E0}.Debug|Any CPU.Build.0 = Debug|Any CPU
		{C52B6155-0012-4732-93A1-60AEC9C9E2E0}.Release|Any CPU.ActiveCfg = Release|Any CPU
		{C52B6155-0012-4732-93A1-60AEC9C9E2E0}.Release|Any CPU.Build.0 = Release|Any CPU
		{1374F9FB-214B-4C08-AA3A-16E027D96B83}.Debug|Any CPU.ActiveCfg = Debug|Any CPU
		{1374F9FB-214B-4C08-AA3A-16E027D96B83}.Debug|Any CPU.Build.0 = Debug|Any CPU
		{1374F9FB-214B-4C08-AA3A-16E027D96B83}.Release|Any CPU.ActiveCfg = Release|Any CPU
		{1374F9FB-214B-4C08-AA3A-16E027D96B83}.Release|Any CPU.Build.0 = Release|Any CPU
		{CC9BE60D-AB04-43D4-9D97-F4394EA4A614}.Debug|Any CPU.ActiveCfg = Debug|Any CPU
		{CC9BE60D-AB04-43D4-9D97-F4394EA4A614}.Release|Any CPU.ActiveCfg = Release|Any CPU
	EndGlobalSection
	GlobalSection(SolutionProperties) = preSolution
		HideSolutionNode = FALSE
	EndGlobalSection
	GlobalSection(ExtensibilityGlobals) = postSolution
		SolutionGuid = {2C90CC3E-CD14-4617-B654-DA6844E642FD}
	EndGlobalSection
EndGlobal
