
Microsoft Visual Studio Solution File, Format Version 12.00
# Visual Studio Version 16
VisualStudioVersion = 16.0.29324.140
MinimumVisualStudioVersion = 10.0.40219.1
Project("{9A19103F-16F7-4668-BE54-9A1E7A4F7556}") = "NakedFunctions.ProgrammingModel.package", "Programming Model\NakedFunctions\NakedFunctions.ProgrammingModel.package\NakedFunctions.ProgrammingModel.package.csproj", "{AD8D5400-3D6A-471C-9FB0-07A11910AE44}"
EndProject
Project("{9A19103F-16F7-4668-BE54-9A1E7A4F7556}") = "NakedFramework.ProgrammingModel", "Programming Model\NakedFramework\NakedFramework.ProgrammingModel\NakedFramework.ProgrammingModel.csproj", "{9DE0F8C5-FA8C-4A8B-9F10-696430CDFCCC}"
EndProject
Project("{9A19103F-16F7-4668-BE54-9A1E7A4F7556}") = "NakedFunctions.ProgrammingModel", "Programming Model\NakedFunctions\NakedFunctions.ProgrammingModel\NakedFunctions.ProgrammingModel.csproj", "{A36CE906-6A91-49B2-9CF1-34580EB5FDCB}"
EndProject
Global
	GlobalSection(SolutionConfigurationPlatforms) = preSolution
		Debug|Any CPU = Debug|Any CPU
		Release|Any CPU = Release|Any CPU
	EndGlobalSection
	GlobalSection(ProjectConfigurationPlatforms) = postSolution
		{AD8D5400-3D6A-471C-9FB0-07A11910AE44}.Debug|Any CPU.ActiveCfg = Debug|Any CPU
		{AD8D5400-3D6A-471C-9FB0-07A11910AE44}.Release|Any CPU.ActiveCfg = Release|Any CPU
		{9DE0F8C5-FA8C-4A8B-9F10-696430CDFCCC}.Debug|Any CPU.ActiveCfg = Debug|Any CPU
		{9DE0F8C5-FA8C-4A8B-9F10-696430CDFCCC}.Debug|Any CPU.Build.0 = Debug|Any CPU
		{9DE0F8C5-FA8C-4A8B-9F10-696430CDFCCC}.Release|Any CPU.ActiveCfg = Release|Any CPU
		{9DE0F8C5-FA8C-4A8B-9F10-696430CDFCCC}.Release|Any CPU.Build.0 = Release|Any CPU
		{A36CE906-6A91-49B2-9CF1-34580EB5FDCB}.Debug|Any CPU.ActiveCfg = Debug|Any CPU
		{A36CE906-6A91-49B2-9CF1-34580EB5FDCB}.Debug|Any CPU.Build.0 = Debug|Any CPU
		{A36CE906-6A91-49B2-9CF1-34580EB5FDCB}.Release|Any CPU.ActiveCfg = Release|Any CPU
		{A36CE906-6A91-49B2-9CF1-34580EB5FDCB}.Release|Any CPU.Build.0 = Release|Any CPU
	EndGlobalSection
	GlobalSection(SolutionProperties) = preSolution
		HideSolutionNode = FALSE
	EndGlobalSection
	GlobalSection(ExtensibilityGlobals) = postSolution
		SolutionGuid = {80648032-7D98-4643-9CF5-CBE74FDA7361}
	EndGlobalSection
EndGlobal
