
Microsoft Visual Studio Solution File, Format Version 12.00
# Visual Studio Version 16
VisualStudioVersion = 16.0.30717.126
MinimumVisualStudioVersion = 10.0.40219.1
Project("{9A19103F-16F7-4668-BE54-9A1E7A4F7556}") = "NakedFunctions.Services", "NakedFunctions\NakedFunctions.Services\NakedFunctions.Services.csproj", "{FE7E578D-A9DF-4A2B-A6E6-81F26B4C88F7}"
EndProject
Project("{9A19103F-16F7-4668-BE54-9A1E7A4F7556}") = "NakedFunctions.Services.Test", "NakedFunctions\NakedFunctions.Services.Test\NakedFunctions.Services.Test.csproj", "{50E220F8-C966-4B38-8F89-AA74E127CA5E}"
EndProject
Project("{9A19103F-16F7-4668-BE54-9A1E7A4F7556}") = "NakedFunctions.ProgrammingModel", "Programming Model\NakedFunctions\NakedFunctions.ProgrammingModel\NakedFunctions.ProgrammingModel.csproj", "{3F1E44FE-B4B2-4E77-B6BA-BBA5CBD108BD}"
EndProject
Global
	GlobalSection(SolutionConfigurationPlatforms) = preSolution
		Debug|Any CPU = Debug|Any CPU
		Release|Any CPU = Release|Any CPU
	EndGlobalSection
	GlobalSection(ProjectConfigurationPlatforms) = postSolution
		{FE7E578D-A9DF-4A2B-A6E6-81F26B4C88F7}.Debug|Any CPU.ActiveCfg = Debug|Any CPU
		{FE7E578D-A9DF-4A2B-A6E6-81F26B4C88F7}.Debug|Any CPU.Build.0 = Debug|Any CPU
		{FE7E578D-A9DF-4A2B-A6E6-81F26B4C88F7}.Release|Any CPU.ActiveCfg = Release|Any CPU
		{FE7E578D-A9DF-4A2B-A6E6-81F26B4C88F7}.Release|Any CPU.Build.0 = Release|Any CPU
		{50E220F8-C966-4B38-8F89-AA74E127CA5E}.Debug|Any CPU.ActiveCfg = Debug|Any CPU
		{50E220F8-C966-4B38-8F89-AA74E127CA5E}.Debug|Any CPU.Build.0 = Debug|Any CPU
		{50E220F8-C966-4B38-8F89-AA74E127CA5E}.Release|Any CPU.ActiveCfg = Release|Any CPU
		{50E220F8-C966-4B38-8F89-AA74E127CA5E}.Release|Any CPU.Build.0 = Release|Any CPU
		{3F1E44FE-B4B2-4E77-B6BA-BBA5CBD108BD}.Debug|Any CPU.ActiveCfg = Debug|Any CPU
		{3F1E44FE-B4B2-4E77-B6BA-BBA5CBD108BD}.Debug|Any CPU.Build.0 = Debug|Any CPU
		{3F1E44FE-B4B2-4E77-B6BA-BBA5CBD108BD}.Release|Any CPU.ActiveCfg = Release|Any CPU
		{3F1E44FE-B4B2-4E77-B6BA-BBA5CBD108BD}.Release|Any CPU.Build.0 = Release|Any CPU
	EndGlobalSection
	GlobalSection(SolutionProperties) = preSolution
		HideSolutionNode = FALSE
	EndGlobalSection
	GlobalSection(ExtensibilityGlobals) = postSolution
		SolutionGuid = {1A360C0D-589F-4186-BEC5-CAAF574B85F0}
	EndGlobalSection
EndGlobal
