
Microsoft Visual Studio Solution File, Format Version 12.00
# Visual Studio Version 16
VisualStudioVersion = 16.0.29324.140
MinimumVisualStudioVersion = 10.0.40219.1
Project("{9A19103F-16F7-4668-BE54-9A1E7A4F7556}") = "NakedFramework.ProgrammingModel.Package", "Programming Model\NakedFramework\NakedFramework.ProgrammingModel.package\NakedFramework.ProgrammingModel.Package.csproj", "{0BFFCE35-0037-402F-81F0-0C6D7F8EF38C}"
EndProject
Project("{9A19103F-16F7-4668-BE54-9A1E7A4F7556}") = "NakedFramework.ProgrammingModel", "Programming Model\NakedFramework\NakedFramework.ProgrammingModel\NakedFramework.ProgrammingModel.csproj", "{AF971EBB-4613-4419-B65F-6E197E375D7C}"
EndProject
Project("{9A19103F-16F7-4668-BE54-9A1E7A4F7556}") = "NakedFramework.Types", "Programming Model\NakedFramework\NakedFramework.Types\NakedFramework.Types.csproj", "{AF918615-D0F7-4D07-B9E5-577E8E2707A1}"
EndProject
Project("{9A19103F-16F7-4668-BE54-9A1E7A4F7556}") = "NakedFramework.PMResources", "Programming Model\NakedFramework\NakedFramework.PMResources\NakedFramework.PMResources.csproj", "{C2C3CEEE-2E34-4036-834E-895294B5604A}"
EndProject
Global
	GlobalSection(SolutionConfigurationPlatforms) = preSolution
		Debug|Any CPU = Debug|Any CPU
		Release|Any CPU = Release|Any CPU
	EndGlobalSection
	GlobalSection(ProjectConfigurationPlatforms) = postSolution
		{0BFFCE35-0037-402F-81F0-0C6D7F8EF38C}.Debug|Any CPU.ActiveCfg = Debug|Any CPU
		{0BFFCE35-0037-402F-81F0-0C6D7F8EF38C}.Release|Any CPU.ActiveCfg = Release|Any CPU
		{AF971EBB-4613-4419-B65F-6E197E375D7C}.Debug|Any CPU.ActiveCfg = Debug|Any CPU
		{AF971EBB-4613-4419-B65F-6E197E375D7C}.Debug|Any CPU.Build.0 = Debug|Any CPU
		{AF971EBB-4613-4419-B65F-6E197E375D7C}.Release|Any CPU.ActiveCfg = Release|Any CPU
		{AF971EBB-4613-4419-B65F-6E197E375D7C}.Release|Any CPU.Build.0 = Release|Any CPU
		{AF918615-D0F7-4D07-B9E5-577E8E2707A1}.Debug|Any CPU.ActiveCfg = Debug|Any CPU
		{AF918615-D0F7-4D07-B9E5-577E8E2707A1}.Debug|Any CPU.Build.0 = Debug|Any CPU
		{AF918615-D0F7-4D07-B9E5-577E8E2707A1}.Release|Any CPU.ActiveCfg = Release|Any CPU
		{AF918615-D0F7-4D07-B9E5-577E8E2707A1}.Release|Any CPU.Build.0 = Release|Any CPU
		{C2C3CEEE-2E34-4036-834E-895294B5604A}.Debug|Any CPU.ActiveCfg = Debug|Any CPU
		{C2C3CEEE-2E34-4036-834E-895294B5604A}.Debug|Any CPU.Build.0 = Debug|Any CPU
		{C2C3CEEE-2E34-4036-834E-895294B5604A}.Release|Any CPU.ActiveCfg = Release|Any CPU
		{C2C3CEEE-2E34-4036-834E-895294B5604A}.Release|Any CPU.Build.0 = Release|Any CPU
	EndGlobalSection
	GlobalSection(SolutionProperties) = preSolution
		HideSolutionNode = FALSE
	EndGlobalSection
	GlobalSection(ExtensibilityGlobals) = postSolution
		SolutionGuid = {80648032-7D98-4643-9CF5-CBE74FDA7361}
	EndGlobalSection
EndGlobal
