
Microsoft Visual Studio Solution File, Format Version 12.00
# Visual Studio Version 17
VisualStudioVersion = 17.0.32112.339
MinimumVisualStudioVersion = 10.0.40219.1
Project("{9A19103F-16F7-4668-BE54-9A1E7A4F7556}") = "NOF2.Reflector", "NOF2\NOF2.Reflector\NOF2.Reflector.csproj", "{5BB2B207-51AF-4934-9C44-0C455B7A0224}"
EndProject
Project("{9A19103F-16F7-4668-BE54-9A1E7A4F7556}") = "NOF2.Server.Package", "NOF2\NOF2.Server.Package\NOF2.Server.Package.csproj", "{30E85FDE-FC8D-47E3-B63C-9E90F86AEE3C}"
EndProject
Global
	GlobalSection(SolutionConfigurationPlatforms) = preSolution
		Debug|Any CPU = Debug|Any CPU
		Release|Any CPU = Release|Any CPU
	EndGlobalSection
	GlobalSection(ProjectConfigurationPlatforms) = postSolution
		{5BB2B207-51AF-4934-9C44-0C455B7A0224}.Debug|Any CPU.ActiveCfg = Debug|Any CPU
		{5BB2B207-51AF-4934-9C44-0C455B7A0224}.Debug|Any CPU.Build.0 = Debug|Any CPU
		{5BB2B207-51AF-4934-9C44-0C455B7A0224}.Release|Any CPU.ActiveCfg = Release|Any CPU
		{5BB2B207-51AF-4934-9C44-0C455B7A0224}.Release|Any CPU.Build.0 = Release|Any CPU
		{30E85FDE-FC8D-47E3-B63C-9E90F86AEE3C}.Debug|Any CPU.ActiveCfg = Debug|Any CPU
		{30E85FDE-FC8D-47E3-B63C-9E90F86AEE3C}.Release|Any CPU.ActiveCfg = Release|Any CPU
	EndGlobalSection
	GlobalSection(SolutionProperties) = preSolution
		HideSolutionNode = FALSE
	EndGlobalSection
	GlobalSection(ExtensibilityGlobals) = postSolution
		SolutionGuid = {E3FA4E9E-778B-4D57-860B-86C43AE9A834}
	EndGlobalSection
EndGlobal
