
Microsoft Visual Studio Solution File, Format Version 12.00
# Visual Studio Version 16
VisualStudioVersion = 16.0.29324.140
MinimumVisualStudioVersion = 10.0.40219.1
Project("{9A19103F-16F7-4668-BE54-9A1E7A4F7556}") = "NakedObjects.Attributes", "Programming Model\NakedObjects.Attributes\NakedObjects.Attributes.csproj", "{D5F8E52C-7A40-484B-88D0-FC217A244DE1}"
EndProject
Project("{9A19103F-16F7-4668-BE54-9A1E7A4F7556}") = "NakedObjects.Helpers", "Programming Model\NakedObjects.Helpers\NakedObjects.Helpers.csproj", "{9F3ABE5A-B0E8-4324-8621-05893FC9C80C}"
EndProject
Project("{9A19103F-16F7-4668-BE54-9A1E7A4F7556}") = "NakedObjects.PMResources", "Programming Model\NakedObjects.PMResources\NakedObjects.PMResources.csproj", "{2F905B95-0C73-40A6-9CAC-BF154D1450AD}"
EndProject
Project("{9A19103F-16F7-4668-BE54-9A1E7A4F7556}") = "NakedObjects.Types", "Programming Model\NakedObjects.Types\NakedObjects.Types.csproj", "{203F9A5E-120F-4543-97F9-E779B436D88A}"
EndProject
Global
	GlobalSection(SolutionConfigurationPlatforms) = preSolution
		Debug|Any CPU = Debug|Any CPU
		Release|Any CPU = Release|Any CPU
	EndGlobalSection
	GlobalSection(ProjectConfigurationPlatforms) = postSolution
		{D5F8E52C-7A40-484B-88D0-FC217A244DE1}.Debug|Any CPU.ActiveCfg = Debug|Any CPU
		{D5F8E52C-7A40-484B-88D0-FC217A244DE1}.Debug|Any CPU.Build.0 = Debug|Any CPU
		{D5F8E52C-7A40-484B-88D0-FC217A244DE1}.Release|Any CPU.ActiveCfg = Release|Any CPU
		{D5F8E52C-7A40-484B-88D0-FC217A244DE1}.Release|Any CPU.Build.0 = Release|Any CPU
		{9F3ABE5A-B0E8-4324-8621-05893FC9C80C}.Debug|Any CPU.ActiveCfg = Debug|Any CPU
		{9F3ABE5A-B0E8-4324-8621-05893FC9C80C}.Debug|Any CPU.Build.0 = Debug|Any CPU
		{9F3ABE5A-B0E8-4324-8621-05893FC9C80C}.Release|Any CPU.ActiveCfg = Release|Any CPU
		{9F3ABE5A-B0E8-4324-8621-05893FC9C80C}.Release|Any CPU.Build.0 = Release|Any CPU
		{2F905B95-0C73-40A6-9CAC-BF154D1450AD}.Debug|Any CPU.ActiveCfg = Debug|Any CPU
		{2F905B95-0C73-40A6-9CAC-BF154D1450AD}.Debug|Any CPU.Build.0 = Debug|Any CPU
		{2F905B95-0C73-40A6-9CAC-BF154D1450AD}.Release|Any CPU.ActiveCfg = Release|Any CPU
		{2F905B95-0C73-40A6-9CAC-BF154D1450AD}.Release|Any CPU.Build.0 = Release|Any CPU
		{203F9A5E-120F-4543-97F9-E779B436D88A}.Debug|Any CPU.ActiveCfg = Debug|Any CPU
		{203F9A5E-120F-4543-97F9-E779B436D88A}.Debug|Any CPU.Build.0 = Debug|Any CPU
		{203F9A5E-120F-4543-97F9-E779B436D88A}.Release|Any CPU.ActiveCfg = Release|Any CPU
		{203F9A5E-120F-4543-97F9-E779B436D88A}.Release|Any CPU.Build.0 = Release|Any CPU
	EndGlobalSection
	GlobalSection(SolutionProperties) = preSolution
		HideSolutionNode = FALSE
	EndGlobalSection
	GlobalSection(ExtensibilityGlobals) = postSolution
		SolutionGuid = {80648032-7D98-4643-9CF5-CBE74FDA7361}
	EndGlobalSection
EndGlobal
