
Microsoft Visual Studio Solution File, Format Version 12.00
# Visual Studio Version 17
VisualStudioVersion = 17.4.33110.190
MinimumVisualStudioVersion = 10.0.40219.1
Project("{9A19103F-16F7-4668-BE54-9A1E7A4F7556}") = "ROSI", "API\ROSI\ROSI.csproj", "{41F9592C-80B9-4EDA-922B-B5B14019310A}"
EndProject
Project("{9A19103F-16F7-4668-BE54-9A1E7A4F7556}") = "ROSI.Test", "API\ROSI.Test\ROSI.Test.csproj", "{E1FADE6B-9383-47C7-8C8D-D35F864FFFE6}"
EndProject
Project("{9A19103F-16F7-4668-BE54-9A1E7A4F7556}") = "ROSI.Test.Data", "API\ROSI.Test.Data\ROSI.Test.Data.csproj", "{6694B164-945A-4505-939D-4606970467EC}"
EndProject
Project("{9A19103F-16F7-4668-BE54-9A1E7A4F7556}") = "NakedFramework.RATL", "NakedFramework\NakedFramework.RATL\NakedFramework.RATL.csproj", "{8293EA09-93A9-4678-BB3F-EC60EFDCAD95}"
EndProject
Project("{9A19103F-16F7-4668-BE54-9A1E7A4F7556}") = "NakedFramework.RATL.Test", "NakedFramework\NakedFramework.RATL.Test\NakedFramework.RATL.Test.csproj", "{B265CFF3-B541-43B2-9CC6-4D95E3805738}"
EndProject
Project("{9A19103F-16F7-4668-BE54-9A1E7A4F7556}") = "NakedFramework.RATL.Package", "NakedFramework\NakedFramework.RATL.Package\NakedFramework.RATL.Package.csproj", "{6CC7A9D6-8B57-4E98-98D0-A5DB12733850}"
EndProject
Project("{9A19103F-16F7-4668-BE54-9A1E7A4F7556}") = "ROSI.Package", "API\ROSI.Package\ROSI.Package.csproj", "{6AA1F066-8F65-4D91-A947-05FB43FE4BDA}"
EndProject
Global
	GlobalSection(SolutionConfigurationPlatforms) = preSolution
		Debug|Any CPU = Debug|Any CPU
		Release|Any CPU = Release|Any CPU
	EndGlobalSection
	GlobalSection(ProjectConfigurationPlatforms) = postSolution
		{41F9592C-80B9-4EDA-922B-B5B14019310A}.Debug|Any CPU.ActiveCfg = Debug|Any CPU
		{41F9592C-80B9-4EDA-922B-B5B14019310A}.Debug|Any CPU.Build.0 = Debug|Any CPU
		{41F9592C-80B9-4EDA-922B-B5B14019310A}.Release|Any CPU.ActiveCfg = Release|Any CPU
		{41F9592C-80B9-4EDA-922B-B5B14019310A}.Release|Any CPU.Build.0 = Release|Any CPU
		{E1FADE6B-9383-47C7-8C8D-D35F864FFFE6}.Debug|Any CPU.ActiveCfg = Debug|Any CPU
		{E1FADE6B-9383-47C7-8C8D-D35F864FFFE6}.Debug|Any CPU.Build.0 = Debug|Any CPU
		{E1FADE6B-9383-47C7-8C8D-D35F864FFFE6}.Release|Any CPU.ActiveCfg = Release|Any CPU
		{E1FADE6B-9383-47C7-8C8D-D35F864FFFE6}.Release|Any CPU.Build.0 = Release|Any CPU
		{6694B164-945A-4505-939D-4606970467EC}.Debug|Any CPU.ActiveCfg = Debug|Any CPU
		{6694B164-945A-4505-939D-4606970467EC}.Debug|Any CPU.Build.0 = Debug|Any CPU
		{6694B164-945A-4505-939D-4606970467EC}.Release|Any CPU.ActiveCfg = Release|Any CPU
		{6694B164-945A-4505-939D-4606970467EC}.Release|Any CPU.Build.0 = Release|Any CPU
		{8293EA09-93A9-4678-BB3F-EC60EFDCAD95}.Debug|Any CPU.ActiveCfg = Debug|Any CPU
		{8293EA09-93A9-4678-BB3F-EC60EFDCAD95}.Debug|Any CPU.Build.0 = Debug|Any CPU
		{8293EA09-93A9-4678-BB3F-EC60EFDCAD95}.Release|Any CPU.ActiveCfg = Release|Any CPU
		{8293EA09-93A9-4678-BB3F-EC60EFDCAD95}.Release|Any CPU.Build.0 = Release|Any CPU
		{B265CFF3-B541-43B2-9CC6-4D95E3805738}.Debug|Any CPU.ActiveCfg = Debug|Any CPU
		{B265CFF3-B541-43B2-9CC6-4D95E3805738}.Debug|Any CPU.Build.0 = Debug|Any CPU
		{B265CFF3-B541-43B2-9CC6-4D95E3805738}.Release|Any CPU.ActiveCfg = Release|Any CPU
		{B265CFF3-B541-43B2-9CC6-4D95E3805738}.Release|Any CPU.Build.0 = Release|Any CPU
		{6CC7A9D6-8B57-4E98-98D0-A5DB12733850}.Debug|Any CPU.ActiveCfg = Debug|Any CPU
		{6CC7A9D6-8B57-4E98-98D0-A5DB12733850}.Release|Any CPU.ActiveCfg = Release|Any CPU
		{6AA1F066-8F65-4D91-A947-05FB43FE4BDA}.Debug|Any CPU.ActiveCfg = Debug|Any CPU
		{6AA1F066-8F65-4D91-A947-05FB43FE4BDA}.Release|Any CPU.ActiveCfg = Release|Any CPU
	EndGlobalSection
	GlobalSection(SolutionProperties) = preSolution
		HideSolutionNode = FALSE
	EndGlobalSection
	GlobalSection(ExtensibilityGlobals) = postSolution
		SolutionGuid = {2BF44A31-A790-42D7-9422-CA5111FDD0F1}
	EndGlobalSection
EndGlobal
