
Microsoft Visual Studio Solution File, Format Version 12.00
# Visual Studio Version 16
VisualStudioVersion = 16.0.29326.143
MinimumVisualStudioVersion = 10.0.40219.1
Project("{9A19103F-16F7-4668-BE54-9A1E7A4F7556}") = "NakedObjects.Rest.Snapshot", "Rest\NakedObjects.Rest.Snapshot\NakedObjects.Rest.Snapshot.csproj", "{4F3A4379-B9F4-4A1E-BE21-1E2ADB058603}"
EndProject
Global
	GlobalSection(SolutionConfigurationPlatforms) = preSolution
		Debug|Any CPU = Debug|Any CPU
		Release|Any CPU = Release|Any CPU
	EndGlobalSection
	GlobalSection(ProjectConfigurationPlatforms) = postSolution
		{4F3A4379-B9F4-4A1E-BE21-1E2ADB058603}.Debug|Any CPU.ActiveCfg = Debug|Any CPU
		{4F3A4379-B9F4-4A1E-BE21-1E2ADB058603}.Debug|Any CPU.Build.0 = Debug|Any CPU
		{4F3A4379-B9F4-4A1E-BE21-1E2ADB058603}.Release|Any CPU.ActiveCfg = Release|Any CPU
		{4F3A4379-B9F4-4A1E-BE21-1E2ADB058603}.Release|Any CPU.Build.0 = Release|Any CPU
	EndGlobalSection
	GlobalSection(SolutionProperties) = preSolution
		HideSolutionNode = FALSE
	EndGlobalSection
	GlobalSection(ExtensibilityGlobals) = postSolution
		SolutionGuid = {3FB9C0CE-99EA-4A71-A78C-566608B8E61B}
	EndGlobalSection
EndGlobal
