
Microsoft Visual Studio Solution File, Format Version 12.00
# Visual Studio Version 16
VisualStudioVersion = 16.0.29326.143
MinimumVisualStudioVersion = 10.0.40219.1
Project("{9A19103F-16F7-4668-BE54-9A1E7A4F7556}") = "NakedObjects.Rest.Snapshot", "Rest\NakedObjects.Rest.Snapshot\NakedObjects.Rest.Snapshot.csproj", "{4F3A4379-B9F4-4A1E-BE21-1E2ADB058603}"
EndProject
Project("{9A19103F-16F7-4668-BE54-9A1E7A4F7556}") = "NakedObjects.Rest", "Rest\NakedObjects.Rest\NakedObjects.Rest.csproj", "{45BBBD4B-5442-4013-AF5D-9B5FF2A554F5}"
EndProject
Project("{6EC3EE1D-3C4E-46DD-8F32-0CC8E7565705}") = "NakedObjects.Rest.Test", "Rest\NakedObjects.Rest.Test\NakedObjects.Rest.Test.fsproj", "{39D9740D-3F06-4D47-BD55-29B409F31C3B}"
EndProject
Project("{9A19103F-16F7-4668-BE54-9A1E7A4F7556}") = "NakedObjects.Rest.Test.Data", "Rest\NakedObjects.Rest.Test.Data\NakedObjects.Rest.Test.Data.csproj", "{846A6556-9BB4-4EBF-8FF1-8698EF1BA374}"
EndProject
Project("{6EC3EE1D-3C4E-46DD-8F32-0CC8E7565705}") = "NakedObjects.Rest.Test.Nof4", "Rest\NakedObjects.Rest.Test.Nof4\NakedObjects.Rest.Test.Nof4.fsproj", "{358C4FC2-43F9-4DC8-BB41-39E8F94ADC33}"
EndProject
Project("{9A19103F-16F7-4668-BE54-9A1E7A4F7556}") = "NakedObjects.Rest.App", "Rest\NakedObjects.Rest.App\NakedObjects.Rest.App.csproj", "{D801D9D2-2550-4D3A-8EF9-FBBDFAEBCA0B}"
EndProject
Global
	GlobalSection(SolutionConfigurationPlatforms) = preSolution
		Debug|Any CPU = Debug|Any CPU
		Release|Any CPU = Release|Any CPU
	EndGlobalSection
	GlobalSection(ProjectConfigurationPlatforms) = postSolution
		{4F3A4379-B9F4-4A1E-BE21-1E2ADB058603}.Debug|Any CPU.ActiveCfg = Debug|Any CPU
		{4F3A4379-B9F4-4A1E-BE21-1E2ADB058603}.Debug|Any CPU.Build.0 = Debug|Any CPU
		{4F3A4379-B9F4-4A1E-BE21-1E2ADB058603}.Release|Any CPU.ActiveCfg = Release|Any CPU
		{4F3A4379-B9F4-4A1E-BE21-1E2ADB058603}.Release|Any CPU.Build.0 = Release|Any CPU
		{45BBBD4B-5442-4013-AF5D-9B5FF2A554F5}.Debug|Any CPU.ActiveCfg = Debug|Any CPU
		{45BBBD4B-5442-4013-AF5D-9B5FF2A554F5}.Debug|Any CPU.Build.0 = Debug|Any CPU
		{45BBBD4B-5442-4013-AF5D-9B5FF2A554F5}.Release|Any CPU.ActiveCfg = Release|Any CPU
		{45BBBD4B-5442-4013-AF5D-9B5FF2A554F5}.Release|Any CPU.Build.0 = Release|Any CPU
		{39D9740D-3F06-4D47-BD55-29B409F31C3B}.Debug|Any CPU.ActiveCfg = Debug|Any CPU
		{39D9740D-3F06-4D47-BD55-29B409F31C3B}.Debug|Any CPU.Build.0 = Debug|Any CPU
		{39D9740D-3F06-4D47-BD55-29B409F31C3B}.Release|Any CPU.ActiveCfg = Release|Any CPU
		{39D9740D-3F06-4D47-BD55-29B409F31C3B}.Release|Any CPU.Build.0 = Release|Any CPU
		{846A6556-9BB4-4EBF-8FF1-8698EF1BA374}.Debug|Any CPU.ActiveCfg = Debug|Any CPU
		{846A6556-9BB4-4EBF-8FF1-8698EF1BA374}.Debug|Any CPU.Build.0 = Debug|Any CPU
		{846A6556-9BB4-4EBF-8FF1-8698EF1BA374}.Release|Any CPU.ActiveCfg = Release|Any CPU
		{846A6556-9BB4-4EBF-8FF1-8698EF1BA374}.Release|Any CPU.Build.0 = Release|Any CPU
		{358C4FC2-43F9-4DC8-BB41-39E8F94ADC33}.Debug|Any CPU.ActiveCfg = Debug|Any CPU
		{358C4FC2-43F9-4DC8-BB41-39E8F94ADC33}.Debug|Any CPU.Build.0 = Debug|Any CPU
		{358C4FC2-43F9-4DC8-BB41-39E8F94ADC33}.Release|Any CPU.ActiveCfg = Release|Any CPU
		{358C4FC2-43F9-4DC8-BB41-39E8F94ADC33}.Release|Any CPU.Build.0 = Release|Any CPU
		{D801D9D2-2550-4D3A-8EF9-FBBDFAEBCA0B}.Debug|Any CPU.ActiveCfg = Debug|Any CPU
		{D801D9D2-2550-4D3A-8EF9-FBBDFAEBCA0B}.Debug|Any CPU.Build.0 = Debug|Any CPU
		{D801D9D2-2550-4D3A-8EF9-FBBDFAEBCA0B}.Release|Any CPU.ActiveCfg = Release|Any CPU
		{D801D9D2-2550-4D3A-8EF9-FBBDFAEBCA0B}.Release|Any CPU.Build.0 = Release|Any CPU
	EndGlobalSection
	GlobalSection(SolutionProperties) = preSolution
		HideSolutionNode = FALSE
	EndGlobalSection
	GlobalSection(ExtensibilityGlobals) = postSolution
		SolutionGuid = {3FB9C0CE-99EA-4A71-A78C-566608B8E61B}
	EndGlobalSection
EndGlobal
