
Microsoft Visual Studio Solution File, Format Version 12.00
# Visual Studio 2012
Project("{2150E333-8FDC-42A3-9474-1A3956D46DE8}") = "Solution Items", "Solution Items", "{39C8221D-7032-45C1-8B3B-3DB84D1B1D37}"
EndProject
Project("{FAE04EC0-301F-11D3-BF4B-00C04F79EFBC}") = "RestfulObjects.Bootstrap", "RestfulObjects Server\RestfulObjects.Bootstrap\RestfulObjects.Bootstrap.csproj", "{274248F9-5DF0-4710-88D0-A0906FF78344}"
EndProject
Project("{FAE04EC0-301F-11D3-BF4B-00C04F79EFBC}") = "RestfulObjects.Mvc", "RestfulObjects Server\RestfulObjects.Mvc\RestfulObjects.Mvc.csproj", "{DFD82203-DA17-43A4-96E8-5F2C558CF9A4}"
EndProject
Project("{FAE04EC0-301F-11D3-BF4B-00C04F79EFBC}") = "RestfulObjects.Snapshot", "RestfulObjects Server\RestfulObjects.Snapshot\RestfulObjects.Snapshot.csproj", "{6F3B3F67-FD4B-4DDF-BA3A-3FC9FCC4953A}"
EndProject
Project("{FAE04EC0-301F-11D3-BF4B-00C04F79EFBC}") = "RestfulObjects.Test.Data", "RestfulObjects Server\RestfulObjects.Test.Data\RestfulObjects.Test.Data.csproj", "{D1857EE7-DE8A-41AA-9509-CF40697A0589}"
EndProject
Project("{F2A71F9B-5D33-465A-A702-920D77279786}") = "RestfulObjects.Test", "RestfulObjects Server\RestfulObjects.Test\RestfulObjects.Test.fsproj", "{3BBBE57E-ABD7-48AE-B4E4-B3ECEB4D7A0A}"
EndProject
Project("{F2A71F9B-5D33-465A-A702-920D77279786}") = "RestfulObjects.Test.Nof4", "RestfulObjects Server\RestfulObjects.Test.Nof4\RestfulObjects.Test.Nof4.fsproj", "{06FDCA93-7842-4C66-9084-5DE8E1257E6F}"
EndProject
Project("{2150E333-8FDC-42A3-9474-1A3956D46DE8}") = ".nuget", ".nuget", "{876DD888-C7DF-433C-8742-1D840057C5D5}"
	ProjectSection(SolutionItems) = preProject
		.nuget\packages.config = .nuget\packages.config
	EndProjectSection
EndProject
Project("{FAE04EC0-301F-11D3-BF4B-00C04F79EFBC}") = "RestfulObjects.Mvc.App", "RestfulObjects Server\RestfulObjects.Mvc.App\RestfulObjects.Mvc.App.csproj", "{8AAC6FAB-EAB9-4255-8BD6-07386DFE543C}"
EndProject
Global
	GlobalSection(TestCaseManagementSettings) = postSolution
		CategoryFile = Server.vsmdi
	EndGlobalSection
	GlobalSection(SolutionConfigurationPlatforms) = preSolution
		Debug|Any CPU = Debug|Any CPU
		Debug|x86 = Debug|x86
		Release|Any CPU = Release|Any CPU
		Release|x86 = Release|x86
	EndGlobalSection
	GlobalSection(ProjectConfigurationPlatforms) = postSolution
		{274248F9-5DF0-4710-88D0-A0906FF78344}.Debug|Any CPU.ActiveCfg = Debug|Any CPU
		{274248F9-5DF0-4710-88D0-A0906FF78344}.Debug|Any CPU.Build.0 = Debug|Any CPU
		{274248F9-5DF0-4710-88D0-A0906FF78344}.Debug|x86.ActiveCfg = Debug|x86
		{274248F9-5DF0-4710-88D0-A0906FF78344}.Debug|x86.Build.0 = Debug|x86
		{274248F9-5DF0-4710-88D0-A0906FF78344}.Release|Any CPU.ActiveCfg = Release|Any CPU
		{274248F9-5DF0-4710-88D0-A0906FF78344}.Release|Any CPU.Build.0 = Release|Any CPU
		{274248F9-5DF0-4710-88D0-A0906FF78344}.Release|x86.ActiveCfg = Release|x86
		{274248F9-5DF0-4710-88D0-A0906FF78344}.Release|x86.Build.0 = Release|x86
		{DFD82203-DA17-43A4-96E8-5F2C558CF9A4}.Debug|Any CPU.ActiveCfg = Debug|Any CPU
		{DFD82203-DA17-43A4-96E8-5F2C558CF9A4}.Debug|Any CPU.Build.0 = Debug|Any CPU
		{DFD82203-DA17-43A4-96E8-5F2C558CF9A4}.Debug|x86.ActiveCfg = Debug|x86
		{DFD82203-DA17-43A4-96E8-5F2C558CF9A4}.Debug|x86.Build.0 = Debug|x86
		{DFD82203-DA17-43A4-96E8-5F2C558CF9A4}.Release|Any CPU.ActiveCfg = Release|Any CPU
		{DFD82203-DA17-43A4-96E8-5F2C558CF9A4}.Release|Any CPU.Build.0 = Release|Any CPU
		{DFD82203-DA17-43A4-96E8-5F2C558CF9A4}.Release|x86.ActiveCfg = Release|x86
		{DFD82203-DA17-43A4-96E8-5F2C558CF9A4}.Release|x86.Build.0 = Release|x86
		{6F3B3F67-FD4B-4DDF-BA3A-3FC9FCC4953A}.Debug|Any CPU.ActiveCfg = Debug|Any CPU
		{6F3B3F67-FD4B-4DDF-BA3A-3FC9FCC4953A}.Debug|Any CPU.Build.0 = Debug|Any CPU
		{6F3B3F67-FD4B-4DDF-BA3A-3FC9FCC4953A}.Debug|x86.ActiveCfg = Debug|x86
		{6F3B3F67-FD4B-4DDF-BA3A-3FC9FCC4953A}.Debug|x86.Build.0 = Debug|x86
		{6F3B3F67-FD4B-4DDF-BA3A-3FC9FCC4953A}.Release|Any CPU.ActiveCfg = Release|Any CPU
		{6F3B3F67-FD4B-4DDF-BA3A-3FC9FCC4953A}.Release|Any CPU.Build.0 = Release|Any CPU
		{6F3B3F67-FD4B-4DDF-BA3A-3FC9FCC4953A}.Release|x86.ActiveCfg = Release|x86
		{6F3B3F67-FD4B-4DDF-BA3A-3FC9FCC4953A}.Release|x86.Build.0 = Release|x86
		{D1857EE7-DE8A-41AA-9509-CF40697A0589}.Debug|Any CPU.ActiveCfg = Debug|Any CPU
		{D1857EE7-DE8A-41AA-9509-CF40697A0589}.Debug|Any CPU.Build.0 = Debug|Any CPU
		{D1857EE7-DE8A-41AA-9509-CF40697A0589}.Debug|x86.ActiveCfg = Debug|x86
		{D1857EE7-DE8A-41AA-9509-CF40697A0589}.Debug|x86.Build.0 = Debug|x86
		{D1857EE7-DE8A-41AA-9509-CF40697A0589}.Release|Any CPU.ActiveCfg = Release|Any CPU
		{D1857EE7-DE8A-41AA-9509-CF40697A0589}.Release|Any CPU.Build.0 = Release|Any CPU
		{D1857EE7-DE8A-41AA-9509-CF40697A0589}.Release|x86.ActiveCfg = Release|x86
		{D1857EE7-DE8A-41AA-9509-CF40697A0589}.Release|x86.Build.0 = Release|x86
		{3BBBE57E-ABD7-48AE-B4E4-B3ECEB4D7A0A}.Debug|Any CPU.ActiveCfg = Debug|Any CPU
		{3BBBE57E-ABD7-48AE-B4E4-B3ECEB4D7A0A}.Debug|Any CPU.Build.0 = Debug|Any CPU
		{3BBBE57E-ABD7-48AE-B4E4-B3ECEB4D7A0A}.Debug|x86.ActiveCfg = Debug|x86
		{3BBBE57E-ABD7-48AE-B4E4-B3ECEB4D7A0A}.Debug|x86.Build.0 = Debug|x86
		{3BBBE57E-ABD7-48AE-B4E4-B3ECEB4D7A0A}.Release|Any CPU.ActiveCfg = Release|Any CPU
		{3BBBE57E-ABD7-48AE-B4E4-B3ECEB4D7A0A}.Release|Any CPU.Build.0 = Release|Any CPU
		{3BBBE57E-ABD7-48AE-B4E4-B3ECEB4D7A0A}.Release|x86.ActiveCfg = Release|x86
		{3BBBE57E-ABD7-48AE-B4E4-B3ECEB4D7A0A}.Release|x86.Build.0 = Release|x86
		{06FDCA93-7842-4C66-9084-5DE8E1257E6F}.Debug|Any CPU.ActiveCfg = Debug|Any CPU
		{06FDCA93-7842-4C66-9084-5DE8E1257E6F}.Debug|Any CPU.Build.0 = Debug|Any CPU
		{06FDCA93-7842-4C66-9084-5DE8E1257E6F}.Debug|x86.ActiveCfg = Debug|x86
		{06FDCA93-7842-4C66-9084-5DE8E1257E6F}.Debug|x86.Build.0 = Debug|x86
		{06FDCA93-7842-4C66-9084-5DE8E1257E6F}.Release|Any CPU.ActiveCfg = Release|Any CPU
		{06FDCA93-7842-4C66-9084-5DE8E1257E6F}.Release|Any CPU.Build.0 = Release|Any CPU
		{06FDCA93-7842-4C66-9084-5DE8E1257E6F}.Release|x86.ActiveCfg = Release|x86
		{06FDCA93-7842-4C66-9084-5DE8E1257E6F}.Release|x86.Build.0 = Release|x86
		{8AAC6FAB-EAB9-4255-8BD6-07386DFE543C}.Debug|Any CPU.ActiveCfg = Debug|Any CPU
		{8AAC6FAB-EAB9-4255-8BD6-07386DFE543C}.Debug|Any CPU.Build.0 = Debug|Any CPU
		{8AAC6FAB-EAB9-4255-8BD6-07386DFE543C}.Debug|x86.ActiveCfg = Debug|Any CPU
		{8AAC6FAB-EAB9-4255-8BD6-07386DFE543C}.Release|Any CPU.ActiveCfg = Release|Any CPU
		{8AAC6FAB-EAB9-4255-8BD6-07386DFE543C}.Release|Any CPU.Build.0 = Release|Any CPU
		{8AAC6FAB-EAB9-4255-8BD6-07386DFE543C}.Release|x86.ActiveCfg = Release|Any CPU
	EndGlobalSection
	GlobalSection(SolutionProperties) = preSolution
		HideSolutionNode = FALSE
	EndGlobalSection
EndGlobal
