
Microsoft Visual Studio Solution File, Format Version 12.00
# Visual Studio 2012
Project("{FAE04EC0-301F-11D3-BF4B-00C04F79EFBC}") = "AdventureWorksModel", "Samples\AdventureWorksModel\AdventureWorksModel.csproj", "{FDDBA108-8B58-40C6-A375-FFB92B1933DD}"
EndProject
Project("{2150E333-8FDC-42A3-9474-1A3956D46DE8}") = ".nuget", ".nuget", "{0238F433-8FEF-4A04-98DA-22E9DE594289}"
	ProjectSection(SolutionItems) = preProject
		.nuget\packages.config = .nuget\packages.config
	EndProjectSection
EndProject
Project("{2150E333-8FDC-42A3-9474-1A3956D46DE8}") = ".build", ".build", "{89B8A85D-A107-4BCE-85D6-656B7714F6CC}"
	ProjectSection(SolutionItems) = preProject
		Build.proj = Build.proj
		.build\MSBuild.Community.Tasks.dll = .build\MSBuild.Community.Tasks.dll
		.build\MSBuild.Community.Tasks.targets = .build\MSBuild.Community.Tasks.targets
	EndProjectSection
EndProject
Global
	GlobalSection(TestCaseManagementSettings) = postSolution
		CategoryFile = development.vsmdi
	EndGlobalSection
	GlobalSection(SolutionConfigurationPlatforms) = preSolution
		Debug|Any CPU = Debug|Any CPU
		Release|Any CPU = Release|Any CPU
	EndGlobalSection
	GlobalSection(ProjectConfigurationPlatforms) = postSolution
		{FDDBA108-8B58-40C6-A375-FFB92B1933DD}.Debug|Any CPU.ActiveCfg = Debug|Any CPU
		{FDDBA108-8B58-40C6-A375-FFB92B1933DD}.Debug|Any CPU.Build.0 = Debug|Any CPU
		{FDDBA108-8B58-40C6-A375-FFB92B1933DD}.Release|Any CPU.ActiveCfg = Release|Any CPU
		{FDDBA108-8B58-40C6-A375-FFB92B1933DD}.Release|Any CPU.Build.0 = Release|Any CPU
	EndGlobalSection
	GlobalSection(SolutionProperties) = preSolution
		HideSolutionNode = FALSE
	EndGlobalSection
EndGlobal
