
Microsoft Visual Studio Solution File, Format Version 12.00
# Visual Studio 2013
VisualStudioVersion = 12.0.31101.0
MinimumVisualStudioVersion = 10.0.40219.1
Project("{FAE04EC0-301F-11D3-BF4B-00C04F79EFBC}") = "NakedObjects.Mvc", "MVC\NakedObjects.Mvc\NakedObjects.Mvc.csproj", "{6D3572F4-855C-47C9-A273-9C5B08AA008D}"
EndProject
Project("{FAE04EC0-301F-11D3-BF4B-00C04F79EFBC}") = "NakedObjects.Mvc.App", "MVC\NakedObjects.Mvc.App\NakedObjects.Mvc.App.csproj", "{696EF7AD-FCC5-4C33-800C-189E159A7472}"
EndProject
Project("{FAE04EC0-301F-11D3-BF4B-00C04F79EFBC}") = "NakedObjects.Mvc.App.Test", "MVC\NakedObjects.Mvc.App.Test\NakedObjects.Mvc.App.Test.csproj", "{79D2FD11-7410-4668-8848-DDF52F23C6FA}"
EndProject
Project("{FAE04EC0-301F-11D3-BF4B-00C04F79EFBC}") = "NakedObjects.Mvc.Test", "MVC\NakedObjects.Mvc.Test\NakedObjects.Mvc.Test.csproj", "{61777AD0-7308-4878-87DE-D64FAD45C373}"
EndProject
Project("{FAE04EC0-301F-11D3-BF4B-00C04F79EFBC}") = "NakedObjects.Mvc.Test.Data", "MVC\NakedObjects.Mvc.Test.Data\NakedObjects.Mvc.Test.Data.csproj", "{86F1438E-5127-48EA-8931-9A53ED108327}"
EndProject
Project("{FAE04EC0-301F-11D3-BF4B-00C04F79EFBC}") = "NakedObjects.Mvc.Test.Javascript", "MVC\NakedObjects.Mvc.Test.Javascript\NakedObjects.Mvc.Test.Javascript.csproj", "{A6D17327-22BE-47B8-9BF5-2D328DEF3D33}"
EndProject
Project("{FAE04EC0-301F-11D3-BF4B-00C04F79EFBC}") = "AdventureWorksModel", "Samples\AdventureWorksModel\AdventureWorksModel.csproj", "{FDDBA108-8B58-40C6-A375-FFB92B1933DD}"
EndProject
Project("{FAE04EC0-301F-11D3-BF4B-00C04F79EFBC}") = "NakedObjects.MvcResources", "MVC\NakedObjects.MvcResources\NakedObjects.MvcResources.csproj", "{7F2767F4-0F98-47FA-BE56-9EB5AC3CEB2B}"
EndProject
Project("{2150E333-8FDC-42A3-9474-1A3956D46DE8}") = ".nuget", ".nuget", "{01170232-E2A9-48AC-B979-3641B10478ED}"
	ProjectSection(SolutionItems) = preProject
		.nuget\packages.config = .nuget\packages.config
	EndProjectSection
EndProject
Project("{2150E333-8FDC-42A3-9474-1A3956D46DE8}") = ".build", ".build", "{D260838B-32A5-4035-A930-215928CF72BA}"
	ProjectSection(SolutionItems) = preProject
		Build.proj = Build.proj
		.build\MSBuild.Community.Tasks.dll = .build\MSBuild.Community.Tasks.dll
		.build\MSBuild.Community.Tasks.targets = .build\MSBuild.Community.Tasks.targets
	EndProjectSection
EndProject
Project("{FAE04EC0-301F-11D3-BF4B-00C04F79EFBC}") = "NakedObjects.DatabaseHelpers", "Test\NakedObjects.DatabaseHelpers\NakedObjects.DatabaseHelpers.csproj", "{DDE874EE-B28B-4577-A28A-6D35690D6310}"
EndProject
Project("{FAE04EC0-301F-11D3-BF4B-00C04F79EFBC}") = "NakedObjects.Surface", "Surface\NakedObjects.Surface\NakedObjects.Surface.csproj", "{EC9AF8ED-FC49-4E1B-8E45-3450641AE561}"
EndProject
Project("{FAE04EC0-301F-11D3-BF4B-00C04F79EFBC}") = "NakedObjects.Surface.Nof4", "Surface\NakedObjects.Surface.Nof4\NakedObjects.Surface.Nof4.csproj", "{9AEB1EA4-E7A0-42E5-B5C8-0629E61ECF0D}"
EndProject
Project("{FAE04EC0-301F-11D3-BF4B-00C04F79EFBC}") = "NakedObjects.Surface.Nof2", "Surface\NakedObjects.Surface.Nof2\NakedObjects.Surface.Nof2.csproj", "{3081BF82-8C5F-4FC6-8AE6-E8D675285F7E}"
EndProject
Project("{FAE04EC0-301F-11D3-BF4B-00C04F79EFBC}") = "RestfulObjects.Mvc", "RestfulObjects Server\RestfulObjects.Mvc\RestfulObjects.Mvc.csproj", "{DFD82203-DA17-43A4-96E8-5F2C558CF9A4}"
EndProject
Project("{FAE04EC0-301F-11D3-BF4B-00C04F79EFBC}") = "RestfulObjects.Mvc.App", "RestfulObjects Server\RestfulObjects.Mvc.App\RestfulObjects.Mvc.App.csproj", "{8AAC6FAB-EAB9-4255-8BD6-07386DFE543C}"
EndProject
Project("{FAE04EC0-301F-11D3-BF4B-00C04F79EFBC}") = "RestfulObjects.Snapshot", "RestfulObjects Server\RestfulObjects.Snapshot\RestfulObjects.Snapshot.csproj", "{6F3B3F67-FD4B-4DDF-BA3A-3FC9FCC4953A}"
EndProject
Project("{F2A71F9B-5D33-465A-A702-920D77279786}") = "RestfulObjects.Test", "RestfulObjects Server\RestfulObjects.Test\RestfulObjects.Test.fsproj", "{3BBBE57E-ABD7-48AE-B4E4-B3ECEB4D7A0A}"
EndProject
Project("{FAE04EC0-301F-11D3-BF4B-00C04F79EFBC}") = "RestfulObjects.Test.Data", "RestfulObjects Server\RestfulObjects.Test.Data\RestfulObjects.Test.Data.csproj", "{D1857EE7-DE8A-41AA-9509-CF40697A0589}"
EndProject
Project("{F2A71F9B-5D33-465A-A702-920D77279786}") = "RestfulObjects.Test.Nof4", "RestfulObjects Server\RestfulObjects.Test.Nof4\RestfulObjects.Test.Nof4.fsproj", "{06FDCA93-7842-4C66-9084-5DE8E1257E6F}"
EndProject
Project("{FAE04EC0-301F-11D3-BF4B-00C04F79EFBC}") = "RestfulObjects.Mvc.App.Nof2", "RestfulObjects Server\RestfulObjects.Mvc.App.Nof2\RestfulObjects.Mvc.App.Nof2.csproj", "{907B43DA-A34B-4B87-80CB-10E2F5871C51}"
EndProject
Project("{F184B08F-C81C-45F6-A57F-5ABD9991F28F}") = "RestfulObjects.Test.Data.Sdm2", "RestfulObjects Server\RestfulObjects.Test.Data.Sdm2\RestfulObjects.Test.Data.Sdm2.vbproj", "{0575C60B-36E4-4260-8E0D-D549802DE829}"
EndProject
Project("{F2A71F9B-5D33-465A-A702-920D77279786}") = "RestfulObjects.Test.Nof2", "RestfulObjects Server\RestfulObjects.Test.Nof2\RestfulObjects.Test.Nof2.fsproj", "{F4EEF73F-F2EE-44E5-95BD-4A02F8DB7724}"
EndProject
Project("{F184B08F-C81C-45F6-A57F-5ABD9991F28F}") = "RestfulObjects.Test.TestCase.Nof2", "RestfulObjects Server\RestfulObjects.Test.TestCase.Nof2\RestfulObjects.Test.TestCase.Nof2.vbproj", "{36FC2998-1EA1-4428-9D66-AD3256F02DBE}"
EndProject
Global
	GlobalSection(SolutionConfigurationPlatforms) = preSolution
		Debug|Any CPU = Debug|Any CPU
		Debug|x86 = Debug|x86
		Release|Any CPU = Release|Any CPU
		Release|x86 = Release|x86
	EndGlobalSection
	GlobalSection(ProjectConfigurationPlatforms) = postSolution
		{6D3572F4-855C-47C9-A273-9C5B08AA008D}.Debug|Any CPU.ActiveCfg = Debug|Any CPU
		{6D3572F4-855C-47C9-A273-9C5B08AA008D}.Debug|Any CPU.Build.0 = Debug|Any CPU
		{6D3572F4-855C-47C9-A273-9C5B08AA008D}.Debug|x86.ActiveCfg = Debug|Any CPU
		{6D3572F4-855C-47C9-A273-9C5B08AA008D}.Release|Any CPU.ActiveCfg = Release|Any CPU
		{6D3572F4-855C-47C9-A273-9C5B08AA008D}.Release|Any CPU.Build.0 = Release|Any CPU
		{6D3572F4-855C-47C9-A273-9C5B08AA008D}.Release|x86.ActiveCfg = Release|Any CPU
		{696EF7AD-FCC5-4C33-800C-189E159A7472}.Debug|Any CPU.ActiveCfg = Debug|Any CPU
		{696EF7AD-FCC5-4C33-800C-189E159A7472}.Debug|Any CPU.Build.0 = Debug|Any CPU
		{696EF7AD-FCC5-4C33-800C-189E159A7472}.Debug|x86.ActiveCfg = Debug|Any CPU
		{696EF7AD-FCC5-4C33-800C-189E159A7472}.Release|Any CPU.ActiveCfg = Release|Any CPU
		{696EF7AD-FCC5-4C33-800C-189E159A7472}.Release|Any CPU.Build.0 = Release|Any CPU
		{696EF7AD-FCC5-4C33-800C-189E159A7472}.Release|x86.ActiveCfg = Release|Any CPU
		{79D2FD11-7410-4668-8848-DDF52F23C6FA}.Debug|Any CPU.ActiveCfg = Debug|Any CPU
		{79D2FD11-7410-4668-8848-DDF52F23C6FA}.Debug|Any CPU.Build.0 = Debug|Any CPU
		{79D2FD11-7410-4668-8848-DDF52F23C6FA}.Debug|x86.ActiveCfg = Debug|Any CPU
		{79D2FD11-7410-4668-8848-DDF52F23C6FA}.Release|Any CPU.ActiveCfg = Release|Any CPU
		{79D2FD11-7410-4668-8848-DDF52F23C6FA}.Release|Any CPU.Build.0 = Release|Any CPU
		{79D2FD11-7410-4668-8848-DDF52F23C6FA}.Release|x86.ActiveCfg = Release|Any CPU
		{61777AD0-7308-4878-87DE-D64FAD45C373}.Debug|Any CPU.ActiveCfg = Debug|Any CPU
		{61777AD0-7308-4878-87DE-D64FAD45C373}.Debug|Any CPU.Build.0 = Debug|Any CPU
		{61777AD0-7308-4878-87DE-D64FAD45C373}.Debug|x86.ActiveCfg = Debug|Any CPU
		{61777AD0-7308-4878-87DE-D64FAD45C373}.Release|Any CPU.ActiveCfg = Release|Any CPU
		{61777AD0-7308-4878-87DE-D64FAD45C373}.Release|Any CPU.Build.0 = Release|Any CPU
		{61777AD0-7308-4878-87DE-D64FAD45C373}.Release|x86.ActiveCfg = Release|Any CPU
		{86F1438E-5127-48EA-8931-9A53ED108327}.Debug|Any CPU.ActiveCfg = Debug|Any CPU
		{86F1438E-5127-48EA-8931-9A53ED108327}.Debug|Any CPU.Build.0 = Debug|Any CPU
		{86F1438E-5127-48EA-8931-9A53ED108327}.Debug|x86.ActiveCfg = Debug|Any CPU
		{86F1438E-5127-48EA-8931-9A53ED108327}.Release|Any CPU.ActiveCfg = Release|Any CPU
		{86F1438E-5127-48EA-8931-9A53ED108327}.Release|Any CPU.Build.0 = Release|Any CPU
		{86F1438E-5127-48EA-8931-9A53ED108327}.Release|x86.ActiveCfg = Release|Any CPU
		{A6D17327-22BE-47B8-9BF5-2D328DEF3D33}.Debug|Any CPU.ActiveCfg = Debug|Any CPU
		{A6D17327-22BE-47B8-9BF5-2D328DEF3D33}.Debug|Any CPU.Build.0 = Debug|Any CPU
		{A6D17327-22BE-47B8-9BF5-2D328DEF3D33}.Debug|x86.ActiveCfg = Debug|Any CPU
		{A6D17327-22BE-47B8-9BF5-2D328DEF3D33}.Release|Any CPU.ActiveCfg = Release|Any CPU
		{A6D17327-22BE-47B8-9BF5-2D328DEF3D33}.Release|Any CPU.Build.0 = Release|Any CPU
		{A6D17327-22BE-47B8-9BF5-2D328DEF3D33}.Release|x86.ActiveCfg = Release|Any CPU
		{FDDBA108-8B58-40C6-A375-FFB92B1933DD}.Debug|Any CPU.ActiveCfg = Debug|Any CPU
		{FDDBA108-8B58-40C6-A375-FFB92B1933DD}.Debug|Any CPU.Build.0 = Debug|Any CPU
		{FDDBA108-8B58-40C6-A375-FFB92B1933DD}.Debug|x86.ActiveCfg = Debug|Any CPU
		{FDDBA108-8B58-40C6-A375-FFB92B1933DD}.Release|Any CPU.ActiveCfg = Release|Any CPU
		{FDDBA108-8B58-40C6-A375-FFB92B1933DD}.Release|Any CPU.Build.0 = Release|Any CPU
		{FDDBA108-8B58-40C6-A375-FFB92B1933DD}.Release|x86.ActiveCfg = Release|Any CPU
		{7F2767F4-0F98-47FA-BE56-9EB5AC3CEB2B}.Debug|Any CPU.ActiveCfg = Debug|Any CPU
		{7F2767F4-0F98-47FA-BE56-9EB5AC3CEB2B}.Debug|Any CPU.Build.0 = Debug|Any CPU
		{7F2767F4-0F98-47FA-BE56-9EB5AC3CEB2B}.Debug|x86.ActiveCfg = Debug|Any CPU
		{7F2767F4-0F98-47FA-BE56-9EB5AC3CEB2B}.Release|Any CPU.ActiveCfg = Release|Any CPU
		{7F2767F4-0F98-47FA-BE56-9EB5AC3CEB2B}.Release|Any CPU.Build.0 = Release|Any CPU
		{7F2767F4-0F98-47FA-BE56-9EB5AC3CEB2B}.Release|x86.ActiveCfg = Release|Any CPU
		{DDE874EE-B28B-4577-A28A-6D35690D6310}.Debug|Any CPU.ActiveCfg = Debug|Any CPU
		{DDE874EE-B28B-4577-A28A-6D35690D6310}.Debug|Any CPU.Build.0 = Debug|Any CPU
		{DDE874EE-B28B-4577-A28A-6D35690D6310}.Debug|x86.ActiveCfg = Debug|Any CPU
		{DDE874EE-B28B-4577-A28A-6D35690D6310}.Release|Any CPU.ActiveCfg = Release|Any CPU
		{DDE874EE-B28B-4577-A28A-6D35690D6310}.Release|Any CPU.Build.0 = Release|Any CPU
		{DDE874EE-B28B-4577-A28A-6D35690D6310}.Release|x86.ActiveCfg = Release|Any CPU
		{EC9AF8ED-FC49-4E1B-8E45-3450641AE561}.Debug|Any CPU.ActiveCfg = Debug|Any CPU
		{EC9AF8ED-FC49-4E1B-8E45-3450641AE561}.Debug|Any CPU.Build.0 = Debug|Any CPU
		{EC9AF8ED-FC49-4E1B-8E45-3450641AE561}.Debug|x86.ActiveCfg = Debug|x86
		{EC9AF8ED-FC49-4E1B-8E45-3450641AE561}.Debug|x86.Build.0 = Debug|x86
		{EC9AF8ED-FC49-4E1B-8E45-3450641AE561}.Release|Any CPU.ActiveCfg = Release|Any CPU
		{EC9AF8ED-FC49-4E1B-8E45-3450641AE561}.Release|Any CPU.Build.0 = Release|Any CPU
		{EC9AF8ED-FC49-4E1B-8E45-3450641AE561}.Release|x86.ActiveCfg = Release|x86
		{EC9AF8ED-FC49-4E1B-8E45-3450641AE561}.Release|x86.Build.0 = Release|x86
		{9AEB1EA4-E7A0-42E5-B5C8-0629E61ECF0D}.Debug|Any CPU.ActiveCfg = Debug|Any CPU
		{9AEB1EA4-E7A0-42E5-B5C8-0629E61ECF0D}.Debug|Any CPU.Build.0 = Debug|Any CPU
		{9AEB1EA4-E7A0-42E5-B5C8-0629E61ECF0D}.Debug|x86.ActiveCfg = Debug|x86
		{9AEB1EA4-E7A0-42E5-B5C8-0629E61ECF0D}.Debug|x86.Build.0 = Debug|x86
		{9AEB1EA4-E7A0-42E5-B5C8-0629E61ECF0D}.Release|Any CPU.ActiveCfg = Release|Any CPU
		{9AEB1EA4-E7A0-42E5-B5C8-0629E61ECF0D}.Release|Any CPU.Build.0 = Release|Any CPU
		{9AEB1EA4-E7A0-42E5-B5C8-0629E61ECF0D}.Release|x86.ActiveCfg = Release|x86
		{9AEB1EA4-E7A0-42E5-B5C8-0629E61ECF0D}.Release|x86.Build.0 = Release|x86
		{3081BF82-8C5F-4FC6-8AE6-E8D675285F7E}.Debug|Any CPU.ActiveCfg = Debug|Any CPU
		{3081BF82-8C5F-4FC6-8AE6-E8D675285F7E}.Debug|Any CPU.Build.0 = Debug|Any CPU
		{3081BF82-8C5F-4FC6-8AE6-E8D675285F7E}.Debug|x86.ActiveCfg = Debug|x86
		{3081BF82-8C5F-4FC6-8AE6-E8D675285F7E}.Debug|x86.Build.0 = Debug|x86
		{3081BF82-8C5F-4FC6-8AE6-E8D675285F7E}.Release|Any CPU.ActiveCfg = Release|Any CPU
		{3081BF82-8C5F-4FC6-8AE6-E8D675285F7E}.Release|Any CPU.Build.0 = Release|Any CPU
		{3081BF82-8C5F-4FC6-8AE6-E8D675285F7E}.Release|x86.ActiveCfg = Release|x86
		{3081BF82-8C5F-4FC6-8AE6-E8D675285F7E}.Release|x86.Build.0 = Release|x86
		{DFD82203-DA17-43A4-96E8-5F2C558CF9A4}.Debug|Any CPU.ActiveCfg = Debug|Any CPU
		{DFD82203-DA17-43A4-96E8-5F2C558CF9A4}.Debug|Any CPU.Build.0 = Debug|Any CPU
		{DFD82203-DA17-43A4-96E8-5F2C558CF9A4}.Debug|x86.ActiveCfg = Debug|x86
		{DFD82203-DA17-43A4-96E8-5F2C558CF9A4}.Debug|x86.Build.0 = Debug|x86
		{DFD82203-DA17-43A4-96E8-5F2C558CF9A4}.Release|Any CPU.ActiveCfg = Release|Any CPU
		{DFD82203-DA17-43A4-96E8-5F2C558CF9A4}.Release|Any CPU.Build.0 = Release|Any CPU
		{DFD82203-DA17-43A4-96E8-5F2C558CF9A4}.Release|x86.ActiveCfg = Release|x86
		{DFD82203-DA17-43A4-96E8-5F2C558CF9A4}.Release|x86.Build.0 = Release|x86
		{8AAC6FAB-EAB9-4255-8BD6-07386DFE543C}.Debug|Any CPU.ActiveCfg = Debug|Any CPU
		{8AAC6FAB-EAB9-4255-8BD6-07386DFE543C}.Debug|Any CPU.Build.0 = Debug|Any CPU
		{8AAC6FAB-EAB9-4255-8BD6-07386DFE543C}.Debug|x86.ActiveCfg = Debug|Any CPU
		{8AAC6FAB-EAB9-4255-8BD6-07386DFE543C}.Release|Any CPU.ActiveCfg = Release|Any CPU
		{8AAC6FAB-EAB9-4255-8BD6-07386DFE543C}.Release|Any CPU.Build.0 = Release|Any CPU
		{8AAC6FAB-EAB9-4255-8BD6-07386DFE543C}.Release|x86.ActiveCfg = Release|Any CPU
		{6F3B3F67-FD4B-4DDF-BA3A-3FC9FCC4953A}.Debug|Any CPU.ActiveCfg = Debug|Any CPU
		{6F3B3F67-FD4B-4DDF-BA3A-3FC9FCC4953A}.Debug|Any CPU.Build.0 = Debug|Any CPU
		{6F3B3F67-FD4B-4DDF-BA3A-3FC9FCC4953A}.Debug|x86.ActiveCfg = Debug|x86
		{6F3B3F67-FD4B-4DDF-BA3A-3FC9FCC4953A}.Debug|x86.Build.0 = Debug|x86
		{6F3B3F67-FD4B-4DDF-BA3A-3FC9FCC4953A}.Release|Any CPU.ActiveCfg = Release|Any CPU
		{6F3B3F67-FD4B-4DDF-BA3A-3FC9FCC4953A}.Release|Any CPU.Build.0 = Release|Any CPU
		{6F3B3F67-FD4B-4DDF-BA3A-3FC9FCC4953A}.Release|x86.ActiveCfg = Release|x86
		{6F3B3F67-FD4B-4DDF-BA3A-3FC9FCC4953A}.Release|x86.Build.0 = Release|x86
		{3BBBE57E-ABD7-48AE-B4E4-B3ECEB4D7A0A}.Debug|Any CPU.ActiveCfg = Debug|Any CPU
		{3BBBE57E-ABD7-48AE-B4E4-B3ECEB4D7A0A}.Debug|Any CPU.Build.0 = Debug|Any CPU
		{3BBBE57E-ABD7-48AE-B4E4-B3ECEB4D7A0A}.Debug|x86.ActiveCfg = Debug|x86
		{3BBBE57E-ABD7-48AE-B4E4-B3ECEB4D7A0A}.Debug|x86.Build.0 = Debug|x86
		{3BBBE57E-ABD7-48AE-B4E4-B3ECEB4D7A0A}.Release|Any CPU.ActiveCfg = Release|Any CPU
		{3BBBE57E-ABD7-48AE-B4E4-B3ECEB4D7A0A}.Release|Any CPU.Build.0 = Release|Any CPU
		{3BBBE57E-ABD7-48AE-B4E4-B3ECEB4D7A0A}.Release|x86.ActiveCfg = Release|x86
		{3BBBE57E-ABD7-48AE-B4E4-B3ECEB4D7A0A}.Release|x86.Build.0 = Release|x86
		{D1857EE7-DE8A-41AA-9509-CF40697A0589}.Debug|Any CPU.ActiveCfg = Debug|Any CPU
		{D1857EE7-DE8A-41AA-9509-CF40697A0589}.Debug|Any CPU.Build.0 = Debug|Any CPU
		{D1857EE7-DE8A-41AA-9509-CF40697A0589}.Debug|x86.ActiveCfg = Debug|x86
		{D1857EE7-DE8A-41AA-9509-CF40697A0589}.Debug|x86.Build.0 = Debug|x86
		{D1857EE7-DE8A-41AA-9509-CF40697A0589}.Release|Any CPU.ActiveCfg = Release|Any CPU
		{D1857EE7-DE8A-41AA-9509-CF40697A0589}.Release|Any CPU.Build.0 = Release|Any CPU
		{D1857EE7-DE8A-41AA-9509-CF40697A0589}.Release|x86.ActiveCfg = Release|x86
		{D1857EE7-DE8A-41AA-9509-CF40697A0589}.Release|x86.Build.0 = Release|x86
		{06FDCA93-7842-4C66-9084-5DE8E1257E6F}.Debug|Any CPU.ActiveCfg = Debug|Any CPU
		{06FDCA93-7842-4C66-9084-5DE8E1257E6F}.Debug|Any CPU.Build.0 = Debug|Any CPU
		{06FDCA93-7842-4C66-9084-5DE8E1257E6F}.Debug|x86.ActiveCfg = Debug|x86
		{06FDCA93-7842-4C66-9084-5DE8E1257E6F}.Debug|x86.Build.0 = Debug|x86
		{06FDCA93-7842-4C66-9084-5DE8E1257E6F}.Release|Any CPU.ActiveCfg = Release|Any CPU
		{06FDCA93-7842-4C66-9084-5DE8E1257E6F}.Release|Any CPU.Build.0 = Release|Any CPU
		{06FDCA93-7842-4C66-9084-5DE8E1257E6F}.Release|x86.ActiveCfg = Release|x86
		{06FDCA93-7842-4C66-9084-5DE8E1257E6F}.Release|x86.Build.0 = Release|x86
		{907B43DA-A34B-4B87-80CB-10E2F5871C51}.Debug|Any CPU.ActiveCfg = Debug|Any CPU
		{907B43DA-A34B-4B87-80CB-10E2F5871C51}.Debug|Any CPU.Build.0 = Debug|Any CPU
		{907B43DA-A34B-4B87-80CB-10E2F5871C51}.Debug|x86.ActiveCfg = Debug|x86
		{907B43DA-A34B-4B87-80CB-10E2F5871C51}.Debug|x86.Build.0 = Debug|x86
		{907B43DA-A34B-4B87-80CB-10E2F5871C51}.Release|Any CPU.ActiveCfg = Release|Any CPU
		{907B43DA-A34B-4B87-80CB-10E2F5871C51}.Release|Any CPU.Build.0 = Release|Any CPU
		{907B43DA-A34B-4B87-80CB-10E2F5871C51}.Release|x86.ActiveCfg = Release|x86
		{907B43DA-A34B-4B87-80CB-10E2F5871C51}.Release|x86.Build.0 = Release|x86
		{0575C60B-36E4-4260-8E0D-D549802DE829}.Debug|Any CPU.ActiveCfg = Debug|Any CPU
		{0575C60B-36E4-4260-8E0D-D549802DE829}.Debug|Any CPU.Build.0 = Debug|Any CPU
		{0575C60B-36E4-4260-8E0D-D549802DE829}.Debug|x86.ActiveCfg = Debug|x86
		{0575C60B-36E4-4260-8E0D-D549802DE829}.Debug|x86.Build.0 = Debug|x86
		{0575C60B-36E4-4260-8E0D-D549802DE829}.Release|Any CPU.ActiveCfg = Release|Any CPU
		{0575C60B-36E4-4260-8E0D-D549802DE829}.Release|Any CPU.Build.0 = Release|Any CPU
		{0575C60B-36E4-4260-8E0D-D549802DE829}.Release|x86.ActiveCfg = Release|x86
		{0575C60B-36E4-4260-8E0D-D549802DE829}.Release|x86.Build.0 = Release|x86
		{F4EEF73F-F2EE-44E5-95BD-4A02F8DB7724}.Debug|Any CPU.ActiveCfg = Debug|Any CPU
		{F4EEF73F-F2EE-44E5-95BD-4A02F8DB7724}.Debug|Any CPU.Build.0 = Debug|Any CPU
		{F4EEF73F-F2EE-44E5-95BD-4A02F8DB7724}.Debug|x86.ActiveCfg = Debug|x86
		{F4EEF73F-F2EE-44E5-95BD-4A02F8DB7724}.Debug|x86.Build.0 = Debug|x86
		{F4EEF73F-F2EE-44E5-95BD-4A02F8DB7724}.Release|Any CPU.ActiveCfg = Release|Any CPU
		{F4EEF73F-F2EE-44E5-95BD-4A02F8DB7724}.Release|Any CPU.Build.0 = Release|Any CPU
		{F4EEF73F-F2EE-44E5-95BD-4A02F8DB7724}.Release|x86.ActiveCfg = Release|x86
		{F4EEF73F-F2EE-44E5-95BD-4A02F8DB7724}.Release|x86.Build.0 = Release|x86
		{36FC2998-1EA1-4428-9D66-AD3256F02DBE}.Debug|Any CPU.ActiveCfg = Debug|Any CPU
		{36FC2998-1EA1-4428-9D66-AD3256F02DBE}.Debug|Any CPU.Build.0 = Debug|Any CPU
		{36FC2998-1EA1-4428-9D66-AD3256F02DBE}.Debug|x86.ActiveCfg = Debug|x86
		{36FC2998-1EA1-4428-9D66-AD3256F02DBE}.Debug|x86.Build.0 = Debug|x86
		{36FC2998-1EA1-4428-9D66-AD3256F02DBE}.Release|Any CPU.ActiveCfg = Release|Any CPU
		{36FC2998-1EA1-4428-9D66-AD3256F02DBE}.Release|Any CPU.Build.0 = Release|Any CPU
		{36FC2998-1EA1-4428-9D66-AD3256F02DBE}.Release|x86.ActiveCfg = Release|x86
		{36FC2998-1EA1-4428-9D66-AD3256F02DBE}.Release|x86.Build.0 = Release|x86
	EndGlobalSection
	GlobalSection(SolutionProperties) = preSolution
		HideSolutionNode = FALSE
	EndGlobalSection
	GlobalSection(TestCaseManagementSettings) = postSolution
		CategoryFile = development.vsmdi
	EndGlobalSection
EndGlobal
