
Microsoft Visual Studio Solution File, Format Version 12.00
# Visual Studio 2012
Project("{2150E333-8FDC-42A3-9474-1A3956D46DE8}") = ".nuget", ".nuget", "{50E00E84-3A19-4326-ADFE-16A7710B8DEB}"
	ProjectSection(SolutionItems) = preProject
		.nuget\packages.config = .nuget\packages.config
	EndProjectSection
EndProject
Project("{2150E333-8FDC-42A3-9474-1A3956D46DE8}") = ".build", ".build", "{09484C48-3434-4712-A1E6-A50E17E6AFBE}"
	ProjectSection(SolutionItems) = preProject
		Build.proj = Build.proj
		.build\MSBuild.Community.Tasks.dll = .build\MSBuild.Community.Tasks.dll
		.build\MSBuild.Community.Tasks.targets = .build\MSBuild.Community.Tasks.targets
	EndProjectSection
EndProject
Project("{FAE04EC0-301F-11D3-BF4B-00C04F79EFBC}") = "NakedObjects.Authorisation.Wif", "Core\NakedObjects.Authorisation.Wif\NakedObjects.Authorisation.Wif.csproj", "{233B2E95-FC9E-4E1B-9909-D3CBC81D3F1E}"
EndProject
Project("{F2A71F9B-5D33-465A-A702-920D77279786}") = "NakedObjects.Authorisation.Wif.Test", "Core\NakedObjects.Authorisation.Wif.Test\NakedObjects.Authorisation.Wif.Test.fsproj", "{37A192DA-4BCA-43BE-8635-209D5DE8EC95}"
EndProject
Global
	GlobalSection(TestCaseManagementSettings) = postSolution
		CategoryFile = development.vsmdi
	EndGlobalSection
	GlobalSection(SolutionConfigurationPlatforms) = preSolution
		Debug|Any CPU = Debug|Any CPU
		Release|Any CPU = Release|Any CPU
	EndGlobalSection
	GlobalSection(ProjectConfigurationPlatforms) = postSolution
		{233B2E95-FC9E-4E1B-9909-D3CBC81D3F1E}.Debug|Any CPU.ActiveCfg = Debug|Any CPU
		{233B2E95-FC9E-4E1B-9909-D3CBC81D3F1E}.Debug|Any CPU.Build.0 = Debug|Any CPU
		{233B2E95-FC9E-4E1B-9909-D3CBC81D3F1E}.Release|Any CPU.ActiveCfg = Release|Any CPU
		{233B2E95-FC9E-4E1B-9909-D3CBC81D3F1E}.Release|Any CPU.Build.0 = Release|Any CPU
		{37A192DA-4BCA-43BE-8635-209D5DE8EC95}.Debug|Any CPU.ActiveCfg = Debug|Any CPU
		{37A192DA-4BCA-43BE-8635-209D5DE8EC95}.Debug|Any CPU.Build.0 = Debug|Any CPU
		{37A192DA-4BCA-43BE-8635-209D5DE8EC95}.Release|Any CPU.ActiveCfg = Release|Any CPU
		{37A192DA-4BCA-43BE-8635-209D5DE8EC95}.Release|Any CPU.Build.0 = Release|Any CPU
	EndGlobalSection
	GlobalSection(SolutionProperties) = preSolution
		HideSolutionNode = FALSE
	EndGlobalSection
EndGlobal
