
Microsoft Visual Studio Solution File, Format Version 12.00
# Visual Studio Version 16
VisualStudioVersion = 16.0.29411.108
MinimumVisualStudioVersion = 10.0.40219.1
Project("{9A19103F-16F7-4668-BE54-9A1E7A4F7556}") = "NakedObjects.Xat", "Core\NakedObjects.Xat\NakedObjects.Xat.csproj", "{DC67B891-C1BA-4BBF-9761-219F16786D72}"
EndProject
Global
	GlobalSection(SolutionConfigurationPlatforms) = preSolution
		Debug|Any CPU = Debug|Any CPU
		Release|Any CPU = Release|Any CPU
	EndGlobalSection
	GlobalSection(ProjectConfigurationPlatforms) = postSolution
		{DC67B891-C1BA-4BBF-9761-219F16786D72}.Debug|Any CPU.ActiveCfg = Debug|Any CPU
		{DC67B891-C1BA-4BBF-9761-219F16786D72}.Debug|Any CPU.Build.0 = Debug|Any CPU
		{DC67B891-C1BA-4BBF-9761-219F16786D72}.Release|Any CPU.ActiveCfg = Release|Any CPU
		{DC67B891-C1BA-4BBF-9761-219F16786D72}.Release|Any CPU.Build.0 = Release|Any CPU
	EndGlobalSection
	GlobalSection(SolutionProperties) = preSolution
		HideSolutionNode = FALSE
	EndGlobalSection
	GlobalSection(ExtensibilityGlobals) = postSolution
		SolutionGuid = {80045B1C-3A85-4897-B426-F0DC92ABFC45}
	EndGlobalSection
EndGlobal
