
Microsoft Visual Studio Solution File, Format Version 12.00
# Visual Studio Version 16
VisualStudioVersion = 16.0.30011.22
MinimumVisualStudioVersion = 10.0.40219.1
Project("{2150E333-8FDC-42A3-9474-1A3956D46DE8}") = ".nuget", ".nuget", "{5BBA91B2-8F10-4606-92A6-5D626658365B}"
	ProjectSection(SolutionItems) = preProject
		..\..\.nuget\packages.config = ..\..\.nuget\packages.config
	EndProjectSection
EndProject
Project("{2150E333-8FDC-42A3-9474-1A3956D46DE8}") = ".build", ".build", "{736F4309-4D92-4EE2-8C0B-5CA5ECED0FAA}"
	ProjectSection(SolutionItems) = preProject
		..\..\Build.proj = ..\..\Build.proj
		..\..\.build\MSBuild.Community.Tasks.dll = ..\..\.build\MSBuild.Community.Tasks.dll
		..\..\.build\MSBuild.Community.Tasks.targets = ..\..\.build\MSBuild.Community.Tasks.targets
	EndProjectSection
EndProject
Project("{9A19103F-16F7-4668-BE54-9A1E7A4F7556}") = "Template.Server", "Template.Server\Template.Server.csproj", "{88775561-A873-416A-BD22-5F097EE7B07F}"
EndProject
Project("{9A19103F-16F7-4668-BE54-9A1E7A4F7556}") = "Template.Model", "Template.Model\Template.Model.csproj", "{5F87A0AD-C881-444D-9C87-084D8D74F00F}"
EndProject
Project("{9A19103F-16F7-4668-BE54-9A1E7A4F7556}") = "Template.RestTest", "Template.RestTest\Template.RestTest.csproj", "{757233C5-033D-40CD-BBDE-9EDB3F4FEC3A}"
EndProject
Project("{9A19103F-16F7-4668-BE54-9A1E7A4F7556}") = "RestTestFramework", "..\RestTest (common)\RestTestFramework.csproj", "{13C4A947-7720-4949-A930-303CCA745D82}"
EndProject
Global
	GlobalSection(SolutionConfigurationPlatforms) = preSolution
		Debug|Any CPU = Debug|Any CPU
		Release|Any CPU = Release|Any CPU
	EndGlobalSection
	GlobalSection(ProjectConfigurationPlatforms) = postSolution
		{88775561-A873-416A-BD22-5F097EE7B07F}.Debug|Any CPU.ActiveCfg = Debug|Any CPU
		{88775561-A873-416A-BD22-5F097EE7B07F}.Debug|Any CPU.Build.0 = Debug|Any CPU
		{88775561-A873-416A-BD22-5F097EE7B07F}.Release|Any CPU.ActiveCfg = Release|Any CPU
		{88775561-A873-416A-BD22-5F097EE7B07F}.Release|Any CPU.Build.0 = Release|Any CPU
		{5F87A0AD-C881-444D-9C87-084D8D74F00F}.Debug|Any CPU.ActiveCfg = Debug|Any CPU
		{5F87A0AD-C881-444D-9C87-084D8D74F00F}.Debug|Any CPU.Build.0 = Debug|Any CPU
		{5F87A0AD-C881-444D-9C87-084D8D74F00F}.Release|Any CPU.ActiveCfg = Release|Any CPU
		{5F87A0AD-C881-444D-9C87-084D8D74F00F}.Release|Any CPU.Build.0 = Release|Any CPU
		{757233C5-033D-40CD-BBDE-9EDB3F4FEC3A}.Debug|Any CPU.ActiveCfg = Debug|Any CPU
		{757233C5-033D-40CD-BBDE-9EDB3F4FEC3A}.Debug|Any CPU.Build.0 = Debug|Any CPU
		{757233C5-033D-40CD-BBDE-9EDB3F4FEC3A}.Release|Any CPU.ActiveCfg = Release|Any CPU
		{757233C5-033D-40CD-BBDE-9EDB3F4FEC3A}.Release|Any CPU.Build.0 = Release|Any CPU
		{13C4A947-7720-4949-A930-303CCA745D82}.Debug|Any CPU.ActiveCfg = Debug|Any CPU
		{13C4A947-7720-4949-A930-303CCA745D82}.Debug|Any CPU.Build.0 = Debug|Any CPU
		{13C4A947-7720-4949-A930-303CCA745D82}.Release|Any CPU.ActiveCfg = Release|Any CPU
		{13C4A947-7720-4949-A930-303CCA745D82}.Release|Any CPU.Build.0 = Release|Any CPU
	EndGlobalSection
	GlobalSection(SolutionProperties) = preSolution
		HideSolutionNode = FALSE
	EndGlobalSection
	GlobalSection(ExtensibilityGlobals) = postSolution
		SolutionGuid = {6179DB09-D66C-4542-BEED-916B8B45F629}
	EndGlobalSection
EndGlobal
