
Microsoft Visual Studio Solution File, Format Version 12.00
# Visual Studio 14
VisualStudioVersion = 14.0.23107.0
MinimumVisualStudioVersion = 10.0.40219.1
Project("{FAE04EC0-301F-11D3-BF4B-00C04F79EFBC}") = "DomainModel", "DomainModel\DomainModel.csproj", "{23FC0852-E850-47B7-A62B-7CD0D060DEA9}"
EndProject
Project("{FAE04EC0-301F-11D3-BF4B-00C04F79EFBC}") = "Client", "Client\Client.csproj", "{AB38D8E7-E401-43B8-B105-C2CC363D9F8B}"
EndProject
Global
	GlobalSection(SolutionConfigurationPlatforms) = preSolution
		Debug|Any CPU = Debug|Any CPU
		Release|Any CPU = Release|Any CPU
	EndGlobalSection
	GlobalSection(ProjectConfigurationPlatforms) = postSolution
		{23FC0852-E850-47B7-A62B-7CD0D060DEA9}.Debug|Any CPU.ActiveCfg = Debug|Any CPU
		{23FC0852-E850-47B7-A62B-7CD0D060DEA9}.Debug|Any CPU.Build.0 = Debug|Any CPU
		{23FC0852-E850-47B7-A62B-7CD0D060DEA9}.Release|Any CPU.ActiveCfg = Release|Any CPU
		{23FC0852-E850-47B7-A62B-7CD0D060DEA9}.Release|Any CPU.Build.0 = Release|Any CPU
		{AB38D8E7-E401-43B8-B105-C2CC363D9F8B}.Debug|Any CPU.ActiveCfg = Debug|Any CPU
		{AB38D8E7-E401-43B8-B105-C2CC363D9F8B}.Debug|Any CPU.Build.0 = Debug|Any CPU
		{AB38D8E7-E401-43B8-B105-C2CC363D9F8B}.Release|Any CPU.ActiveCfg = Release|Any CPU
		{AB38D8E7-E401-43B8-B105-C2CC363D9F8B}.Release|Any CPU.Build.0 = Release|Any CPU
	EndGlobalSection
	GlobalSection(SolutionProperties) = preSolution
		HideSolutionNode = FALSE
	EndGlobalSection
EndGlobal
