
Microsoft Visual Studio Solution File, Format Version 12.00
# Visual Studio Version 16
VisualStudioVersion = 16.0.30717.126
MinimumVisualStudioVersion = 10.0.40219.1
Project("{9A19103F-16F7-4668-BE54-9A1E7A4F7556}") = "Template.RestTest", "Template.RestTest.csproj", "{17B129F7-8C42-42D9-B8ED-8C2D2CF0C131}"
EndProject
Global
	GlobalSection(SolutionConfigurationPlatforms) = preSolution
		Debug|Any CPU = Debug|Any CPU
		Release|Any CPU = Release|Any CPU
	EndGlobalSection
	GlobalSection(ProjectConfigurationPlatforms) = postSolution
		{17B129F7-8C42-42D9-B8ED-8C2D2CF0C131}.Debug|Any CPU.ActiveCfg = Debug|Any CPU
		{17B129F7-8C42-42D9-B8ED-8C2D2CF0C131}.Debug|Any CPU.Build.0 = Debug|Any CPU
		{17B129F7-8C42-42D9-B8ED-8C2D2CF0C131}.Release|Any CPU.ActiveCfg = Release|Any CPU
		{17B129F7-8C42-42D9-B8ED-8C2D2CF0C131}.Release|Any CPU.Build.0 = Release|Any CPU
	EndGlobalSection
	GlobalSection(SolutionProperties) = preSolution
		HideSolutionNode = FALSE
	EndGlobalSection
	GlobalSection(ExtensibilityGlobals) = postSolution
		SolutionGuid = {D635D068-B2C7-405B-AC3D-6BDB35EE9896}
	EndGlobalSection
EndGlobal
