
Microsoft Visual Studio Solution File, Format Version 12.00
# Visual Studio Version 16
VisualStudioVersion = 16.0.30717.126
MinimumVisualStudioVersion = 10.0.40219.1
Project("{9A19103F-16F7-4668-BE54-9A1E7A4F7556}") = "Template.RestTest", "Template.RestTest.csproj", "{3450A690-0235-4425-A960-E701A110C4DC}"
EndProject
Project("{9A19103F-16F7-4668-BE54-9A1E7A4F7556}") = "RestTestFramework", "..\..\RestTest (common)\RestTestFramework.csproj", "{3396BEC4-88F7-4017-848F-F7138019377E}"
EndProject
Global
	GlobalSection(SolutionConfigurationPlatforms) = preSolution
		Debug|Any CPU = Debug|Any CPU
		Release|Any CPU = Release|Any CPU
	EndGlobalSection
	GlobalSection(ProjectConfigurationPlatforms) = postSolution
		{3450A690-0235-4425-A960-E701A110C4DC}.Debug|Any CPU.ActiveCfg = Debug|Any CPU
		{3450A690-0235-4425-A960-E701A110C4DC}.Debug|Any CPU.Build.0 = Debug|Any CPU
		{3450A690-0235-4425-A960-E701A110C4DC}.Release|Any CPU.ActiveCfg = Release|Any CPU
		{3450A690-0235-4425-A960-E701A110C4DC}.Release|Any CPU.Build.0 = Release|Any CPU
		{3396BEC4-88F7-4017-848F-F7138019377E}.Debug|Any CPU.ActiveCfg = Debug|Any CPU
		{3396BEC4-88F7-4017-848F-F7138019377E}.Debug|Any CPU.Build.0 = Debug|Any CPU
		{3396BEC4-88F7-4017-848F-F7138019377E}.Release|Any CPU.ActiveCfg = Release|Any CPU
		{3396BEC4-88F7-4017-848F-F7138019377E}.Release|Any CPU.Build.0 = Release|Any CPU
	EndGlobalSection
	GlobalSection(SolutionProperties) = preSolution
		HideSolutionNode = FALSE
	EndGlobalSection
	GlobalSection(ExtensibilityGlobals) = postSolution
		SolutionGuid = {C0E3917E-E634-4DF0-97CB-924FEF620153}
	EndGlobalSection
EndGlobal
