
Microsoft Visual Studio Solution File, Format Version 12.00
# Visual Studio Version 16
VisualStudioVersion = 16.0.30717.126
MinimumVisualStudioVersion = 10.0.40219.1
Project("{6EC3EE1D-3C4E-46DD-8F32-0CC8E7565705}") = "Template.Model.Fsharp", "Template.Model.Fsharp\Template.Model.Fsharp.fsproj", "{88F324BD-073C-4957-A623-51D04F9B8D11}"
EndProject
Project("{6EC3EE1D-3C4E-46DD-8F32-0CC8E7565705}") = "Template.Server.Fsharp", "Template.Server.Fsharp\Template.Server.Fsharp.fsproj", "{F263B31E-D3B2-4452-A5A2-9FB389BD09DB}"
EndProject
Global
	GlobalSection(SolutionConfigurationPlatforms) = preSolution
		Debug|Any CPU = Debug|Any CPU
		Release|Any CPU = Release|Any CPU
	EndGlobalSection
	GlobalSection(ProjectConfigurationPlatforms) = postSolution
		{88F324BD-073C-4957-A623-51D04F9B8D11}.Debug|Any CPU.ActiveCfg = Debug|Any CPU
		{88F324BD-073C-4957-A623-51D04F9B8D11}.Debug|Any CPU.Build.0 = Debug|Any CPU
		{88F324BD-073C-4957-A623-51D04F9B8D11}.Release|Any CPU.ActiveCfg = Release|Any CPU
		{88F324BD-073C-4957-A623-51D04F9B8D11}.Release|Any CPU.Build.0 = Release|Any CPU
		{F263B31E-D3B2-4452-A5A2-9FB389BD09DB}.Debug|Any CPU.ActiveCfg = Debug|Any CPU
		{F263B31E-D3B2-4452-A5A2-9FB389BD09DB}.Debug|Any CPU.Build.0 = Debug|Any CPU
		{F263B31E-D3B2-4452-A5A2-9FB389BD09DB}.Release|Any CPU.ActiveCfg = Release|Any CPU
		{F263B31E-D3B2-4452-A5A2-9FB389BD09DB}.Release|Any CPU.Build.0 = Release|Any CPU
	EndGlobalSection
	GlobalSection(SolutionProperties) = preSolution
		HideSolutionNode = FALSE
	EndGlobalSection
	GlobalSection(ExtensibilityGlobals) = postSolution
		SolutionGuid = {ECFC8777-7643-4ED5-BB15-354AD6573AC4}
	EndGlobalSection
EndGlobal
