
Microsoft Visual Studio Solution File, Format Version 12.00
# Visual Studio Version 16
VisualStudioVersion = 16.0.30011.22
MinimumVisualStudioVersion = 10.0.40219.1
Project("{2150E333-8FDC-42A3-9474-1A3956D46DE8}") = ".nuget", ".nuget", "{5BBA91B2-8F10-4606-92A6-5D626658365B}"
	ProjectSection(SolutionItems) = preProject
		..\..\.nuget\packages.config = ..\..\.nuget\packages.config
	EndProjectSection
EndProject
Project("{2150E333-8FDC-42A3-9474-1A3956D46DE8}") = ".build", ".build", "{736F4309-4D92-4EE2-8C0B-5CA5ECED0FAA}"
	ProjectSection(SolutionItems) = preProject
		..\..\Build.proj = ..\..\Build.proj
		..\..\.build\MSBuild.Community.Tasks.dll = ..\..\.build\MSBuild.Community.Tasks.dll
		..\..\.build\MSBuild.Community.Tasks.targets = ..\..\.build\MSBuild.Community.Tasks.targets
	EndProjectSection
EndProject
Project("{9A19103F-16F7-4668-BE54-9A1E7A4F7556}") = "Template.Server", "Template.Server\Template.Server.csproj", "{C247DEEE-676B-468C-AD12-484CE44FA065}"
EndProject
Project("{9A19103F-16F7-4668-BE54-9A1E7A4F7556}") = "Template.Model", "Template.Model\Template.Model.csproj", "{49E75CC4-C254-40CB-8FED-5F8AB9BB708D}"
EndProject
Project("{6EC3EE1D-3C4E-46DD-8F32-0CC8E7565705}") = "Template.Model.Fsharp", "Template.Model.Fsharp\Template.Model.Fsharp.fsproj", "{37A2A608-0674-430A-A5A9-DA3BC28F4413}"
EndProject
Project("{6EC3EE1D-3C4E-46DD-8F32-0CC8E7565705}") = "Template.Server.Fsharp", "Template.Server.Fsharp\Template.Server.Fsharp.fsproj", "{D9030F77-EB17-4862-9B13-2E326C0ABADA}"
EndProject
Global
	GlobalSection(SolutionConfigurationPlatforms) = preSolution
		Debug|Any CPU = Debug|Any CPU
		Release|Any CPU = Release|Any CPU
	EndGlobalSection
	GlobalSection(ProjectConfigurationPlatforms) = postSolution
		{C247DEEE-676B-468C-AD12-484CE44FA065}.Debug|Any CPU.ActiveCfg = Debug|Any CPU
		{C247DEEE-676B-468C-AD12-484CE44FA065}.Debug|Any CPU.Build.0 = Debug|Any CPU
		{C247DEEE-676B-468C-AD12-484CE44FA065}.Release|Any CPU.ActiveCfg = Release|Any CPU
		{C247DEEE-676B-468C-AD12-484CE44FA065}.Release|Any CPU.Build.0 = Release|Any CPU
		{49E75CC4-C254-40CB-8FED-5F8AB9BB708D}.Debug|Any CPU.ActiveCfg = Debug|Any CPU
		{49E75CC4-C254-40CB-8FED-5F8AB9BB708D}.Debug|Any CPU.Build.0 = Debug|Any CPU
		{49E75CC4-C254-40CB-8FED-5F8AB9BB708D}.Release|Any CPU.ActiveCfg = Release|Any CPU
		{49E75CC4-C254-40CB-8FED-5F8AB9BB708D}.Release|Any CPU.Build.0 = Release|Any CPU
		{37A2A608-0674-430A-A5A9-DA3BC28F4413}.Debug|Any CPU.ActiveCfg = Debug|Any CPU
		{37A2A608-0674-430A-A5A9-DA3BC28F4413}.Debug|Any CPU.Build.0 = Debug|Any CPU
		{37A2A608-0674-430A-A5A9-DA3BC28F4413}.Release|Any CPU.ActiveCfg = Release|Any CPU
		{37A2A608-0674-430A-A5A9-DA3BC28F4413}.Release|Any CPU.Build.0 = Release|Any CPU
		{D9030F77-EB17-4862-9B13-2E326C0ABADA}.Debug|Any CPU.ActiveCfg = Debug|Any CPU
		{D9030F77-EB17-4862-9B13-2E326C0ABADA}.Debug|Any CPU.Build.0 = Debug|Any CPU
		{D9030F77-EB17-4862-9B13-2E326C0ABADA}.Release|Any CPU.ActiveCfg = Release|Any CPU
		{D9030F77-EB17-4862-9B13-2E326C0ABADA}.Release|Any CPU.Build.0 = Release|Any CPU
	EndGlobalSection
	GlobalSection(SolutionProperties) = preSolution
		HideSolutionNode = FALSE
	EndGlobalSection
	GlobalSection(ExtensibilityGlobals) = postSolution
		SolutionGuid = {6179DB09-D66C-4542-BEED-916B8B45F629}
	EndGlobalSection
EndGlobal
