
Microsoft Visual Studio Solution File, Format Version 12.00
# Visual Studio Version 16
VisualStudioVersion = 16.0.29418.71
MinimumVisualStudioVersion = 10.0.40219.1
Project("{9A19103F-16F7-4668-BE54-9A1E7A4F7556}") = "AdventureWorksModel", "AdventureWorksModel\AdventureWorksModel.csproj", "{C3181B2D-B281-4B58-898F-3E1CC75A8567}"
EndProject
Global
	GlobalSection(SolutionConfigurationPlatforms) = preSolution
		Debug|Any CPU = Debug|Any CPU
		Release|Any CPU = Release|Any CPU
	EndGlobalSection
	GlobalSection(ProjectConfigurationPlatforms) = postSolution
		{C3181B2D-B281-4B58-898F-3E1CC75A8567}.Debug|Any CPU.ActiveCfg = Debug|Any CPU
		{C3181B2D-B281-4B58-898F-3E1CC75A8567}.Debug|Any CPU.Build.0 = Debug|Any CPU
		{C3181B2D-B281-4B58-898F-3E1CC75A8567}.Release|Any CPU.ActiveCfg = Release|Any CPU
		{C3181B2D-B281-4B58-898F-3E1CC75A8567}.Release|Any CPU.Build.0 = Release|Any CPU
	EndGlobalSection
	GlobalSection(SolutionProperties) = preSolution
		HideSolutionNode = FALSE
	EndGlobalSection
	GlobalSection(ExtensibilityGlobals) = postSolution
		SolutionGuid = {C36D66A9-187D-4006-9C9C-EDB600FB9E7A}
	EndGlobalSection
EndGlobal
